
Microsoft Visual Studio Solution File, Format Version 12.00
# Visual Studio Version 17
VisualStudioVersion = 17.2.32630.192
MinimumVisualStudioVersion = 10.0.40219.1
Project("{9A19103F-16F7-4668-BE54-9A1E7A4F7556}") = "R5T.S0103", "R5T.S0103\R5T.S0103.csproj", "{01BBED5D-C20B-41BA-8CED-7F35343BA635}"
EndProject
Project("{2150E333-8FDC-42A3-9474-1A3956D46DE8}") = "_Dependencies", "_Dependencies", "{A72257F0-4259-4817-B04F-0A1959AC17F0}"
EndProject
Project("{9A19103F-16F7-4668-BE54-9A1E7A4F7556}") = "R5T.F0000", "..\..\R5T.F0000\source\R5T.F0000\R5T.F0000.csproj", "{4197C0B1-EB01-42BE-B72C-C3FAE73DC332}"
EndProject
Project("{9A19103F-16F7-4668-BE54-9A1E7A4F7556}") = "R5T.F0002", "..\..\R5T.F0002\source\R5T.F0002\R5T.F0002.csproj", "{CAB61700-DC42-4F9E-A155-0A1A07B55699}"
EndProject
Project("{9A19103F-16F7-4668-BE54-9A1E7A4F7556}") = "R5T.F0018", "..\..\R5T.F0018\source\R5T.F0018\R5T.F0018.csproj", "{CAF71DD0-FF3F-4ADD-B8D8-9B9DB2EAF7BF}"
EndProject
Project("{9A19103F-16F7-4668-BE54-9A1E7A4F7556}") = "R5T.NG0010", "..\..\R5T.NG0010\source\R5T.NG0010\R5T.NG0010.csproj", "{07A901F6-109C-45A9-AC78-4524970EB055}"
EndProject
Project("{9A19103F-16F7-4668-BE54-9A1E7A4F7556}") = "R5T.T0131", "..\..\R5T.T0131\source\R5T.T0131\R5T.T0131.csproj", "{945AB1D7-B5C7-4481-8D55-5166783995DC}"
EndProject
Project("{9A19103F-16F7-4668-BE54-9A1E7A4F7556}") = "R5T.T0132", "..\..\R5T.T0132\source\R5T.T0132\R5T.T0132.csproj", "{4FC44B1E-586D-4947-AAC5-66F0D89D2D63}"
EndProject
Project("{9A19103F-16F7-4668-BE54-9A1E7A4F7556}") = "R5T.T0142", "..\..\R5T.T0142\source\R5T.T0142\R5T.T0142.csproj", "{4CCAA824-E3C2-4C1E-BAC4-7E8B10157F72}"
EndProject
Project("{9A19103F-16F7-4668-BE54-9A1E7A4F7556}") = "R5T.T0143", "..\..\R5T.T0143\source\R5T.T0143\R5T.T0143.csproj", "{E5343636-7873-4304-B651-4CA92D8AB80E}"
EndProject
Project("{9A19103F-16F7-4668-BE54-9A1E7A4F7556}") = "R5T.T0156", "..\..\R5T.T0156\source\R5T.T0156\R5T.T0156.csproj", "{E52B9E8B-90BD-4241-BDA3-C84B53CAAE3B}"
EndProject
Project("{9A19103F-16F7-4668-BE54-9A1E7A4F7556}") = "R5T.Y0000", "..\..\R5T.Y0000\source\R5T.Y0000\R5T.Y0000.csproj", "{DBC33FD9-0E13-4FA2-81F5-9F9D054E305F}"
EndProject
Project("{9A19103F-16F7-4668-BE54-9A1E7A4F7556}") = "R5T.Z0000", "..\..\R5T.Z0000\source\R5T.Z0000\R5T.Z0000.csproj", "{23017453-C162-4867-A27E-B6D5ADFDCB9A}"
EndProject
Project("{9A19103F-16F7-4668-BE54-9A1E7A4F7556}") = "R5T.T0141", "..\..\R5T.T0141\source\R5T.T0141\R5T.T0141.csproj", "{77F7DCD9-5815-4798-8C6C-1913FBEF9577}"
EndProject
Project("{9A19103F-16F7-4668-BE54-9A1E7A4F7556}") = "R5T.Z0015", "..\..\R5T.Z0015\source\R5T.Z0015\R5T.Z0015.csproj", "{2F251C70-0686-404D-8905-774C8CC3D08B}"
EndProject
Project("{9A19103F-16F7-4668-BE54-9A1E7A4F7556}") = "R5T.F0033", "..\..\R5T.F0033\source\R5T.F0033\R5T.F0033.csproj", "{CCF328BD-C0AE-44C4-89B6-65B20D17D9BC}"
EndProject
Project("{9A19103F-16F7-4668-BE54-9A1E7A4F7556}") = "R5T.F0120", "..\..\R5T.F0120\source\R5T.F0120\R5T.F0120.csproj", "{2E57EAB7-DA15-46C9-A316-B1EFC662C9AE}"
EndProject
Project("{9A19103F-16F7-4668-BE54-9A1E7A4F7556}") = "R5T.F0124", "..\..\R5T.F0124\source\R5T.F0124\R5T.F0124.csproj", "{2F6B18C6-85CD-43E9-8F39-7B7B30296001}"
EndProject
Project("{9A19103F-16F7-4668-BE54-9A1E7A4F7556}") = "R5T.F0125", "..\..\R5T.F0125\source\R5T.F0125\R5T.F0125.csproj", "{7A4E4537-53AA-46B8-B11B-C88F744E8523}"
EndProject
Project("{9A19103F-16F7-4668-BE54-9A1E7A4F7556}") = "R5T.L0030.T000", "..\..\R5T.L0030\source\R5T.L0030.T000\R5T.L0030.T000.csproj", "{EFE74C86-35B9-4D86-894E-EBBB373BE264}"
EndProject
Project("{9A19103F-16F7-4668-BE54-9A1E7A4F7556}") = "R5T.L0030", "..\..\R5T.L0030\source\R5T.L0030\R5T.L0030.csproj", "{49BAB4A5-E82F-4ABC-A479-433D9285FB6B}"
EndProject
Project("{9A19103F-16F7-4668-BE54-9A1E7A4F7556}") = "R5T.L0034", "..\..\R5T.L0034\source\R5T.L0034\R5T.L0034.csproj", "{CEAA02AE-EB52-4E2D-A8F7-AC0424450740}"
EndProject
Project("{9A19103F-16F7-4668-BE54-9A1E7A4F7556}") = "R5T.L0035", "..\..\R5T.L0035\source\R5T.L0035\R5T.L0035.csproj", "{917DDA37-A0F1-4304-8DE4-7957D49125C6}"
EndProject
Project("{9A19103F-16F7-4668-BE54-9A1E7A4F7556}") = "R5T.NG0022", "..\..\R5T.NG0022\source\R5T.NG0022\R5T.NG0022.csproj", "{661C5DAB-B800-4AF8-9149-4F50D446E9B3}"
EndProject
Project("{9A19103F-16F7-4668-BE54-9A1E7A4F7556}") = "R5T.T0174", "..\..\R5T.T0174\source\R5T.T0174\R5T.T0174.csproj", "{A8E3D420-EAAA-4D05-8D49-AC1FEE33D9BD}"
EndProject
Project("{9A19103F-16F7-4668-BE54-9A1E7A4F7556}") = "R5T.T0176", "..\..\R5T.T0176\source\R5T.T0176\R5T.T0176.csproj", "{330A1434-5B28-46FC-9E6F-09C243B574F1}"
EndProject
Project("{9A19103F-16F7-4668-BE54-9A1E7A4F7556}") = "R5T.T0177", "..\..\R5T.T0177\source\R5T.T0177\R5T.T0177.csproj", "{DAC49EF3-8FFE-49CC-807B-909322EE0D18}"
EndProject
Project("{9A19103F-16F7-4668-BE54-9A1E7A4F7556}") = "R5T.T0178", "..\..\R5T.T0178\source\R5T.T0178\R5T.T0178.csproj", "{DC747A2D-2729-4D54-BB46-FDD7410180E4}"
EndProject
Project("{9A19103F-16F7-4668-BE54-9A1E7A4F7556}") = "R5T.T0179", "..\..\R5T.T0179\source\R5T.T0179\R5T.T0179.csproj", "{18E04762-B62E-46C1-8B20-336CD928C990}"
EndProject
Project("{9A19103F-16F7-4668-BE54-9A1E7A4F7556}") = "R5T.T0180", "..\..\R5T.T0180\source\R5T.T0180\R5T.T0180.csproj", "{B301735F-954F-4F53-9393-955279E36E27}"
EndProject
Project("{9A19103F-16F7-4668-BE54-9A1E7A4F7556}") = "R5T.T0181", "..\..\R5T.T0181\source\R5T.T0181\R5T.T0181.csproj", "{AB03CB1B-0B2C-4023-812D-57353FA3417E}"
EndProject
Project("{9A19103F-16F7-4668-BE54-9A1E7A4F7556}") = "R5T.T0185", "..\..\R5T.T0185\source\R5T.T0185\R5T.T0185.csproj", "{6C0FD25D-3F5B-4421-A5F1-AB4DEED87D68}"
EndProject
Project("{9A19103F-16F7-4668-BE54-9A1E7A4F7556}") = "R5T.T0199", "..\..\R5T.T0199\source\R5T.T0199\R5T.T0199.csproj", "{349FBBB8-5BF6-4D96-A708-8DBF96796B9A}"
EndProject
Project("{9A19103F-16F7-4668-BE54-9A1E7A4F7556}") = "R5T.T0203", "..\..\R5T.T0203\source\R5T.T0203\R5T.T0203.csproj", "{85E66FF8-C3D8-4E6E-8B40-CFB73699D6ED}"
EndProject
Project("{9A19103F-16F7-4668-BE54-9A1E7A4F7556}") = "R5T.T0220", "..\..\R5T.T0220\source\R5T.T0220\R5T.T0220.csproj", "{DDDBE6F0-3C3B-4FCC-95A5-90C1DACFCD47}"
EndProject
Project("{9A19103F-16F7-4668-BE54-9A1E7A4F7556}") = "R5T.T0221", "..\..\R5T.T0221\source\R5T.T0221\R5T.T0221.csproj", "{EB5C1C2D-EF8E-4906-8F19-CEFF39820729}"
EndProject
Project("{9A19103F-16F7-4668-BE54-9A1E7A4F7556}") = "R5T.F0033.Platform", "..\..\R5T.F0033\source\R5T.F0033.Platform\R5T.F0033.Platform.csproj", "{48966C8B-07B2-4715-8553-9D56F70DEC8F}"
EndProject
Project("{9A19103F-16F7-4668-BE54-9A1E7A4F7556}") = "R5T.F0059", "..\..\R5T.F0059\source\R5T.F0059\R5T.F0059.csproj", "{F72D5B05-CFD2-4940-BA54-4FC95A77C4F8}"
EndProject
Project("{9A19103F-16F7-4668-BE54-9A1E7A4F7556}") = "R5T.F0138", "..\..\R5T.F0138\source\R5T.F0138\R5T.F0138.csproj", "{E159960D-E0BD-4E17-9F5C-71951EB7537E}"
EndProject
Project("{9A19103F-16F7-4668-BE54-9A1E7A4F7556}") = "R5T.F0139", "..\..\R5T.F0139\source\R5T.F0139\R5T.F0139.csproj", "{B3885291-D383-4F18-8211-4FCF2EEB45AE}"
EndProject
Project("{9A19103F-16F7-4668-BE54-9A1E7A4F7556}") = "R5T.F0140", "..\..\R5T.F0140\source\R5T.F0140\R5T.F0140.csproj", "{C7B147C4-07EB-4B63-AB53-5A950EA40F38}"
EndProject
Project("{9A19103F-16F7-4668-BE54-9A1E7A4F7556}") = "R5T.L0053", "..\..\R5T.L0053\source\R5T.L0053\R5T.L0053.csproj", "{35092A75-0C9E-4856-BB31-3ADD46C49FCA}"
EndProject
Project("{9A19103F-16F7-4668-BE54-9A1E7A4F7556}") = "R5T.NG0006", "..\..\R5T.NG0006\source\R5T.NG0006\R5T.NG0006.csproj", "{80051441-0DC9-450C-B568-911BCE0C0FD3}"
EndProject
Project("{9A19103F-16F7-4668-BE54-9A1E7A4F7556}") = "R5T.T0150", "..\..\R5T.T0150\source\R5T.T0150\R5T.T0150.csproj", "{37A5B0B7-30C8-4D27-9C7E-9577AF8EB57E}"
EndProject
Project("{9A19103F-16F7-4668-BE54-9A1E7A4F7556}") = "R5T.T0151", "..\..\R5T.T0151\source\R5T.T0151\R5T.T0151.csproj", "{3F3C1DD4-07F1-410F-82F8-B72B206F4E38}"
EndProject
Project("{9A19103F-16F7-4668-BE54-9A1E7A4F7556}") = "R5T.T0158", "..\..\R5T.T0158\source\R5T.T0158\R5T.T0158.csproj", "{C0B2E13B-D884-4DD0-A9FE-1871E4BEC4FB}"
EndProject
Project("{9A19103F-16F7-4668-BE54-9A1E7A4F7556}") = "R5T.T0159", "..\..\R5T.T0159\source\R5T.T0159\R5T.T0159.csproj", "{5F0F241C-4A46-4700-958E-69B081C1D7F7}"
EndProject
Project("{9A19103F-16F7-4668-BE54-9A1E7A4F7556}") = "R5T.T0172", "..\..\R5T.T0172\source\R5T.T0172\R5T.T0172.csproj", "{33663B89-A73E-4746-804C-8FE1A47E4CEE}"
EndProject
Project("{9A19103F-16F7-4668-BE54-9A1E7A4F7556}") = "R5T.T0214.Z001", "..\..\R5T.T0214\source\R5T.T0214.Z001\R5T.T0214.Z001.csproj", "{D2E8938C-0619-4DF1-8623-D2E46F43CC99}"
EndProject
Project("{9A19103F-16F7-4668-BE54-9A1E7A4F7556}") = "R5T.T0214", "..\..\R5T.T0214\source\R5T.T0214\R5T.T0214.csproj", "{770C3422-2A1F-4F34-964A-205CCAF6D133}"
EndProject
Project("{9A19103F-16F7-4668-BE54-9A1E7A4F7556}") = "R5T.T0215.Z000", "..\..\R5T.T0215\source\R5T.T0215.Z000\R5T.T0215.Z000.csproj", "{20A0069D-06D8-40F2-91F4-8856EB4A20DD}"
EndProject
Project("{9A19103F-16F7-4668-BE54-9A1E7A4F7556}") = "R5T.T0215", "..\..\R5T.T0215\source\R5T.T0215\R5T.T0215.csproj", "{AC006CD7-DCBA-44A2-ADCF-124AB7C4402E}"
EndProject
Project("{9A19103F-16F7-4668-BE54-9A1E7A4F7556}") = "R5T.T0216.F001", "..\..\R5T.T0216\source\R5T.T0216.F001\R5T.T0216.F001.csproj", "{207AB274-A296-43B4-A5EA-A28643914797}"
EndProject
Project("{9A19103F-16F7-4668-BE54-9A1E7A4F7556}") = "R5T.T0216", "..\..\R5T.T0216\source\R5T.T0216\R5T.T0216.csproj", "{34936480-EAF8-42DC-BBCB-CAA488125D45}"
EndProject
Project("{9A19103F-16F7-4668-BE54-9A1E7A4F7556}") = "R5T.T0217.F001", "..\..\R5T.T0217\source\R5T.T0217.F001\R5T.T0217.F001.csproj", "{05940BC1-E3A2-4C14-B16E-947C8EAD0613}"
EndProject
Project("{9A19103F-16F7-4668-BE54-9A1E7A4F7556}") = "R5T.T0217", "..\..\R5T.T0217\source\R5T.T0217\R5T.T0217.csproj", "{CF30F1EB-A27D-49F2-833F-032C86689065}"
EndProject
Project("{9A19103F-16F7-4668-BE54-9A1E7A4F7556}") = "R5T.T0218", "..\..\R5T.T0218\source\R5T.T0218\R5T.T0218.csproj", "{DD95CBF9-F46B-44B9-B441-CCD9B6F0B6F8}"
EndProject
Project("{9A19103F-16F7-4668-BE54-9A1E7A4F7556}") = "R5T.T0219", "..\..\R5T.T0219\source\R5T.T0219\R5T.T0219.csproj", "{8BBA45D7-DC30-462D-A084-90466ED972ED}"
EndProject
Project("{9A19103F-16F7-4668-BE54-9A1E7A4F7556}") = "R5T.Z0010.Platform", "..\..\R5T.Z0010\source\R5T.Z0010.Platform\R5T.Z0010.Platform.csproj", "{2AB4B1F8-9371-4B61-A4B0-6CBCF577804C}"
EndProject
Project("{9A19103F-16F7-4668-BE54-9A1E7A4F7556}") = "R5T.Z0044.Z000", "..\..\R5T.Z0044\source\R5T.Z0044.Z000\R5T.Z0044.Z000.csproj", "{DD6B9AA2-7869-458E-B158-216411E72BA4}"
EndProject
Project("{9A19103F-16F7-4668-BE54-9A1E7A4F7556}") = "R5T.Z0057", "..\..\R5T.Z0057\source\R5T.Z0057\R5T.Z0057.csproj", "{B50D9709-0408-42F6-AD35-81E8B985EC9C}"
EndProject
Project("{9A19103F-16F7-4668-BE54-9A1E7A4F7556}") = "R5T.Z0058", "..\..\R5T.Z0058\source\R5T.Z0058\R5T.Z0058.csproj", "{D14B7133-8C8F-48A6-8591-2139FB740707}"
EndProject
Project("{9A19103F-16F7-4668-BE54-9A1E7A4F7556}") = "R5T.F0034", "..\..\R5T.F0034\source\R5T.F0034\R5T.F0034.csproj", "{59BA9135-1E75-4479-8BE8-4BD4614CBED2}"
EndProject
Project("{9A19103F-16F7-4668-BE54-9A1E7A4F7556}") = "R5T.L0055", "..\..\R5T.L0055\source\R5T.L0055\R5T.L0055.csproj", "{8B255120-8FE8-4369-9C5E-C4940FF25821}"
EndProject
Project("{9A19103F-16F7-4668-BE54-9A1E7A4F7556}") = "R5T.L0056", "..\..\R5T.L0056\source\R5T.L0056\R5T.L0056.csproj", "{394DF62F-444B-4240-B60B-C2AED772A751}"
EndProject
Project("{9A19103F-16F7-4668-BE54-9A1E7A4F7556}") = "R5T.L0057", "..\..\R5T.L0057\source\R5T.L0057\R5T.L0057.csproj", "{B6D82BAA-74BF-4CE8-9B6B-871C9C19BA0D}"
EndProject
Project("{9A19103F-16F7-4668-BE54-9A1E7A4F7556}") = "R5T.Z0010", "..\..\R5T.Z0010\source\R5T.Z0010\R5T.Z0010.csproj", "{5B6103AC-66FF-4043-8F2E-EDB5555EC292}"
EndProject
Project("{9A19103F-16F7-4668-BE54-9A1E7A4F7556}") = "R5T.Z0063.Platform", "..\..\R5T.Z0063\source\R5T.Z0063.Platform\R5T.Z0063.Platform.csproj", "{532845D0-91BA-4784-BF48-FB3428381EC3}"
EndProject
Project("{9A19103F-16F7-4668-BE54-9A1E7A4F7556}") = "R5T.Z0063", "..\..\R5T.Z0063\source\R5T.Z0063\R5T.Z0063.csproj", "{73C942A1-A4D7-4474-82E5-9AB787A44526}"
EndProject
Project("{9A19103F-16F7-4668-BE54-9A1E7A4F7556}") = "R5T.F0020", "..\..\R5T.F0020\source\R5T.F0020\R5T.F0020.csproj", "{7B6D67F9-CCD6-46FD-8B59-CA7D62F6A228}"
EndProject
Project("{9A19103F-16F7-4668-BE54-9A1E7A4F7556}") = "R5T.F0040.F000", "..\..\R5T.F0040\source\R5T.F0040.F000\R5T.F0040.F000.csproj", "{0F78CBC5-77DA-428D-82DC-D63CCB6DB6EA}"
EndProject
Project("{9A19103F-16F7-4668-BE54-9A1E7A4F7556}") = "R5T.F0040", "..\..\R5T.F0040\source\R5T.F0040\R5T.F0040.csproj", "{9F86DDC0-8C42-49FC-8D48-B68A2503CA9F}"
EndProject
Project("{9A19103F-16F7-4668-BE54-9A1E7A4F7556}") = "R5T.T0152", "..\..\R5T.T0152\source\R5T.T0152\R5T.T0152.csproj", "{1490F79C-8D64-4C3E-A224-B5F0CDA94313}"
EndProject
Project("{9A19103F-16F7-4668-BE54-9A1E7A4F7556}") = "R5T.Z0012", "..\..\R5T.Z0012\source\R5T.Z0012\R5T.Z0012.csproj", "{D44678B5-CC33-41B3-B446-8D2AB5A667D2}"
EndProject
Project("{9A19103F-16F7-4668-BE54-9A1E7A4F7556}") = "R5T.F0035.F001", "..\..\R5T.F0035\source\R5T.F0035.F001\R5T.F0035.F001.csproj", "{465E733C-FCE9-4566-9326-2CE3B0EE3D44}"
EndProject
Project("{9A19103F-16F7-4668-BE54-9A1E7A4F7556}") = "R5T.NG0002", "..\..\R5T.NG0002\source\R5T.NG0002\R5T.NG0002.csproj", "{AC64EF94-F7FF-45CB-A275-C490B6A4D56F}"
EndProject
Project("{9A19103F-16F7-4668-BE54-9A1E7A4F7556}") = "R5T.NG0007", "..\..\R5T.NG0007\source\R5T.NG0007\R5T.NG0007.csproj", "{9A9DA179-67FD-4CFE-BAA6-9308F4978E74}"
EndProject
Project("{9A19103F-16F7-4668-BE54-9A1E7A4F7556}") = "R5T.T0148", "..\..\R5T.T0148\source\R5T.T0148\R5T.T0148.csproj", "{A4438094-D731-4A53-AD69-1EE7CE6FDECB}"
EndProject
Project("{9A19103F-16F7-4668-BE54-9A1E7A4F7556}") = "R5T.T0158.F000", "..\..\R5T.T0158\source\R5T.T0158.F000\R5T.T0158.F000.csproj", "{BB027514-FB68-447E-83C0-74106A0984F9}"
EndProject
Project("{9A19103F-16F7-4668-BE54-9A1E7A4F7556}") = "R5T.T0158.T000", "..\..\R5T.T0158\source\R5T.T0158.T000\R5T.T0158.T000.csproj", "{ED092A8E-8091-4EA9-97A5-1B05F4323EDF}"
EndProject
Project("{9A19103F-16F7-4668-BE54-9A1E7A4F7556}") = "R5T.T0159.F000", "..\..\R5T.T0159\source\R5T.T0159.F000\R5T.T0159.F000.csproj", "{F0650CE1-92FC-471A-B5E1-388DA8290115}"
EndProject
Project("{9A19103F-16F7-4668-BE54-9A1E7A4F7556}") = "R5T.L0058", "..\..\R5T.L0058\source\R5T.L0058\R5T.L0058.csproj", "{89C3D58F-5CA4-4663-B6F7-551F061DF1E6}"
EndProject
Project("{9A19103F-16F7-4668-BE54-9A1E7A4F7556}") = "R5T.L0032.T000", "..\..\R5T.L0032\source\R5T.L0032.T000\R5T.L0032.T000.csproj", "{9B3D2B58-ADE4-436B-B2D3-55FBA10E1BA8}"
EndProject
Project("{9A19103F-16F7-4668-BE54-9A1E7A4F7556}") = "R5T.T0161", "..\..\R5T.T0161\source\R5T.T0161\R5T.T0161.csproj", "{6DCC17E2-7057-4226-919E-25570A33F825}"
EndProject
Project("{9A19103F-16F7-4668-BE54-9A1E7A4F7556}") = "R5T.T0184", "..\..\R5T.T0184\source\R5T.T0184\R5T.T0184.csproj", "{834303B4-ED30-4C91-B835-B51B5CEDD70E}"
EndProject
Project("{9A19103F-16F7-4668-BE54-9A1E7A4F7556}") = "R5T.T0186", "..\..\R5T.T0186\source\R5T.T0186\R5T.T0186.csproj", "{B3A02C26-05F2-4109-9A00-E043C497C19A}"
EndProject
Project("{9A19103F-16F7-4668-BE54-9A1E7A4F7556}") = "R5T.T0187", "..\..\R5T.T0187\source\R5T.T0187\R5T.T0187.csproj", "{EF203147-3552-4FFD-B4C2-78700CDEF29D}"
EndProject
Project("{9A19103F-16F7-4668-BE54-9A1E7A4F7556}") = "R5T.T0196", "..\..\R5T.T0196\source\R5T.T0196\R5T.T0196.csproj", "{6D75E2AF-E46B-4358-84AD-EC04A0A951F6}"
EndProject
Project("{9A19103F-16F7-4668-BE54-9A1E7A4F7556}") = "R5T.T0197", "..\..\R5T.T0197\source\R5T.T0197\R5T.T0197.csproj", "{8EE2A690-7DA2-4799-B59A-3E8CBC65853B}"
EndProject
Project("{9A19103F-16F7-4668-BE54-9A1E7A4F7556}") = "R5T.T0198", "..\..\R5T.T0198\source\R5T.T0198\R5T.T0198.csproj", "{6B1AD57D-A441-4ED9-BE10-23593B9F49EC}"
EndProject
Project("{9A19103F-16F7-4668-BE54-9A1E7A4F7556}") = "R5T.T0200", "..\..\R5T.T0200\source\R5T.T0200\R5T.T0200.csproj", "{EE3E890A-4DDC-4F73-93CF-68798642BD37}"
EndProject
Project("{9A19103F-16F7-4668-BE54-9A1E7A4F7556}") = "R5T.T0213", "..\..\R5T.T0213\source\R5T.T0213\R5T.T0213.csproj", "{D2A311F7-2175-41C1-A04A-AA0AE441293A}"
EndProject
Project("{9A19103F-16F7-4668-BE54-9A1E7A4F7556}") = "R5T.T0224", "..\..\R5T.T0224\source\R5T.T0224\R5T.T0224.csproj", "{54BC1719-AA2F-4B50-9A5D-B18D23C3EA79}"
EndProject
Project("{9A19103F-16F7-4668-BE54-9A1E7A4F7556}") = "R5T.Z0046.Platform", "..\..\R5T.Z0046\source\R5T.Z0046.Platform\R5T.Z0046.Platform.csproj", "{43E9838C-0490-40F0-A74C-2892B7D9420E}"
EndProject
Project("{9A19103F-16F7-4668-BE54-9A1E7A4F7556}") = "R5T.Z0046", "..\..\R5T.Z0046\source\R5T.Z0046\R5T.Z0046.csproj", "{D2329A63-DE43-4D25-81D3-0EB9BE47ADF3}"
EndProject
Project("{9A19103F-16F7-4668-BE54-9A1E7A4F7556}") = "R5T.L0054", "..\..\R5T.L0054\source\R5T.L0054\R5T.L0054.csproj", "{02E03B46-7112-4A88-9C48-D2361C48B280}"
EndProject
Project("{9A19103F-16F7-4668-BE54-9A1E7A4F7556}") = "R5T.L0059", "..\..\R5T.L0059\source\R5T.L0059\R5T.L0059.csproj", "{AFE8DCEF-6CB1-4B45-9F05-E6D98C5009DA}"
EndProject
Project("{9A19103F-16F7-4668-BE54-9A1E7A4F7556}") = "R5T.L0060", "..\..\R5T.L0060\source\R5T.L0060\R5T.L0060.csproj", "{991607AA-BE93-44C7-806A-C4DEAB1E2959}"
EndProject
Project("{9A19103F-16F7-4668-BE54-9A1E7A4F7556}") = "R5T.T0227", "..\..\R5T.T0227\source\R5T.T0227\R5T.T0227.csproj", "{AF2E504E-67DB-4A45-A5DA-17E148C34619}"
EndProject
Project("{9A19103F-16F7-4668-BE54-9A1E7A4F7556}") = "R5T.F0034.Platform", "..\..\R5T.F0034\source\R5T.F0034.Platform\R5T.F0034.Platform.csproj", "{815C7075-3995-4D63-9EAC-FBE694B44F80}"
EndProject
Project("{9A19103F-16F7-4668-BE54-9A1E7A4F7556}") = "R5T.Z0057.Platform", "..\..\R5T.Z0057\source\R5T.Z0057.Platform\R5T.Z0057.Platform.csproj", "{C144672B-71F8-45AE-BF10-B74C104B0F92}"
EndProject
Project("{9A19103F-16F7-4668-BE54-9A1E7A4F7556}") = "R5T.L0061", "..\..\R5T.L0061\source\R5T.L0061\R5T.L0061.csproj", "{E7A5D231-5708-45BE-AFAD-28DA4B1E58BD}"
EndProject
Project("{9A19103F-16F7-4668-BE54-9A1E7A4F7556}") = "R5T.T0225.T000", "..\..\R5T.T0225\source\R5T.T0225.T000\R5T.T0225.T000.csproj", "{43458FE2-C577-41ED-8C5E-BA9F949E9A4C}"
EndProject
Project("{9A19103F-16F7-4668-BE54-9A1E7A4F7556}") = "R5T.T0225", "..\..\R5T.T0225\source\R5T.T0225\R5T.T0225.csproj", "{33879AE9-E529-4055-8208-2F806053C7B3}"
EndProject
Project("{9A19103F-16F7-4668-BE54-9A1E7A4F7556}") = "R5T.T0226.L000", "..\..\R5T.T0226\source\R5T.T0226.L000\R5T.T0226.L000.csproj", "{E4018E3E-7675-4321-A7A1-6F5968913C0F}"
EndProject
Project("{9A19103F-16F7-4668-BE54-9A1E7A4F7556}") = "R5T.T0226.T000", "..\..\R5T.T0226\source\R5T.T0226.T000\R5T.T0226.T000.csproj", "{FA8A8040-793F-4121-9972-A68EC0CD56B0}"
EndProject
Project("{9A19103F-16F7-4668-BE54-9A1E7A4F7556}") = "R5T.T0226", "..\..\R5T.T0226\source\R5T.T0226\R5T.T0226.csproj", "{21254BDC-8D39-45F6-ADDE-2F9DEAF1A484}"
EndProject
Project("{9A19103F-16F7-4668-BE54-9A1E7A4F7556}") = "R5T.F0050", "..\..\R5T.F0050\source\R5T.F0050\R5T.F0050.csproj", "{28588836-A864-4FEE-95FF-23CEC239DEC2}"
EndProject
Project("{9A19103F-16F7-4668-BE54-9A1E7A4F7556}") = "R5T.F0082", "..\..\R5T.F0082\source\R5T.F0082\R5T.F0082.csproj", "{02B57028-C769-4350-8A52-971B8473EBE5}"
EndProject
Project("{9A19103F-16F7-4668-BE54-9A1E7A4F7556}") = "R5T.F0111", "..\..\R5T.F0111\source\R5T.F0111\R5T.F0111.csproj", "{CA1ECA88-7454-419B-941A-11EB931989E3}"
EndProject
Project("{9A19103F-16F7-4668-BE54-9A1E7A4F7556}") = "R5T.L0064.F001", "..\..\R5T.L0064\source\R5T.L0064.F001\R5T.L0064.F001.csproj", "{09B8129F-7058-49C3-A476-45835178B761}"
EndProject
Project("{9A19103F-16F7-4668-BE54-9A1E7A4F7556}") = "R5T.L0066", "..\..\R5T.L0066\source\R5T.L0066\R5T.L0066.csproj", "{DA90F0F3-EC44-47CE-B4B0-35EEA320019D}"
EndProject
Project("{9A19103F-16F7-4668-BE54-9A1E7A4F7556}") = "R5T.Z0022", "..\..\R5T.Z0022.Private\source\R5T.Z0022\R5T.Z0022.csproj", "{C4003C2A-0365-4937-89F7-DEAA6D025A67}"
EndProject
Project("{9A19103F-16F7-4668-BE54-9A1E7A4F7556}") = "R5T.F0016.F001", "..\..\R5T.F0016\source\R5T.F0016.F001\R5T.F0016.F001.csproj", "{D4CC969F-5293-4339-8ED3-3DC4FCF12AD7}"
EndProject
Project("{9A19103F-16F7-4668-BE54-9A1E7A4F7556}") = "R5T.F0016", "..\..\R5T.F0016\source\R5T.F0016\R5T.F0016.csproj", "{CC0990EC-EA31-4C6B-9796-AE3E28616BF6}"
EndProject
Project("{9A19103F-16F7-4668-BE54-9A1E7A4F7556}") = "R5T.F0026", "..\..\R5T.F0026\source\R5T.F0026\R5T.F0026.csproj", "{078B6C83-4F65-4D20-8BE7-442B58C693A0}"
EndProject
Project("{9A19103F-16F7-4668-BE54-9A1E7A4F7556}") = "R5T.F0027", "..\..\R5T.F0027\source\R5T.F0027\R5T.F0027.csproj", "{908C7DBD-57B6-424A-BCB8-60448BADBC6E}"
EndProject
Project("{9A19103F-16F7-4668-BE54-9A1E7A4F7556}") = "R5T.F0032", "..\..\R5T.F0032\source\R5T.F0032\R5T.F0032.csproj", "{9DBF450E-FD05-43CB-94B4-ABF0A57D711A}"
EndProject
Project("{9A19103F-16F7-4668-BE54-9A1E7A4F7556}") = "R5T.F0052", "..\..\R5T.F0052\source\R5T.F0052\R5T.F0052.csproj", "{6B52BA7C-BC00-4F87-8E1A-7701C89575E7}"
EndProject
Project("{9A19103F-16F7-4668-BE54-9A1E7A4F7556}") = "R5T.F0053", "..\..\R5T.F0053\source\R5T.F0053\R5T.F0053.csproj", "{828095B0-12A0-47CE-983A-B0A7653976B4}"
EndProject
Project("{9A19103F-16F7-4668-BE54-9A1E7A4F7556}") = "R5T.F0054", "..\..\R5T.F0054\source\R5T.F0054\R5T.F0054.csproj", "{04673A8F-AB49-46F8-90EA-0FD80608CC52}"
EndProject
Project("{9A19103F-16F7-4668-BE54-9A1E7A4F7556}") = "R5T.F0076", "..\..\R5T.F0076\source\R5T.F0076\R5T.F0076.csproj", "{9C4A7237-41CE-475D-A2EB-D846614FD143}"
EndProject
Project("{9A19103F-16F7-4668-BE54-9A1E7A4F7556}") = "R5T.F0077", "..\..\R5T.F0077\source\R5T.F0077\R5T.F0077.csproj", "{AC292C4C-4C21-421A-93CD-F512F82EEE88}"
EndProject
Project("{9A19103F-16F7-4668-BE54-9A1E7A4F7556}") = "R5T.F0112", "..\..\R5T.F0112\source\R5T.F0112\R5T.F0112.csproj", "{4AA85A34-1DD6-4E50-BF56-A38ED02BF2C1}"
EndProject
Project("{9A19103F-16F7-4668-BE54-9A1E7A4F7556}") = "R5T.F0115", "..\..\R5T.F0115\source\R5T.F0115\R5T.F0115.csproj", "{08DE5712-C959-4163-B4FE-4C1C3A81BA36}"
EndProject
Project("{9A19103F-16F7-4668-BE54-9A1E7A4F7556}") = "R5T.NG0008", "..\..\R5T.NG0008\source\R5T.NG0008\R5T.NG0008.csproj", "{AAF97FEA-0EB0-4488-A202-008243E15B40}"
EndProject
Project("{9A19103F-16F7-4668-BE54-9A1E7A4F7556}") = "R5T.Z0011", "..\..\R5T.Z0011\source\R5T.Z0011\R5T.Z0011.csproj", "{0EC3DFB9-B60A-4ED9-B7B4-15648E631ABF}"
EndProject
Project("{9A19103F-16F7-4668-BE54-9A1E7A4F7556}") = "R5T.L0062.F000", "..\..\R5T.L0062\source\R5T.L0062.F000\R5T.L0062.F000.csproj", "{814B3819-B394-4334-8768-2CADA57E0270}"
EndProject
Project("{9A19103F-16F7-4668-BE54-9A1E7A4F7556}") = "R5T.L0062.F001", "..\..\R5T.L0062\source\R5T.L0062.F001\R5T.L0062.F001.csproj", "{97A480C8-E617-4743-A98B-EE8D514F070D}"
EndProject
Project("{9A19103F-16F7-4668-BE54-9A1E7A4F7556}") = "R5T.L0062.L001", "..\..\R5T.L0062\source\R5T.L0062.L001\R5T.L0062.L001.csproj", "{B3895772-2AD2-48F4-BD0B-1AD7661E435F}"
EndProject
Project("{9A19103F-16F7-4668-BE54-9A1E7A4F7556}") = "R5T.L0062.T000", "..\..\R5T.L0062\source\R5T.L0062.T000\R5T.L0062.T000.csproj", "{322D5E58-0336-440F-B98B-8C58D715EB7D}"
EndProject
Project("{9A19103F-16F7-4668-BE54-9A1E7A4F7556}") = "R5T.L0062.Z000", "..\..\R5T.L0062\source\R5T.L0062.Z000\R5T.L0062.Z000.csproj", "{69716420-FEF1-46C5-9458-269E204DC5FD}"
EndProject
Project("{9A19103F-16F7-4668-BE54-9A1E7A4F7556}") = "R5T.L0067", "..\..\R5T.L0067\source\R5T.L0067\R5T.L0067.csproj", "{B333C9AE-9A59-4E7E-9F05-BAACAC176986}"
EndProject
Project("{9A19103F-16F7-4668-BE54-9A1E7A4F7556}") = "R5T.L0068", "..\..\R5T.L0068\source\R5T.L0068\R5T.L0068.csproj", "{4B08E7B6-4FC8-42E7-B0E6-84EEB53B376C}"
EndProject
Project("{9A19103F-16F7-4668-BE54-9A1E7A4F7556}") = "R5T.L0032.Z000", "..\..\R5T.L0032\source\R5T.L0032.Z000\R5T.L0032.Z000.csproj", "{DAEE270C-9F64-486B-B841-13BC56DBC590}"
EndProject
Project("{9A19103F-16F7-4668-BE54-9A1E7A4F7556}") = "R5T.L0063.F000", "..\..\R5T.L0063\source\R5T.L0063.F000\R5T.L0063.F000.csproj", "{7B10CB7E-2C17-4DC8-AD36-2A6B98B25D26}"
EndProject
Project("{9A19103F-16F7-4668-BE54-9A1E7A4F7556}") = "R5T.L0063.T000", "..\..\R5T.L0063\source\R5T.L0063.T000\R5T.L0063.T000.csproj", "{476C41BB-5886-4297-B11A-8A2F47ADFBDA}"
EndProject
Project("{9A19103F-16F7-4668-BE54-9A1E7A4F7556}") = "R5T.L0063.Z000", "..\..\R5T.L0063\source\R5T.L0063.Z000\R5T.L0063.Z000.csproj", "{6407C424-82E2-4737-920C-575C8A868F0D}"
EndProject
Project("{9A19103F-16F7-4668-BE54-9A1E7A4F7556}") = "R5T.L0065.F000", "..\..\R5T.L0065\source\R5T.L0065.F000\R5T.L0065.F000.csproj", "{25DF23C2-AB5B-46D7-9D63-B80CA3A13B47}"
EndProject
Project("{9A19103F-16F7-4668-BE54-9A1E7A4F7556}") = "R5T.L0065.F001", "..\..\R5T.L0065\source\R5T.L0065.F001\R5T.L0065.F001.csproj", "{F4B21231-D1E3-40EE-BEDE-37938F9D46C9}"
EndProject
Project("{9A19103F-16F7-4668-BE54-9A1E7A4F7556}") = "R5T.L0065.F002", "..\..\R5T.L0065\source\R5T.L0065.F002\R5T.L0065.F002.csproj", "{D52504B7-D4DA-4982-81A0-E30082AE8744}"
EndProject
Project("{9A19103F-16F7-4668-BE54-9A1E7A4F7556}") = "R5T.L0065.F003", "..\..\R5T.L0065\source\R5T.L0065.F003\R5T.L0065.F003.csproj", "{B1634D19-7381-4EB5-BE11-73B77FE6DF0F}"
EndProject
Project("{9A19103F-16F7-4668-BE54-9A1E7A4F7556}") = "R5T.L0065.F004", "..\..\R5T.L0065\source\R5T.L0065.F004\R5T.L0065.F004.csproj", "{AF364B4C-8DD8-49E7-AE74-D4F0B15C5811}"
EndProject
Project("{9A19103F-16F7-4668-BE54-9A1E7A4F7556}") = "R5T.L0065.T000", "..\..\R5T.L0065\source\R5T.L0065.T000\R5T.L0065.T000.csproj", "{EB15062B-64F9-4FE8-930A-ACDF6E22E216}"
EndProject
Project("{9A19103F-16F7-4668-BE54-9A1E7A4F7556}") = "R5T.L0065", "..\..\R5T.L0065\source\R5T.L0065\R5T.L0065.csproj", "{B5E843D1-FBEF-4AB8-857C-E33F36CBAA59}"
EndProject
Project("{9A19103F-16F7-4668-BE54-9A1E7A4F7556}") = "R5T.T0146.F001", "..\..\R5T.T0146\source\R5T.T0146.F001\R5T.T0146.F001.csproj", "{1614BF8D-14CD-4CB0-9942-2DD63495F206}"
EndProject
Project("{9A19103F-16F7-4668-BE54-9A1E7A4F7556}") = "R5T.T0146", "..\..\R5T.T0146\source\R5T.T0146\R5T.T0146.csproj", "{6A6D110A-5DDC-4EE5-B6C1-49543EFEDEF3}"
EndProject
Global
	GlobalSection(NestedProjects) = preSolution
		{4197C0B1-EB01-42BE-B72C-C3FAE73DC332} = {A72257F0-4259-4817-B04F-0A1959AC17F0}
		{CAB61700-DC42-4F9E-A155-0A1A07B55699} = {A72257F0-4259-4817-B04F-0A1959AC17F0}
		{CAF71DD0-FF3F-4ADD-B8D8-9B9DB2EAF7BF} = {A72257F0-4259-4817-B04F-0A1959AC17F0}
		{07A901F6-109C-45A9-AC78-4524970EB055} = {A72257F0-4259-4817-B04F-0A1959AC17F0}
		{945AB1D7-B5C7-4481-8D55-5166783995DC} = {A72257F0-4259-4817-B04F-0A1959AC17F0}
		{4FC44B1E-586D-4947-AAC5-66F0D89D2D63} = {A72257F0-4259-4817-B04F-0A1959AC17F0}
		{4CCAA824-E3C2-4C1E-BAC4-7E8B10157F72} = {A72257F0-4259-4817-B04F-0A1959AC17F0}
		{E5343636-7873-4304-B651-4CA92D8AB80E} = {A72257F0-4259-4817-B04F-0A1959AC17F0}
		{E52B9E8B-90BD-4241-BDA3-C84B53CAAE3B} = {A72257F0-4259-4817-B04F-0A1959AC17F0}
		{DBC33FD9-0E13-4FA2-81F5-9F9D054E305F} = {A72257F0-4259-4817-B04F-0A1959AC17F0}
		{23017453-C162-4867-A27E-B6D5ADFDCB9A} = {A72257F0-4259-4817-B04F-0A1959AC17F0}
		{77F7DCD9-5815-4798-8C6C-1913FBEF9577} = {A72257F0-4259-4817-B04F-0A1959AC17F0}
		{2F251C70-0686-404D-8905-774C8CC3D08B} = {A72257F0-4259-4817-B04F-0A1959AC17F0}
		{CCF328BD-C0AE-44C4-89B6-65B20D17D9BC} = {A72257F0-4259-4817-B04F-0A1959AC17F0}
		{2E57EAB7-DA15-46C9-A316-B1EFC662C9AE} = {A72257F0-4259-4817-B04F-0A1959AC17F0}
		{2F6B18C6-85CD-43E9-8F39-7B7B30296001} = {A72257F0-4259-4817-B04F-0A1959AC17F0}
		{7A4E4537-53AA-46B8-B11B-C88F744E8523} = {A72257F0-4259-4817-B04F-0A1959AC17F0}
		{EFE74C86-35B9-4D86-894E-EBBB373BE264} = {A72257F0-4259-4817-B04F-0A1959AC17F0}
		{49BAB4A5-E82F-4ABC-A479-433D9285FB6B} = {A72257F0-4259-4817-B04F-0A1959AC17F0}
		{CEAA02AE-EB52-4E2D-A8F7-AC0424450740} = {A72257F0-4259-4817-B04F-0A1959AC17F0}
		{917DDA37-A0F1-4304-8DE4-7957D49125C6} = {A72257F0-4259-4817-B04F-0A1959AC17F0}
		{661C5DAB-B800-4AF8-9149-4F50D446E9B3} = {A72257F0-4259-4817-B04F-0A1959AC17F0}
		{A8E3D420-EAAA-4D05-8D49-AC1FEE33D9BD} = {A72257F0-4259-4817-B04F-0A1959AC17F0}
		{330A1434-5B28-46FC-9E6F-09C243B574F1} = {A72257F0-4259-4817-B04F-0A1959AC17F0}
		{DAC49EF3-8FFE-49CC-807B-909322EE0D18} = {A72257F0-4259-4817-B04F-0A1959AC17F0}
		{DC747A2D-2729-4D54-BB46-FDD7410180E4} = {A72257F0-4259-4817-B04F-0A1959AC17F0}
		{18E04762-B62E-46C1-8B20-336CD928C990} = {A72257F0-4259-4817-B04F-0A1959AC17F0}
		{B301735F-954F-4F53-9393-955279E36E27} = {A72257F0-4259-4817-B04F-0A1959AC17F0}
		{AB03CB1B-0B2C-4023-812D-57353FA3417E} = {A72257F0-4259-4817-B04F-0A1959AC17F0}
		{6C0FD25D-3F5B-4421-A5F1-AB4DEED87D68} = {A72257F0-4259-4817-B04F-0A1959AC17F0}
		{349FBBB8-5BF6-4D96-A708-8DBF96796B9A} = {A72257F0-4259-4817-B04F-0A1959AC17F0}
		{85E66FF8-C3D8-4E6E-8B40-CFB73699D6ED} = {A72257F0-4259-4817-B04F-0A1959AC17F0}
		{DDDBE6F0-3C3B-4FCC-95A5-90C1DACFCD47} = {A72257F0-4259-4817-B04F-0A1959AC17F0}
		{EB5C1C2D-EF8E-4906-8F19-CEFF39820729} = {A72257F0-4259-4817-B04F-0A1959AC17F0}
		{48966C8B-07B2-4715-8553-9D56F70DEC8F} = {A72257F0-4259-4817-B04F-0A1959AC17F0}
		{F72D5B05-CFD2-4940-BA54-4FC95A77C4F8} = {A72257F0-4259-4817-B04F-0A1959AC17F0}
		{E159960D-E0BD-4E17-9F5C-71951EB7537E} = {A72257F0-4259-4817-B04F-0A1959AC17F0}
		{B3885291-D383-4F18-8211-4FCF2EEB45AE} = {A72257F0-4259-4817-B04F-0A1959AC17F0}
		{C7B147C4-07EB-4B63-AB53-5A950EA40F38} = {A72257F0-4259-4817-B04F-0A1959AC17F0}
		{35092A75-0C9E-4856-BB31-3ADD46C49FCA} = {A72257F0-4259-4817-B04F-0A1959AC17F0}
		{80051441-0DC9-450C-B568-911BCE0C0FD3} = {A72257F0-4259-4817-B04F-0A1959AC17F0}
		{37A5B0B7-30C8-4D27-9C7E-9577AF8EB57E} = {A72257F0-4259-4817-B04F-0A1959AC17F0}
		{3F3C1DD4-07F1-410F-82F8-B72B206F4E38} = {A72257F0-4259-4817-B04F-0A1959AC17F0}
		{C0B2E13B-D884-4DD0-A9FE-1871E4BEC4FB} = {A72257F0-4259-4817-B04F-0A1959AC17F0}
		{5F0F241C-4A46-4700-958E-69B081C1D7F7} = {A72257F0-4259-4817-B04F-0A1959AC17F0}
		{33663B89-A73E-4746-804C-8FE1A47E4CEE} = {A72257F0-4259-4817-B04F-0A1959AC17F0}
		{D2E8938C-0619-4DF1-8623-D2E46F43CC99} = {A72257F0-4259-4817-B04F-0A1959AC17F0}
		{770C3422-2A1F-4F34-964A-205CCAF6D133} = {A72257F0-4259-4817-B04F-0A1959AC17F0}
		{20A0069D-06D8-40F2-91F4-8856EB4A20DD} = {A72257F0-4259-4817-B04F-0A1959AC17F0}
		{AC006CD7-DCBA-44A2-ADCF-124AB7C4402E} = {A72257F0-4259-4817-B04F-0A1959AC17F0}
		{207AB274-A296-43B4-A5EA-A28643914797} = {A72257F0-4259-4817-B04F-0A1959AC17F0}
		{34936480-EAF8-42DC-BBCB-CAA488125D45} = {A72257F0-4259-4817-B04F-0A1959AC17F0}
		{05940BC1-E3A2-4C14-B16E-947C8EAD0613} = {A72257F0-4259-4817-B04F-0A1959AC17F0}
		{CF30F1EB-A27D-49F2-833F-032C86689065} = {A72257F0-4259-4817-B04F-0A1959AC17F0}
		{DD95CBF9-F46B-44B9-B441-CCD9B6F0B6F8} = {A72257F0-4259-4817-B04F-0A1959AC17F0}
		{8BBA45D7-DC30-462D-A084-90466ED972ED} = {A72257F0-4259-4817-B04F-0A1959AC17F0}
		{2AB4B1F8-9371-4B61-A4B0-6CBCF577804C} = {A72257F0-4259-4817-B04F-0A1959AC17F0}
		{DD6B9AA2-7869-458E-B158-216411E72BA4} = {A72257F0-4259-4817-B04F-0A1959AC17F0}
		{B50D9709-0408-42F6-AD35-81E8B985EC9C} = {A72257F0-4259-4817-B04F-0A1959AC17F0}
		{D14B7133-8C8F-48A6-8591-2139FB740707} = {A72257F0-4259-4817-B04F-0A1959AC17F0}
		{59BA9135-1E75-4479-8BE8-4BD4614CBED2} = {A72257F0-4259-4817-B04F-0A1959AC17F0}
		{8B255120-8FE8-4369-9C5E-C4940FF25821} = {A72257F0-4259-4817-B04F-0A1959AC17F0}
		{394DF62F-444B-4240-B60B-C2AED772A751} = {A72257F0-4259-4817-B04F-0A1959AC17F0}
		{B6D82BAA-74BF-4CE8-9B6B-871C9C19BA0D} = {A72257F0-4259-4817-B04F-0A1959AC17F0}
		{5B6103AC-66FF-4043-8F2E-EDB5555EC292} = {A72257F0-4259-4817-B04F-0A1959AC17F0}
		{532845D0-91BA-4784-BF48-FB3428381EC3} = {A72257F0-4259-4817-B04F-0A1959AC17F0}
		{73C942A1-A4D7-4474-82E5-9AB787A44526} = {A72257F0-4259-4817-B04F-0A1959AC17F0}
		{7B6D67F9-CCD6-46FD-8B59-CA7D62F6A228} = {A72257F0-4259-4817-B04F-0A1959AC17F0}
		{0F78CBC5-77DA-428D-82DC-D63CCB6DB6EA} = {A72257F0-4259-4817-B04F-0A1959AC17F0}
		{9F86DDC0-8C42-49FC-8D48-B68A2503CA9F} = {A72257F0-4259-4817-B04F-0A1959AC17F0}
		{1490F79C-8D64-4C3E-A224-B5F0CDA94313} = {A72257F0-4259-4817-B04F-0A1959AC17F0}
		{D44678B5-CC33-41B3-B446-8D2AB5A667D2} = {A72257F0-4259-4817-B04F-0A1959AC17F0}
		{465E733C-FCE9-4566-9326-2CE3B0EE3D44} = {A72257F0-4259-4817-B04F-0A1959AC17F0}
		{AC64EF94-F7FF-45CB-A275-C490B6A4D56F} = {A72257F0-4259-4817-B04F-0A1959AC17F0}
		{9A9DA179-67FD-4CFE-BAA6-9308F4978E74} = {A72257F0-4259-4817-B04F-0A1959AC17F0}
		{A4438094-D731-4A53-AD69-1EE7CE6FDECB} = {A72257F0-4259-4817-B04F-0A1959AC17F0}
		{BB027514-FB68-447E-83C0-74106A0984F9} = {A72257F0-4259-4817-B04F-0A1959AC17F0}
		{ED092A8E-8091-4EA9-97A5-1B05F4323EDF} = {A72257F0-4259-4817-B04F-0A1959AC17F0}
		{F0650CE1-92FC-471A-B5E1-388DA8290115} = {A72257F0-4259-4817-B04F-0A1959AC17F0}
		{89C3D58F-5CA4-4663-B6F7-551F061DF1E6} = {A72257F0-4259-4817-B04F-0A1959AC17F0}
		{9B3D2B58-ADE4-436B-B2D3-55FBA10E1BA8} = {A72257F0-4259-4817-B04F-0A1959AC17F0}
		{6DCC17E2-7057-4226-919E-25570A33F825} = {A72257F0-4259-4817-B04F-0A1959AC17F0}
		{834303B4-ED30-4C91-B835-B51B5CEDD70E} = {A72257F0-4259-4817-B04F-0A1959AC17F0}
		{B3A02C26-05F2-4109-9A00-E043C497C19A} = {A72257F0-4259-4817-B04F-0A1959AC17F0}
		{EF203147-3552-4FFD-B4C2-78700CDEF29D} = {A72257F0-4259-4817-B04F-0A1959AC17F0}
		{6D75E2AF-E46B-4358-84AD-EC04A0A951F6} = {A72257F0-4259-4817-B04F-0A1959AC17F0}
		{8EE2A690-7DA2-4799-B59A-3E8CBC65853B} = {A72257F0-4259-4817-B04F-0A1959AC17F0}
		{6B1AD57D-A441-4ED9-BE10-23593B9F49EC} = {A72257F0-4259-4817-B04F-0A1959AC17F0}
		{EE3E890A-4DDC-4F73-93CF-68798642BD37} = {A72257F0-4259-4817-B04F-0A1959AC17F0}
		{D2A311F7-2175-41C1-A04A-AA0AE441293A} = {A72257F0-4259-4817-B04F-0A1959AC17F0}
		{54BC1719-AA2F-4B50-9A5D-B18D23C3EA79} = {A72257F0-4259-4817-B04F-0A1959AC17F0}
		{43E9838C-0490-40F0-A74C-2892B7D9420E} = {A72257F0-4259-4817-B04F-0A1959AC17F0}
		{D2329A63-DE43-4D25-81D3-0EB9BE47ADF3} = {A72257F0-4259-4817-B04F-0A1959AC17F0}
		{02E03B46-7112-4A88-9C48-D2361C48B280} = {A72257F0-4259-4817-B04F-0A1959AC17F0}
		{AFE8DCEF-6CB1-4B45-9F05-E6D98C5009DA} = {A72257F0-4259-4817-B04F-0A1959AC17F0}
		{991607AA-BE93-44C7-806A-C4DEAB1E2959} = {A72257F0-4259-4817-B04F-0A1959AC17F0}
		{AF2E504E-67DB-4A45-A5DA-17E148C34619} = {A72257F0-4259-4817-B04F-0A1959AC17F0}
		{815C7075-3995-4D63-9EAC-FBE694B44F80} = {A72257F0-4259-4817-B04F-0A1959AC17F0}
		{C144672B-71F8-45AE-BF10-B74C104B0F92} = {A72257F0-4259-4817-B04F-0A1959AC17F0}
		{E7A5D231-5708-45BE-AFAD-28DA4B1E58BD} = {A72257F0-4259-4817-B04F-0A1959AC17F0}
		{43458FE2-C577-41ED-8C5E-BA9F949E9A4C} = {A72257F0-4259-4817-B04F-0A1959AC17F0}
		{33879AE9-E529-4055-8208-2F806053C7B3} = {A72257F0-4259-4817-B04F-0A1959AC17F0}
		{E4018E3E-7675-4321-A7A1-6F5968913C0F} = {A72257F0-4259-4817-B04F-0A1959AC17F0}
		{FA8A8040-793F-4121-9972-A68EC0CD56B0} = {A72257F0-4259-4817-B04F-0A1959AC17F0}
		{21254BDC-8D39-45F6-ADDE-2F9DEAF1A484} = {A72257F0-4259-4817-B04F-0A1959AC17F0}
		{28588836-A864-4FEE-95FF-23CEC239DEC2} = {A72257F0-4259-4817-B04F-0A1959AC17F0}
		{02B57028-C769-4350-8A52-971B8473EBE5} = {A72257F0-4259-4817-B04F-0A1959AC17F0}
		{CA1ECA88-7454-419B-941A-11EB931989E3} = {A72257F0-4259-4817-B04F-0A1959AC17F0}
		{09B8129F-7058-49C3-A476-45835178B761} = {A72257F0-4259-4817-B04F-0A1959AC17F0}
		{DA90F0F3-EC44-47CE-B4B0-35EEA320019D} = {A72257F0-4259-4817-B04F-0A1959AC17F0}
		{C4003C2A-0365-4937-89F7-DEAA6D025A67} = {A72257F0-4259-4817-B04F-0A1959AC17F0}
		{D4CC969F-5293-4339-8ED3-3DC4FCF12AD7} = {A72257F0-4259-4817-B04F-0A1959AC17F0}
		{CC0990EC-EA31-4C6B-9796-AE3E28616BF6} = {A72257F0-4259-4817-B04F-0A1959AC17F0}
		{078B6C83-4F65-4D20-8BE7-442B58C693A0} = {A72257F0-4259-4817-B04F-0A1959AC17F0}
		{908C7DBD-57B6-424A-BCB8-60448BADBC6E} = {A72257F0-4259-4817-B04F-0A1959AC17F0}
		{9DBF450E-FD05-43CB-94B4-ABF0A57D711A} = {A72257F0-4259-4817-B04F-0A1959AC17F0}
		{6B52BA7C-BC00-4F87-8E1A-7701C89575E7} = {A72257F0-4259-4817-B04F-0A1959AC17F0}
		{828095B0-12A0-47CE-983A-B0A7653976B4} = {A72257F0-4259-4817-B04F-0A1959AC17F0}
		{04673A8F-AB49-46F8-90EA-0FD80608CC52} = {A72257F0-4259-4817-B04F-0A1959AC17F0}
		{9C4A7237-41CE-475D-A2EB-D846614FD143} = {A72257F0-4259-4817-B04F-0A1959AC17F0}
		{AC292C4C-4C21-421A-93CD-F512F82EEE88} = {A72257F0-4259-4817-B04F-0A1959AC17F0}
		{4AA85A34-1DD6-4E50-BF56-A38ED02BF2C1} = {A72257F0-4259-4817-B04F-0A1959AC17F0}
		{08DE5712-C959-4163-B4FE-4C1C3A81BA36} = {A72257F0-4259-4817-B04F-0A1959AC17F0}
		{AAF97FEA-0EB0-4488-A202-008243E15B40} = {A72257F0-4259-4817-B04F-0A1959AC17F0}
		{0EC3DFB9-B60A-4ED9-B7B4-15648E631ABF} = {A72257F0-4259-4817-B04F-0A1959AC17F0}
		{814B3819-B394-4334-8768-2CADA57E0270} = {A72257F0-4259-4817-B04F-0A1959AC17F0}
		{97A480C8-E617-4743-A98B-EE8D514F070D} = {A72257F0-4259-4817-B04F-0A1959AC17F0}
		{B3895772-2AD2-48F4-BD0B-1AD7661E435F} = {A72257F0-4259-4817-B04F-0A1959AC17F0}
		{322D5E58-0336-440F-B98B-8C58D715EB7D} = {A72257F0-4259-4817-B04F-0A1959AC17F0}
		{69716420-FEF1-46C5-9458-269E204DC5FD} = {A72257F0-4259-4817-B04F-0A1959AC17F0}
		{B333C9AE-9A59-4E7E-9F05-BAACAC176986} = {A72257F0-4259-4817-B04F-0A1959AC17F0}
		{4B08E7B6-4FC8-42E7-B0E6-84EEB53B376C} = {A72257F0-4259-4817-B04F-0A1959AC17F0}
		{DAEE270C-9F64-486B-B841-13BC56DBC590} = {A72257F0-4259-4817-B04F-0A1959AC17F0}
		{7B10CB7E-2C17-4DC8-AD36-2A6B98B25D26} = {A72257F0-4259-4817-B04F-0A1959AC17F0}
		{476C41BB-5886-4297-B11A-8A2F47ADFBDA} = {A72257F0-4259-4817-B04F-0A1959AC17F0}
		{6407C424-82E2-4737-920C-575C8A868F0D} = {A72257F0-4259-4817-B04F-0A1959AC17F0}
		{25DF23C2-AB5B-46D7-9D63-B80CA3A13B47} = {A72257F0-4259-4817-B04F-0A1959AC17F0}
		{F4B21231-D1E3-40EE-BEDE-37938F9D46C9} = {A72257F0-4259-4817-B04F-0A1959AC17F0}
		{D52504B7-D4DA-4982-81A0-E30082AE8744} = {A72257F0-4259-4817-B04F-0A1959AC17F0}
		{B1634D19-7381-4EB5-BE11-73B77FE6DF0F} = {A72257F0-4259-4817-B04F-0A1959AC17F0}
		{AF364B4C-8DD8-49E7-AE74-D4F0B15C5811} = {A72257F0-4259-4817-B04F-0A1959AC17F0}
		{EB15062B-64F9-4FE8-930A-ACDF6E22E216} = {A72257F0-4259-4817-B04F-0A1959AC17F0}
		{B5E843D1-FBEF-4AB8-857C-E33F36CBAA59} = {A72257F0-4259-4817-B04F-0A1959AC17F0}
		{1614BF8D-14CD-4CB0-9942-2DD63495F206} = {A72257F0-4259-4817-B04F-0A1959AC17F0}
		{6A6D110A-5DDC-4EE5-B6C1-49543EFEDEF3} = {A72257F0-4259-4817-B04F-0A1959AC17F0}
	EndGlobalSection
	GlobalSection(SolutionConfigurationPlatforms) = preSolution
		Debug|Any CPU = Debug|Any CPU
		Release|Any CPU = Release|Any CPU
	EndGlobalSection
	GlobalSection(ProjectConfigurationPlatforms) = postSolution
		{01BBED5D-C20B-41BA-8CED-7F35343BA635}.Debug|Any CPU.ActiveCfg = Debug|Any CPU
		{01BBED5D-C20B-41BA-8CED-7F35343BA635}.Debug|Any CPU.Build.0 = Debug|Any CPU
		{01BBED5D-C20B-41BA-8CED-7F35343BA635}.Release|Any CPU.ActiveCfg = Release|Any CPU
		{01BBED5D-C20B-41BA-8CED-7F35343BA635}.Release|Any CPU.Build.0 = Release|Any CPU
		{4197C0B1-EB01-42BE-B72C-C3FAE73DC332}.Debug|Any CPU.ActiveCfg = Debug|Any CPU
		{4197C0B1-EB01-42BE-B72C-C3FAE73DC332}.Debug|Any CPU.Build.0 = Debug|Any CPU
		{4197C0B1-EB01-42BE-B72C-C3FAE73DC332}.Release|Any CPU.ActiveCfg = Release|Any CPU
		{4197C0B1-EB01-42BE-B72C-C3FAE73DC332}.Release|Any CPU.Build.0 = Release|Any CPU
		{CAB61700-DC42-4F9E-A155-0A1A07B55699}.Debug|Any CPU.ActiveCfg = Debug|Any CPU
		{CAB61700-DC42-4F9E-A155-0A1A07B55699}.Debug|Any CPU.Build.0 = Debug|Any CPU
		{CAB61700-DC42-4F9E-A155-0A1A07B55699}.Release|Any CPU.ActiveCfg = Release|Any CPU
		{CAB61700-DC42-4F9E-A155-0A1A07B55699}.Release|Any CPU.Build.0 = Release|Any CPU
		{CAF71DD0-FF3F-4ADD-B8D8-9B9DB2EAF7BF}.Debug|Any CPU.ActiveCfg = Debug|Any CPU
		{CAF71DD0-FF3F-4ADD-B8D8-9B9DB2EAF7BF}.Debug|Any CPU.Build.0 = Debug|Any CPU
		{CAF71DD0-FF3F-4ADD-B8D8-9B9DB2EAF7BF}.Release|Any CPU.ActiveCfg = Release|Any CPU
		{CAF71DD0-FF3F-4ADD-B8D8-9B9DB2EAF7BF}.Release|Any CPU.Build.0 = Release|Any CPU
		{07A901F6-109C-45A9-AC78-4524970EB055}.Debug|Any CPU.ActiveCfg = Debug|Any CPU
		{07A901F6-109C-45A9-AC78-4524970EB055}.Debug|Any CPU.Build.0 = Debug|Any CPU
		{07A901F6-109C-45A9-AC78-4524970EB055}.Release|Any CPU.ActiveCfg = Release|Any CPU
		{07A901F6-109C-45A9-AC78-4524970EB055}.Release|Any CPU.Build.0 = Release|Any CPU
		{945AB1D7-B5C7-4481-8D55-5166783995DC}.Debug|Any CPU.ActiveCfg = Debug|Any CPU
		{945AB1D7-B5C7-4481-8D55-5166783995DC}.Debug|Any CPU.Build.0 = Debug|Any CPU
		{945AB1D7-B5C7-4481-8D55-5166783995DC}.Release|Any CPU.ActiveCfg = Release|Any CPU
		{945AB1D7-B5C7-4481-8D55-5166783995DC}.Release|Any CPU.Build.0 = Release|Any CPU
		{4FC44B1E-586D-4947-AAC5-66F0D89D2D63}.Debug|Any CPU.ActiveCfg = Debug|Any CPU
		{4FC44B1E-586D-4947-AAC5-66F0D89D2D63}.Debug|Any CPU.Build.0 = Debug|Any CPU
		{4FC44B1E-586D-4947-AAC5-66F0D89D2D63}.Release|Any CPU.ActiveCfg = Release|Any CPU
		{4FC44B1E-586D-4947-AAC5-66F0D89D2D63}.Release|Any CPU.Build.0 = Release|Any CPU
		{4CCAA824-E3C2-4C1E-BAC4-7E8B10157F72}.Debug|Any CPU.ActiveCfg = Debug|Any CPU
		{4CCAA824-E3C2-4C1E-BAC4-7E8B10157F72}.Debug|Any CPU.Build.0 = Debug|Any CPU
		{4CCAA824-E3C2-4C1E-BAC4-7E8B10157F72}.Release|Any CPU.ActiveCfg = Release|Any CPU
		{4CCAA824-E3C2-4C1E-BAC4-7E8B10157F72}.Release|Any CPU.Build.0 = Release|Any CPU
		{E5343636-7873-4304-B651-4CA92D8AB80E}.Debug|Any CPU.ActiveCfg = Debug|Any CPU
		{E5343636-7873-4304-B651-4CA92D8AB80E}.Debug|Any CPU.Build.0 = Debug|Any CPU
		{E5343636-7873-4304-B651-4CA92D8AB80E}.Release|Any CPU.ActiveCfg = Release|Any CPU
		{E5343636-7873-4304-B651-4CA92D8AB80E}.Release|Any CPU.Build.0 = Release|Any CPU
		{E52B9E8B-90BD-4241-BDA3-C84B53CAAE3B}.Debug|Any CPU.ActiveCfg = Debug|Any CPU
		{E52B9E8B-90BD-4241-BDA3-C84B53CAAE3B}.Debug|Any CPU.Build.0 = Debug|Any CPU
		{E52B9E8B-90BD-4241-BDA3-C84B53CAAE3B}.Release|Any CPU.ActiveCfg = Release|Any CPU
		{E52B9E8B-90BD-4241-BDA3-C84B53CAAE3B}.Release|Any CPU.Build.0 = Release|Any CPU
		{DBC33FD9-0E13-4FA2-81F5-9F9D054E305F}.Debug|Any CPU.ActiveCfg = Debug|Any CPU
		{DBC33FD9-0E13-4FA2-81F5-9F9D054E305F}.Debug|Any CPU.Build.0 = Debug|Any CPU
		{DBC33FD9-0E13-4FA2-81F5-9F9D054E305F}.Release|Any CPU.ActiveCfg = Release|Any CPU
		{DBC33FD9-0E13-4FA2-81F5-9F9D054E305F}.Release|Any CPU.Build.0 = Release|Any CPU
		{23017453-C162-4867-A27E-B6D5ADFDCB9A}.Debug|Any CPU.ActiveCfg = Debug|Any CPU
		{23017453-C162-4867-A27E-B6D5ADFDCB9A}.Debug|Any CPU.Build.0 = Debug|Any CPU
		{23017453-C162-4867-A27E-B6D5ADFDCB9A}.Release|Any CPU.ActiveCfg = Release|Any CPU
		{23017453-C162-4867-A27E-B6D5ADFDCB9A}.Release|Any CPU.Build.0 = Release|Any CPU
		{77F7DCD9-5815-4798-8C6C-1913FBEF9577}.Debug|Any CPU.ActiveCfg = Debug|Any CPU
		{77F7DCD9-5815-4798-8C6C-1913FBEF9577}.Debug|Any CPU.Build.0 = Debug|Any CPU
		{77F7DCD9-5815-4798-8C6C-1913FBEF9577}.Release|Any CPU.ActiveCfg = Release|Any CPU
		{77F7DCD9-5815-4798-8C6C-1913FBEF9577}.Release|Any CPU.Build.0 = Release|Any CPU
		{2F251C70-0686-404D-8905-774C8CC3D08B}.Debug|Any CPU.ActiveCfg = Debug|Any CPU
		{2F251C70-0686-404D-8905-774C8CC3D08B}.Debug|Any CPU.Build.0 = Debug|Any CPU
		{2F251C70-0686-404D-8905-774C8CC3D08B}.Release|Any CPU.ActiveCfg = Release|Any CPU
		{2F251C70-0686-404D-8905-774C8CC3D08B}.Release|Any CPU.Build.0 = Release|Any CPU
		{CCF328BD-C0AE-44C4-89B6-65B20D17D9BC}.Debug|Any CPU.ActiveCfg = Debug|Any CPU
		{CCF328BD-C0AE-44C4-89B6-65B20D17D9BC}.Debug|Any CPU.Build.0 = Debug|Any CPU
		{CCF328BD-C0AE-44C4-89B6-65B20D17D9BC}.Release|Any CPU.ActiveCfg = Release|Any CPU
		{CCF328BD-C0AE-44C4-89B6-65B20D17D9BC}.Release|Any CPU.Build.0 = Release|Any CPU
		{2E57EAB7-DA15-46C9-A316-B1EFC662C9AE}.Debug|Any CPU.ActiveCfg = Debug|Any CPU
		{2E57EAB7-DA15-46C9-A316-B1EFC662C9AE}.Debug|Any CPU.Build.0 = Debug|Any CPU
		{2E57EAB7-DA15-46C9-A316-B1EFC662C9AE}.Release|Any CPU.ActiveCfg = Release|Any CPU
		{2E57EAB7-DA15-46C9-A316-B1EFC662C9AE}.Release|Any CPU.Build.0 = Release|Any CPU
		{2F6B18C6-85CD-43E9-8F39-7B7B30296001}.Debug|Any CPU.ActiveCfg = Debug|Any CPU
		{2F6B18C6-85CD-43E9-8F39-7B7B30296001}.Debug|Any CPU.Build.0 = Debug|Any CPU
		{2F6B18C6-85CD-43E9-8F39-7B7B30296001}.Release|Any CPU.ActiveCfg = Release|Any CPU
		{2F6B18C6-85CD-43E9-8F39-7B7B30296001}.Release|Any CPU.Build.0 = Release|Any CPU
		{7A4E4537-53AA-46B8-B11B-C88F744E8523}.Debug|Any CPU.ActiveCfg = Debug|Any CPU
		{7A4E4537-53AA-46B8-B11B-C88F744E8523}.Debug|Any CPU.Build.0 = Debug|Any CPU
		{7A4E4537-53AA-46B8-B11B-C88F744E8523}.Release|Any CPU.ActiveCfg = Release|Any CPU
		{7A4E4537-53AA-46B8-B11B-C88F744E8523}.Release|Any CPU.Build.0 = Release|Any CPU
		{EFE74C86-35B9-4D86-894E-EBBB373BE264}.Debug|Any CPU.ActiveCfg = Debug|Any CPU
		{EFE74C86-35B9-4D86-894E-EBBB373BE264}.Debug|Any CPU.Build.0 = Debug|Any CPU
		{EFE74C86-35B9-4D86-894E-EBBB373BE264}.Release|Any CPU.ActiveCfg = Release|Any CPU
		{EFE74C86-35B9-4D86-894E-EBBB373BE264}.Release|Any CPU.Build.0 = Release|Any CPU
		{49BAB4A5-E82F-4ABC-A479-433D9285FB6B}.Debug|Any CPU.ActiveCfg = Debug|Any CPU
		{49BAB4A5-E82F-4ABC-A479-433D9285FB6B}.Debug|Any CPU.Build.0 = Debug|Any CPU
		{49BAB4A5-E82F-4ABC-A479-433D9285FB6B}.Release|Any CPU.ActiveCfg = Release|Any CPU
		{49BAB4A5-E82F-4ABC-A479-433D9285FB6B}.Release|Any CPU.Build.0 = Release|Any CPU
		{CEAA02AE-EB52-4E2D-A8F7-AC0424450740}.Debug|Any CPU.ActiveCfg = Debug|Any CPU
		{CEAA02AE-EB52-4E2D-A8F7-AC0424450740}.Debug|Any CPU.Build.0 = Debug|Any CPU
		{CEAA02AE-EB52-4E2D-A8F7-AC0424450740}.Release|Any CPU.ActiveCfg = Release|Any CPU
		{CEAA02AE-EB52-4E2D-A8F7-AC0424450740}.Release|Any CPU.Build.0 = Release|Any CPU
		{917DDA37-A0F1-4304-8DE4-7957D49125C6}.Debug|Any CPU.ActiveCfg = Debug|Any CPU
		{917DDA37-A0F1-4304-8DE4-7957D49125C6}.Debug|Any CPU.Build.0 = Debug|Any CPU
		{917DDA37-A0F1-4304-8DE4-7957D49125C6}.Release|Any CPU.ActiveCfg = Release|Any CPU
		{917DDA37-A0F1-4304-8DE4-7957D49125C6}.Release|Any CPU.Build.0 = Release|Any CPU
		{661C5DAB-B800-4AF8-9149-4F50D446E9B3}.Debug|Any CPU.ActiveCfg = Debug|Any CPU
		{661C5DAB-B800-4AF8-9149-4F50D446E9B3}.Debug|Any CPU.Build.0 = Debug|Any CPU
		{661C5DAB-B800-4AF8-9149-4F50D446E9B3}.Release|Any CPU.ActiveCfg = Release|Any CPU
		{661C5DAB-B800-4AF8-9149-4F50D446E9B3}.Release|Any CPU.Build.0 = Release|Any CPU
		{A8E3D420-EAAA-4D05-8D49-AC1FEE33D9BD}.Debug|Any CPU.ActiveCfg = Debug|Any CPU
		{A8E3D420-EAAA-4D05-8D49-AC1FEE33D9BD}.Debug|Any CPU.Build.0 = Debug|Any CPU
		{A8E3D420-EAAA-4D05-8D49-AC1FEE33D9BD}.Release|Any CPU.ActiveCfg = Release|Any CPU
		{A8E3D420-EAAA-4D05-8D49-AC1FEE33D9BD}.Release|Any CPU.Build.0 = Release|Any CPU
		{330A1434-5B28-46FC-9E6F-09C243B574F1}.Debug|Any CPU.ActiveCfg = Debug|Any CPU
		{330A1434-5B28-46FC-9E6F-09C243B574F1}.Debug|Any CPU.Build.0 = Debug|Any CPU
		{330A1434-5B28-46FC-9E6F-09C243B574F1}.Release|Any CPU.ActiveCfg = Release|Any CPU
		{330A1434-5B28-46FC-9E6F-09C243B574F1}.Release|Any CPU.Build.0 = Release|Any CPU
		{DAC49EF3-8FFE-49CC-807B-909322EE0D18}.Debug|Any CPU.ActiveCfg = Debug|Any CPU
		{DAC49EF3-8FFE-49CC-807B-909322EE0D18}.Debug|Any CPU.Build.0 = Debug|Any CPU
		{DAC49EF3-8FFE-49CC-807B-909322EE0D18}.Release|Any CPU.ActiveCfg = Release|Any CPU
		{DAC49EF3-8FFE-49CC-807B-909322EE0D18}.Release|Any CPU.Build.0 = Release|Any CPU
		{DC747A2D-2729-4D54-BB46-FDD7410180E4}.Debug|Any CPU.ActiveCfg = Debug|Any CPU
		{DC747A2D-2729-4D54-BB46-FDD7410180E4}.Debug|Any CPU.Build.0 = Debug|Any CPU
		{DC747A2D-2729-4D54-BB46-FDD7410180E4}.Release|Any CPU.ActiveCfg = Release|Any CPU
		{DC747A2D-2729-4D54-BB46-FDD7410180E4}.Release|Any CPU.Build.0 = Release|Any CPU
		{18E04762-B62E-46C1-8B20-336CD928C990}.Debug|Any CPU.ActiveCfg = Debug|Any CPU
		{18E04762-B62E-46C1-8B20-336CD928C990}.Debug|Any CPU.Build.0 = Debug|Any CPU
		{18E04762-B62E-46C1-8B20-336CD928C990}.Release|Any CPU.ActiveCfg = Release|Any CPU
		{18E04762-B62E-46C1-8B20-336CD928C990}.Release|Any CPU.Build.0 = Release|Any CPU
		{B301735F-954F-4F53-9393-955279E36E27}.Debug|Any CPU.ActiveCfg = Debug|Any CPU
		{B301735F-954F-4F53-9393-955279E36E27}.Debug|Any CPU.Build.0 = Debug|Any CPU
		{B301735F-954F-4F53-9393-955279E36E27}.Release|Any CPU.ActiveCfg = Release|Any CPU
		{B301735F-954F-4F53-9393-955279E36E27}.Release|Any CPU.Build.0 = Release|Any CPU
		{AB03CB1B-0B2C-4023-812D-57353FA3417E}.Debug|Any CPU.ActiveCfg = Debug|Any CPU
		{AB03CB1B-0B2C-4023-812D-57353FA3417E}.Debug|Any CPU.Build.0 = Debug|Any CPU
		{AB03CB1B-0B2C-4023-812D-57353FA3417E}.Release|Any CPU.ActiveCfg = Release|Any CPU
		{AB03CB1B-0B2C-4023-812D-57353FA3417E}.Release|Any CPU.Build.0 = Release|Any CPU
		{6C0FD25D-3F5B-4421-A5F1-AB4DEED87D68}.Debug|Any CPU.ActiveCfg = Debug|Any CPU
		{6C0FD25D-3F5B-4421-A5F1-AB4DEED87D68}.Debug|Any CPU.Build.0 = Debug|Any CPU
		{6C0FD25D-3F5B-4421-A5F1-AB4DEED87D68}.Release|Any CPU.ActiveCfg = Release|Any CPU
		{6C0FD25D-3F5B-4421-A5F1-AB4DEED87D68}.Release|Any CPU.Build.0 = Release|Any CPU
		{349FBBB8-5BF6-4D96-A708-8DBF96796B9A}.Debug|Any CPU.ActiveCfg = Debug|Any CPU
		{349FBBB8-5BF6-4D96-A708-8DBF96796B9A}.Debug|Any CPU.Build.0 = Debug|Any CPU
		{349FBBB8-5BF6-4D96-A708-8DBF96796B9A}.Release|Any CPU.ActiveCfg = Release|Any CPU
		{349FBBB8-5BF6-4D96-A708-8DBF96796B9A}.Release|Any CPU.Build.0 = Release|Any CPU
		{85E66FF8-C3D8-4E6E-8B40-CFB73699D6ED}.Debug|Any CPU.ActiveCfg = Debug|Any CPU
		{85E66FF8-C3D8-4E6E-8B40-CFB73699D6ED}.Debug|Any CPU.Build.0 = Debug|Any CPU
		{85E66FF8-C3D8-4E6E-8B40-CFB73699D6ED}.Release|Any CPU.ActiveCfg = Release|Any CPU
		{85E66FF8-C3D8-4E6E-8B40-CFB73699D6ED}.Release|Any CPU.Build.0 = Release|Any CPU
		{DDDBE6F0-3C3B-4FCC-95A5-90C1DACFCD47}.Debug|Any CPU.ActiveCfg = Debug|Any CPU
		{DDDBE6F0-3C3B-4FCC-95A5-90C1DACFCD47}.Debug|Any CPU.Build.0 = Debug|Any CPU
		{DDDBE6F0-3C3B-4FCC-95A5-90C1DACFCD47}.Release|Any CPU.ActiveCfg = Release|Any CPU
		{DDDBE6F0-3C3B-4FCC-95A5-90C1DACFCD47}.Release|Any CPU.Build.0 = Release|Any CPU
		{EB5C1C2D-EF8E-4906-8F19-CEFF39820729}.Debug|Any CPU.ActiveCfg = Debug|Any CPU
		{EB5C1C2D-EF8E-4906-8F19-CEFF39820729}.Debug|Any CPU.Build.0 = Debug|Any CPU
		{EB5C1C2D-EF8E-4906-8F19-CEFF39820729}.Release|Any CPU.ActiveCfg = Release|Any CPU
		{EB5C1C2D-EF8E-4906-8F19-CEFF39820729}.Release|Any CPU.Build.0 = Release|Any CPU
		{48966C8B-07B2-4715-8553-9D56F70DEC8F}.Debug|Any CPU.ActiveCfg = Debug|Any CPU
		{48966C8B-07B2-4715-8553-9D56F70DEC8F}.Debug|Any CPU.Build.0 = Debug|Any CPU
		{48966C8B-07B2-4715-8553-9D56F70DEC8F}.Release|Any CPU.ActiveCfg = Release|Any CPU
		{48966C8B-07B2-4715-8553-9D56F70DEC8F}.Release|Any CPU.Build.0 = Release|Any CPU
		{F72D5B05-CFD2-4940-BA54-4FC95A77C4F8}.Debug|Any CPU.ActiveCfg = Debug|Any CPU
		{F72D5B05-CFD2-4940-BA54-4FC95A77C4F8}.Debug|Any CPU.Build.0 = Debug|Any CPU
		{F72D5B05-CFD2-4940-BA54-4FC95A77C4F8}.Release|Any CPU.ActiveCfg = Release|Any CPU
		{F72D5B05-CFD2-4940-BA54-4FC95A77C4F8}.Release|Any CPU.Build.0 = Release|Any CPU
		{E159960D-E0BD-4E17-9F5C-71951EB7537E}.Debug|Any CPU.ActiveCfg = Debug|Any CPU
		{E159960D-E0BD-4E17-9F5C-71951EB7537E}.Debug|Any CPU.Build.0 = Debug|Any CPU
		{E159960D-E0BD-4E17-9F5C-71951EB7537E}.Release|Any CPU.ActiveCfg = Release|Any CPU
		{E159960D-E0BD-4E17-9F5C-71951EB7537E}.Release|Any CPU.Build.0 = Release|Any CPU
		{B3885291-D383-4F18-8211-4FCF2EEB45AE}.Debug|Any CPU.ActiveCfg = Debug|Any CPU
		{B3885291-D383-4F18-8211-4FCF2EEB45AE}.Debug|Any CPU.Build.0 = Debug|Any CPU
		{B3885291-D383-4F18-8211-4FCF2EEB45AE}.Release|Any CPU.ActiveCfg = Release|Any CPU
		{B3885291-D383-4F18-8211-4FCF2EEB45AE}.Release|Any CPU.Build.0 = Release|Any CPU
		{C7B147C4-07EB-4B63-AB53-5A950EA40F38}.Debug|Any CPU.ActiveCfg = Debug|Any CPU
		{C7B147C4-07EB-4B63-AB53-5A950EA40F38}.Debug|Any CPU.Build.0 = Debug|Any CPU
		{C7B147C4-07EB-4B63-AB53-5A950EA40F38}.Release|Any CPU.ActiveCfg = Release|Any CPU
		{C7B147C4-07EB-4B63-AB53-5A950EA40F38}.Release|Any CPU.Build.0 = Release|Any CPU
		{35092A75-0C9E-4856-BB31-3ADD46C49FCA}.Debug|Any CPU.ActiveCfg = Debug|Any CPU
		{35092A75-0C9E-4856-BB31-3ADD46C49FCA}.Debug|Any CPU.Build.0 = Debug|Any CPU
		{35092A75-0C9E-4856-BB31-3ADD46C49FCA}.Release|Any CPU.ActiveCfg = Release|Any CPU
		{35092A75-0C9E-4856-BB31-3ADD46C49FCA}.Release|Any CPU.Build.0 = Release|Any CPU
		{80051441-0DC9-450C-B568-911BCE0C0FD3}.Debug|Any CPU.ActiveCfg = Debug|Any CPU
		{80051441-0DC9-450C-B568-911BCE0C0FD3}.Debug|Any CPU.Build.0 = Debug|Any CPU
		{80051441-0DC9-450C-B568-911BCE0C0FD3}.Release|Any CPU.ActiveCfg = Release|Any CPU
		{80051441-0DC9-450C-B568-911BCE0C0FD3}.Release|Any CPU.Build.0 = Release|Any CPU
		{37A5B0B7-30C8-4D27-9C7E-9577AF8EB57E}.Debug|Any CPU.ActiveCfg = Debug|Any CPU
		{37A5B0B7-30C8-4D27-9C7E-9577AF8EB57E}.Debug|Any CPU.Build.0 = Debug|Any CPU
		{37A5B0B7-30C8-4D27-9C7E-9577AF8EB57E}.Release|Any CPU.ActiveCfg = Release|Any CPU
		{37A5B0B7-30C8-4D27-9C7E-9577AF8EB57E}.Release|Any CPU.Build.0 = Release|Any CPU
		{3F3C1DD4-07F1-410F-82F8-B72B206F4E38}.Debug|Any CPU.ActiveCfg = Debug|Any CPU
		{3F3C1DD4-07F1-410F-82F8-B72B206F4E38}.Debug|Any CPU.Build.0 = Debug|Any CPU
		{3F3C1DD4-07F1-410F-82F8-B72B206F4E38}.Release|Any CPU.ActiveCfg = Release|Any CPU
		{3F3C1DD4-07F1-410F-82F8-B72B206F4E38}.Release|Any CPU.Build.0 = Release|Any CPU
		{C0B2E13B-D884-4DD0-A9FE-1871E4BEC4FB}.Debug|Any CPU.ActiveCfg = Debug|Any CPU
		{C0B2E13B-D884-4DD0-A9FE-1871E4BEC4FB}.Debug|Any CPU.Build.0 = Debug|Any CPU
		{C0B2E13B-D884-4DD0-A9FE-1871E4BEC4FB}.Release|Any CPU.ActiveCfg = Release|Any CPU
		{C0B2E13B-D884-4DD0-A9FE-1871E4BEC4FB}.Release|Any CPU.Build.0 = Release|Any CPU
		{5F0F241C-4A46-4700-958E-69B081C1D7F7}.Debug|Any CPU.ActiveCfg = Debug|Any CPU
		{5F0F241C-4A46-4700-958E-69B081C1D7F7}.Debug|Any CPU.Build.0 = Debug|Any CPU
		{5F0F241C-4A46-4700-958E-69B081C1D7F7}.Release|Any CPU.ActiveCfg = Release|Any CPU
		{5F0F241C-4A46-4700-958E-69B081C1D7F7}.Release|Any CPU.Build.0 = Release|Any CPU
		{33663B89-A73E-4746-804C-8FE1A47E4CEE}.Debug|Any CPU.ActiveCfg = Debug|Any CPU
		{33663B89-A73E-4746-804C-8FE1A47E4CEE}.Debug|Any CPU.Build.0 = Debug|Any CPU
		{33663B89-A73E-4746-804C-8FE1A47E4CEE}.Release|Any CPU.ActiveCfg = Release|Any CPU
		{33663B89-A73E-4746-804C-8FE1A47E4CEE}.Release|Any CPU.Build.0 = Release|Any CPU
		{D2E8938C-0619-4DF1-8623-D2E46F43CC99}.Debug|Any CPU.ActiveCfg = Debug|Any CPU
		{D2E8938C-0619-4DF1-8623-D2E46F43CC99}.Debug|Any CPU.Build.0 = Debug|Any CPU
		{D2E8938C-0619-4DF1-8623-D2E46F43CC99}.Release|Any CPU.ActiveCfg = Release|Any CPU
		{D2E8938C-0619-4DF1-8623-D2E46F43CC99}.Release|Any CPU.Build.0 = Release|Any CPU
		{770C3422-2A1F-4F34-964A-205CCAF6D133}.Debug|Any CPU.ActiveCfg = Debug|Any CPU
		{770C3422-2A1F-4F34-964A-205CCAF6D133}.Debug|Any CPU.Build.0 = Debug|Any CPU
		{770C3422-2A1F-4F34-964A-205CCAF6D133}.Release|Any CPU.ActiveCfg = Release|Any CPU
		{770C3422-2A1F-4F34-964A-205CCAF6D133}.Release|Any CPU.Build.0 = Release|Any CPU
		{20A0069D-06D8-40F2-91F4-8856EB4A20DD}.Debug|Any CPU.ActiveCfg = Debug|Any CPU
		{20A0069D-06D8-40F2-91F4-8856EB4A20DD}.Debug|Any CPU.Build.0 = Debug|Any CPU
		{20A0069D-06D8-40F2-91F4-8856EB4A20DD}.Release|Any CPU.ActiveCfg = Release|Any CPU
		{20A0069D-06D8-40F2-91F4-8856EB4A20DD}.Release|Any CPU.Build.0 = Release|Any CPU
		{AC006CD7-DCBA-44A2-ADCF-124AB7C4402E}.Debug|Any CPU.ActiveCfg = Debug|Any CPU
		{AC006CD7-DCBA-44A2-ADCF-124AB7C4402E}.Debug|Any CPU.Build.0 = Debug|Any CPU
		{AC006CD7-DCBA-44A2-ADCF-124AB7C4402E}.Release|Any CPU.ActiveCfg = Release|Any CPU
		{AC006CD7-DCBA-44A2-ADCF-124AB7C4402E}.Release|Any CPU.Build.0 = Release|Any CPU
		{207AB274-A296-43B4-A5EA-A28643914797}.Debug|Any CPU.ActiveCfg = Debug|Any CPU
		{207AB274-A296-43B4-A5EA-A28643914797}.Debug|Any CPU.Build.0 = Debug|Any CPU
		{207AB274-A296-43B4-A5EA-A28643914797}.Release|Any CPU.ActiveCfg = Release|Any CPU
		{207AB274-A296-43B4-A5EA-A28643914797}.Release|Any CPU.Build.0 = Release|Any CPU
		{34936480-EAF8-42DC-BBCB-CAA488125D45}.Debug|Any CPU.ActiveCfg = Debug|Any CPU
		{34936480-EAF8-42DC-BBCB-CAA488125D45}.Debug|Any CPU.Build.0 = Debug|Any CPU
		{34936480-EAF8-42DC-BBCB-CAA488125D45}.Release|Any CPU.ActiveCfg = Release|Any CPU
		{34936480-EAF8-42DC-BBCB-CAA488125D45}.Release|Any CPU.Build.0 = Release|Any CPU
		{05940BC1-E3A2-4C14-B16E-947C8EAD0613}.Debug|Any CPU.ActiveCfg = Debug|Any CPU
		{05940BC1-E3A2-4C14-B16E-947C8EAD0613}.Debug|Any CPU.Build.0 = Debug|Any CPU
		{05940BC1-E3A2-4C14-B16E-947C8EAD0613}.Release|Any CPU.ActiveCfg = Release|Any CPU
		{05940BC1-E3A2-4C14-B16E-947C8EAD0613}.Release|Any CPU.Build.0 = Release|Any CPU
		{CF30F1EB-A27D-49F2-833F-032C86689065}.Debug|Any CPU.ActiveCfg = Debug|Any CPU
		{CF30F1EB-A27D-49F2-833F-032C86689065}.Debug|Any CPU.Build.0 = Debug|Any CPU
		{CF30F1EB-A27D-49F2-833F-032C86689065}.Release|Any CPU.ActiveCfg = Release|Any CPU
		{CF30F1EB-A27D-49F2-833F-032C86689065}.Release|Any CPU.Build.0 = Release|Any CPU
		{DD95CBF9-F46B-44B9-B441-CCD9B6F0B6F8}.Debug|Any CPU.ActiveCfg = Debug|Any CPU
		{DD95CBF9-F46B-44B9-B441-CCD9B6F0B6F8}.Debug|Any CPU.Build.0 = Debug|Any CPU
		{DD95CBF9-F46B-44B9-B441-CCD9B6F0B6F8}.Release|Any CPU.ActiveCfg = Release|Any CPU
		{DD95CBF9-F46B-44B9-B441-CCD9B6F0B6F8}.Release|Any CPU.Build.0 = Release|Any CPU
		{8BBA45D7-DC30-462D-A084-90466ED972ED}.Debug|Any CPU.ActiveCfg = Debug|Any CPU
		{8BBA45D7-DC30-462D-A084-90466ED972ED}.Debug|Any CPU.Build.0 = Debug|Any CPU
		{8BBA45D7-DC30-462D-A084-90466ED972ED}.Release|Any CPU.ActiveCfg = Release|Any CPU
		{8BBA45D7-DC30-462D-A084-90466ED972ED}.Release|Any CPU.Build.0 = Release|Any CPU
		{2AB4B1F8-9371-4B61-A4B0-6CBCF577804C}.Debug|Any CPU.ActiveCfg = Debug|Any CPU
		{2AB4B1F8-9371-4B61-A4B0-6CBCF577804C}.Debug|Any CPU.Build.0 = Debug|Any CPU
		{2AB4B1F8-9371-4B61-A4B0-6CBCF577804C}.Release|Any CPU.ActiveCfg = Release|Any CPU
		{2AB4B1F8-9371-4B61-A4B0-6CBCF577804C}.Release|Any CPU.Build.0 = Release|Any CPU
		{DD6B9AA2-7869-458E-B158-216411E72BA4}.Debug|Any CPU.ActiveCfg = Debug|Any CPU
		{DD6B9AA2-7869-458E-B158-216411E72BA4}.Debug|Any CPU.Build.0 = Debug|Any CPU
		{DD6B9AA2-7869-458E-B158-216411E72BA4}.Release|Any CPU.ActiveCfg = Release|Any CPU
		{DD6B9AA2-7869-458E-B158-216411E72BA4}.Release|Any CPU.Build.0 = Release|Any CPU
		{B50D9709-0408-42F6-AD35-81E8B985EC9C}.Debug|Any CPU.ActiveCfg = Debug|Any CPU
		{B50D9709-0408-42F6-AD35-81E8B985EC9C}.Debug|Any CPU.Build.0 = Debug|Any CPU
		{B50D9709-0408-42F6-AD35-81E8B985EC9C}.Release|Any CPU.ActiveCfg = Release|Any CPU
		{B50D9709-0408-42F6-AD35-81E8B985EC9C}.Release|Any CPU.Build.0 = Release|Any CPU
		{D14B7133-8C8F-48A6-8591-2139FB740707}.Debug|Any CPU.ActiveCfg = Debug|Any CPU
		{D14B7133-8C8F-48A6-8591-2139FB740707}.Debug|Any CPU.Build.0 = Debug|Any CPU
		{D14B7133-8C8F-48A6-8591-2139FB740707}.Release|Any CPU.ActiveCfg = Release|Any CPU
		{D14B7133-8C8F-48A6-8591-2139FB740707}.Release|Any CPU.Build.0 = Release|Any CPU
		{59BA9135-1E75-4479-8BE8-4BD4614CBED2}.Debug|Any CPU.ActiveCfg = Debug|Any CPU
		{59BA9135-1E75-4479-8BE8-4BD4614CBED2}.Debug|Any CPU.Build.0 = Debug|Any CPU
		{59BA9135-1E75-4479-8BE8-4BD4614CBED2}.Release|Any CPU.ActiveCfg = Release|Any CPU
		{59BA9135-1E75-4479-8BE8-4BD4614CBED2}.Release|Any CPU.Build.0 = Release|Any CPU
		{8B255120-8FE8-4369-9C5E-C4940FF25821}.Debug|Any CPU.ActiveCfg = Debug|Any CPU
		{8B255120-8FE8-4369-9C5E-C4940FF25821}.Debug|Any CPU.Build.0 = Debug|Any CPU
		{8B255120-8FE8-4369-9C5E-C4940FF25821}.Release|Any CPU.ActiveCfg = Release|Any CPU
		{8B255120-8FE8-4369-9C5E-C4940FF25821}.Release|Any CPU.Build.0 = Release|Any CPU
		{394DF62F-444B-4240-B60B-C2AED772A751}.Debug|Any CPU.ActiveCfg = Debug|Any CPU
		{394DF62F-444B-4240-B60B-C2AED772A751}.Debug|Any CPU.Build.0 = Debug|Any CPU
		{394DF62F-444B-4240-B60B-C2AED772A751}.Release|Any CPU.ActiveCfg = Release|Any CPU
		{394DF62F-444B-4240-B60B-C2AED772A751}.Release|Any CPU.Build.0 = Release|Any CPU
		{B6D82BAA-74BF-4CE8-9B6B-871C9C19BA0D}.Debug|Any CPU.ActiveCfg = Debug|Any CPU
		{B6D82BAA-74BF-4CE8-9B6B-871C9C19BA0D}.Debug|Any CPU.Build.0 = Debug|Any CPU
		{B6D82BAA-74BF-4CE8-9B6B-871C9C19BA0D}.Release|Any CPU.ActiveCfg = Release|Any CPU
		{B6D82BAA-74BF-4CE8-9B6B-871C9C19BA0D}.Release|Any CPU.Build.0 = Release|Any CPU
		{5B6103AC-66FF-4043-8F2E-EDB5555EC292}.Debug|Any CPU.ActiveCfg = Debug|Any CPU
		{5B6103AC-66FF-4043-8F2E-EDB5555EC292}.Debug|Any CPU.Build.0 = Debug|Any CPU
		{5B6103AC-66FF-4043-8F2E-EDB5555EC292}.Release|Any CPU.ActiveCfg = Release|Any CPU
		{5B6103AC-66FF-4043-8F2E-EDB5555EC292}.Release|Any CPU.Build.0 = Release|Any CPU
		{532845D0-91BA-4784-BF48-FB3428381EC3}.Debug|Any CPU.ActiveCfg = Debug|Any CPU
		{532845D0-91BA-4784-BF48-FB3428381EC3}.Debug|Any CPU.Build.0 = Debug|Any CPU
		{532845D0-91BA-4784-BF48-FB3428381EC3}.Release|Any CPU.ActiveCfg = Release|Any CPU
		{532845D0-91BA-4784-BF48-FB3428381EC3}.Release|Any CPU.Build.0 = Release|Any CPU
		{73C942A1-A4D7-4474-82E5-9AB787A44526}.Debug|Any CPU.ActiveCfg = Debug|Any CPU
		{73C942A1-A4D7-4474-82E5-9AB787A44526}.Debug|Any CPU.Build.0 = Debug|Any CPU
		{73C942A1-A4D7-4474-82E5-9AB787A44526}.Release|Any CPU.ActiveCfg = Release|Any CPU
		{73C942A1-A4D7-4474-82E5-9AB787A44526}.Release|Any CPU.Build.0 = Release|Any CPU
		{7B6D67F9-CCD6-46FD-8B59-CA7D62F6A228}.Debug|Any CPU.ActiveCfg = Debug|Any CPU
		{7B6D67F9-CCD6-46FD-8B59-CA7D62F6A228}.Debug|Any CPU.Build.0 = Debug|Any CPU
		{7B6D67F9-CCD6-46FD-8B59-CA7D62F6A228}.Release|Any CPU.ActiveCfg = Release|Any CPU
		{7B6D67F9-CCD6-46FD-8B59-CA7D62F6A228}.Release|Any CPU.Build.0 = Release|Any CPU
		{0F78CBC5-77DA-428D-82DC-D63CCB6DB6EA}.Debug|Any CPU.ActiveCfg = Debug|Any CPU
		{0F78CBC5-77DA-428D-82DC-D63CCB6DB6EA}.Debug|Any CPU.Build.0 = Debug|Any CPU
		{0F78CBC5-77DA-428D-82DC-D63CCB6DB6EA}.Release|Any CPU.ActiveCfg = Release|Any CPU
		{0F78CBC5-77DA-428D-82DC-D63CCB6DB6EA}.Release|Any CPU.Build.0 = Release|Any CPU
		{9F86DDC0-8C42-49FC-8D48-B68A2503CA9F}.Debug|Any CPU.ActiveCfg = Debug|Any CPU
		{9F86DDC0-8C42-49FC-8D48-B68A2503CA9F}.Debug|Any CPU.Build.0 = Debug|Any CPU
		{9F86DDC0-8C42-49FC-8D48-B68A2503CA9F}.Release|Any CPU.ActiveCfg = Release|Any CPU
		{9F86DDC0-8C42-49FC-8D48-B68A2503CA9F}.Release|Any CPU.Build.0 = Release|Any CPU
		{1490F79C-8D64-4C3E-A224-B5F0CDA94313}.Debug|Any CPU.ActiveCfg = Debug|Any CPU
		{1490F79C-8D64-4C3E-A224-B5F0CDA94313}.Debug|Any CPU.Build.0 = Debug|Any CPU
		{1490F79C-8D64-4C3E-A224-B5F0CDA94313}.Release|Any CPU.ActiveCfg = Release|Any CPU
		{1490F79C-8D64-4C3E-A224-B5F0CDA94313}.Release|Any CPU.Build.0 = Release|Any CPU
		{D44678B5-CC33-41B3-B446-8D2AB5A667D2}.Debug|Any CPU.ActiveCfg = Debug|Any CPU
		{D44678B5-CC33-41B3-B446-8D2AB5A667D2}.Debug|Any CPU.Build.0 = Debug|Any CPU
		{D44678B5-CC33-41B3-B446-8D2AB5A667D2}.Release|Any CPU.ActiveCfg = Release|Any CPU
		{D44678B5-CC33-41B3-B446-8D2AB5A667D2}.Release|Any CPU.Build.0 = Release|Any CPU
		{465E733C-FCE9-4566-9326-2CE3B0EE3D44}.Debug|Any CPU.ActiveCfg = Debug|Any CPU
		{465E733C-FCE9-4566-9326-2CE3B0EE3D44}.Debug|Any CPU.Build.0 = Debug|Any CPU
		{465E733C-FCE9-4566-9326-2CE3B0EE3D44}.Release|Any CPU.ActiveCfg = Release|Any CPU
		{465E733C-FCE9-4566-9326-2CE3B0EE3D44}.Release|Any CPU.Build.0 = Release|Any CPU
		{AC64EF94-F7FF-45CB-A275-C490B6A4D56F}.Debug|Any CPU.ActiveCfg = Debug|Any CPU
		{AC64EF94-F7FF-45CB-A275-C490B6A4D56F}.Debug|Any CPU.Build.0 = Debug|Any CPU
		{AC64EF94-F7FF-45CB-A275-C490B6A4D56F}.Release|Any CPU.ActiveCfg = Release|Any CPU
		{AC64EF94-F7FF-45CB-A275-C490B6A4D56F}.Release|Any CPU.Build.0 = Release|Any CPU
		{9A9DA179-67FD-4CFE-BAA6-9308F4978E74}.Debug|Any CPU.ActiveCfg = Debug|Any CPU
		{9A9DA179-67FD-4CFE-BAA6-9308F4978E74}.Debug|Any CPU.Build.0 = Debug|Any CPU
		{9A9DA179-67FD-4CFE-BAA6-9308F4978E74}.Release|Any CPU.ActiveCfg = Release|Any CPU
		{9A9DA179-67FD-4CFE-BAA6-9308F4978E74}.Release|Any CPU.Build.0 = Release|Any CPU
		{A4438094-D731-4A53-AD69-1EE7CE6FDECB}.Debug|Any CPU.ActiveCfg = Debug|Any CPU
		{A4438094-D731-4A53-AD69-1EE7CE6FDECB}.Debug|Any CPU.Build.0 = Debug|Any CPU
		{A4438094-D731-4A53-AD69-1EE7CE6FDECB}.Release|Any CPU.ActiveCfg = Release|Any CPU
		{A4438094-D731-4A53-AD69-1EE7CE6FDECB}.Release|Any CPU.Build.0 = Release|Any CPU
		{BB027514-FB68-447E-83C0-74106A0984F9}.Debug|Any CPU.ActiveCfg = Debug|Any CPU
		{BB027514-FB68-447E-83C0-74106A0984F9}.Debug|Any CPU.Build.0 = Debug|Any CPU
		{BB027514-FB68-447E-83C0-74106A0984F9}.Release|Any CPU.ActiveCfg = Release|Any CPU
		{BB027514-FB68-447E-83C0-74106A0984F9}.Release|Any CPU.Build.0 = Release|Any CPU
		{ED092A8E-8091-4EA9-97A5-1B05F4323EDF}.Debug|Any CPU.ActiveCfg = Debug|Any CPU
		{ED092A8E-8091-4EA9-97A5-1B05F4323EDF}.Debug|Any CPU.Build.0 = Debug|Any CPU
		{ED092A8E-8091-4EA9-97A5-1B05F4323EDF}.Release|Any CPU.ActiveCfg = Release|Any CPU
		{ED092A8E-8091-4EA9-97A5-1B05F4323EDF}.Release|Any CPU.Build.0 = Release|Any CPU
		{F0650CE1-92FC-471A-B5E1-388DA8290115}.Debug|Any CPU.ActiveCfg = Debug|Any CPU
		{F0650CE1-92FC-471A-B5E1-388DA8290115}.Debug|Any CPU.Build.0 = Debug|Any CPU
		{F0650CE1-92FC-471A-B5E1-388DA8290115}.Release|Any CPU.ActiveCfg = Release|Any CPU
		{F0650CE1-92FC-471A-B5E1-388DA8290115}.Release|Any CPU.Build.0 = Release|Any CPU
		{89C3D58F-5CA4-4663-B6F7-551F061DF1E6}.Debug|Any CPU.ActiveCfg = Debug|Any CPU
		{89C3D58F-5CA4-4663-B6F7-551F061DF1E6}.Debug|Any CPU.Build.0 = Debug|Any CPU
		{89C3D58F-5CA4-4663-B6F7-551F061DF1E6}.Release|Any CPU.ActiveCfg = Release|Any CPU
		{89C3D58F-5CA4-4663-B6F7-551F061DF1E6}.Release|Any CPU.Build.0 = Release|Any CPU
		{9B3D2B58-ADE4-436B-B2D3-55FBA10E1BA8}.Debug|Any CPU.ActiveCfg = Debug|Any CPU
		{9B3D2B58-ADE4-436B-B2D3-55FBA10E1BA8}.Debug|Any CPU.Build.0 = Debug|Any CPU
		{9B3D2B58-ADE4-436B-B2D3-55FBA10E1BA8}.Release|Any CPU.ActiveCfg = Release|Any CPU
		{9B3D2B58-ADE4-436B-B2D3-55FBA10E1BA8}.Release|Any CPU.Build.0 = Release|Any CPU
		{6DCC17E2-7057-4226-919E-25570A33F825}.Debug|Any CPU.ActiveCfg = Debug|Any CPU
		{6DCC17E2-7057-4226-919E-25570A33F825}.Debug|Any CPU.Build.0 = Debug|Any CPU
		{6DCC17E2-7057-4226-919E-25570A33F825}.Release|Any CPU.ActiveCfg = Release|Any CPU
		{6DCC17E2-7057-4226-919E-25570A33F825}.Release|Any CPU.Build.0 = Release|Any CPU
		{834303B4-ED30-4C91-B835-B51B5CEDD70E}.Debug|Any CPU.ActiveCfg = Debug|Any CPU
		{834303B4-ED30-4C91-B835-B51B5CEDD70E}.Debug|Any CPU.Build.0 = Debug|Any CPU
		{834303B4-ED30-4C91-B835-B51B5CEDD70E}.Release|Any CPU.ActiveCfg = Release|Any CPU
		{834303B4-ED30-4C91-B835-B51B5CEDD70E}.Release|Any CPU.Build.0 = Release|Any CPU
		{B3A02C26-05F2-4109-9A00-E043C497C19A}.Debug|Any CPU.ActiveCfg = Debug|Any CPU
		{B3A02C26-05F2-4109-9A00-E043C497C19A}.Debug|Any CPU.Build.0 = Debug|Any CPU
		{B3A02C26-05F2-4109-9A00-E043C497C19A}.Release|Any CPU.ActiveCfg = Release|Any CPU
		{B3A02C26-05F2-4109-9A00-E043C497C19A}.Release|Any CPU.Build.0 = Release|Any CPU
		{EF203147-3552-4FFD-B4C2-78700CDEF29D}.Debug|Any CPU.ActiveCfg = Debug|Any CPU
		{EF203147-3552-4FFD-B4C2-78700CDEF29D}.Debug|Any CPU.Build.0 = Debug|Any CPU
		{EF203147-3552-4FFD-B4C2-78700CDEF29D}.Release|Any CPU.ActiveCfg = Release|Any CPU
		{EF203147-3552-4FFD-B4C2-78700CDEF29D}.Release|Any CPU.Build.0 = Release|Any CPU
		{6D75E2AF-E46B-4358-84AD-EC04A0A951F6}.Debug|Any CPU.ActiveCfg = Debug|Any CPU
		{6D75E2AF-E46B-4358-84AD-EC04A0A951F6}.Debug|Any CPU.Build.0 = Debug|Any CPU
		{6D75E2AF-E46B-4358-84AD-EC04A0A951F6}.Release|Any CPU.ActiveCfg = Release|Any CPU
		{6D75E2AF-E46B-4358-84AD-EC04A0A951F6}.Release|Any CPU.Build.0 = Release|Any CPU
		{8EE2A690-7DA2-4799-B59A-3E8CBC65853B}.Debug|Any CPU.ActiveCfg = Debug|Any CPU
		{8EE2A690-7DA2-4799-B59A-3E8CBC65853B}.Debug|Any CPU.Build.0 = Debug|Any CPU
		{8EE2A690-7DA2-4799-B59A-3E8CBC65853B}.Release|Any CPU.ActiveCfg = Release|Any CPU
		{8EE2A690-7DA2-4799-B59A-3E8CBC65853B}.Release|Any CPU.Build.0 = Release|Any CPU
		{6B1AD57D-A441-4ED9-BE10-23593B9F49EC}.Debug|Any CPU.ActiveCfg = Debug|Any CPU
		{6B1AD57D-A441-4ED9-BE10-23593B9F49EC}.Debug|Any CPU.Build.0 = Debug|Any CPU
		{6B1AD57D-A441-4ED9-BE10-23593B9F49EC}.Release|Any CPU.ActiveCfg = Release|Any CPU
		{6B1AD57D-A441-4ED9-BE10-23593B9F49EC}.Release|Any CPU.Build.0 = Release|Any CPU
		{EE3E890A-4DDC-4F73-93CF-68798642BD37}.Debug|Any CPU.ActiveCfg = Debug|Any CPU
		{EE3E890A-4DDC-4F73-93CF-68798642BD37}.Debug|Any CPU.Build.0 = Debug|Any CPU
		{EE3E890A-4DDC-4F73-93CF-68798642BD37}.Release|Any CPU.ActiveCfg = Release|Any CPU
		{EE3E890A-4DDC-4F73-93CF-68798642BD37}.Release|Any CPU.Build.0 = Release|Any CPU
		{D2A311F7-2175-41C1-A04A-AA0AE441293A}.Debug|Any CPU.ActiveCfg = Debug|Any CPU
		{D2A311F7-2175-41C1-A04A-AA0AE441293A}.Debug|Any CPU.Build.0 = Debug|Any CPU
		{D2A311F7-2175-41C1-A04A-AA0AE441293A}.Release|Any CPU.ActiveCfg = Release|Any CPU
		{D2A311F7-2175-41C1-A04A-AA0AE441293A}.Release|Any CPU.Build.0 = Release|Any CPU
		{54BC1719-AA2F-4B50-9A5D-B18D23C3EA79}.Debug|Any CPU.ActiveCfg = Debug|Any CPU
		{54BC1719-AA2F-4B50-9A5D-B18D23C3EA79}.Debug|Any CPU.Build.0 = Debug|Any CPU
		{54BC1719-AA2F-4B50-9A5D-B18D23C3EA79}.Release|Any CPU.ActiveCfg = Release|Any CPU
		{54BC1719-AA2F-4B50-9A5D-B18D23C3EA79}.Release|Any CPU.Build.0 = Release|Any CPU
		{43E9838C-0490-40F0-A74C-2892B7D9420E}.Debug|Any CPU.ActiveCfg = Debug|Any CPU
		{43E9838C-0490-40F0-A74C-2892B7D9420E}.Debug|Any CPU.Build.0 = Debug|Any CPU
		{43E9838C-0490-40F0-A74C-2892B7D9420E}.Release|Any CPU.ActiveCfg = Release|Any CPU
		{43E9838C-0490-40F0-A74C-2892B7D9420E}.Release|Any CPU.Build.0 = Release|Any CPU
		{D2329A63-DE43-4D25-81D3-0EB9BE47ADF3}.Debug|Any CPU.ActiveCfg = Debug|Any CPU
		{D2329A63-DE43-4D25-81D3-0EB9BE47ADF3}.Debug|Any CPU.Build.0 = Debug|Any CPU
		{D2329A63-DE43-4D25-81D3-0EB9BE47ADF3}.Release|Any CPU.ActiveCfg = Release|Any CPU
		{D2329A63-DE43-4D25-81D3-0EB9BE47ADF3}.Release|Any CPU.Build.0 = Release|Any CPU
		{02E03B46-7112-4A88-9C48-D2361C48B280}.Debug|Any CPU.ActiveCfg = Debug|Any CPU
		{02E03B46-7112-4A88-9C48-D2361C48B280}.Debug|Any CPU.Build.0 = Debug|Any CPU
		{02E03B46-7112-4A88-9C48-D2361C48B280}.Release|Any CPU.ActiveCfg = Release|Any CPU
		{02E03B46-7112-4A88-9C48-D2361C48B280}.Release|Any CPU.Build.0 = Release|Any CPU
		{AFE8DCEF-6CB1-4B45-9F05-E6D98C5009DA}.Debug|Any CPU.ActiveCfg = Debug|Any CPU
		{AFE8DCEF-6CB1-4B45-9F05-E6D98C5009DA}.Debug|Any CPU.Build.0 = Debug|Any CPU
		{AFE8DCEF-6CB1-4B45-9F05-E6D98C5009DA}.Release|Any CPU.ActiveCfg = Release|Any CPU
		{AFE8DCEF-6CB1-4B45-9F05-E6D98C5009DA}.Release|Any CPU.Build.0 = Release|Any CPU
		{991607AA-BE93-44C7-806A-C4DEAB1E2959}.Debug|Any CPU.ActiveCfg = Debug|Any CPU
		{991607AA-BE93-44C7-806A-C4DEAB1E2959}.Debug|Any CPU.Build.0 = Debug|Any CPU
		{991607AA-BE93-44C7-806A-C4DEAB1E2959}.Release|Any CPU.ActiveCfg = Release|Any CPU
		{991607AA-BE93-44C7-806A-C4DEAB1E2959}.Release|Any CPU.Build.0 = Release|Any CPU
		{AF2E504E-67DB-4A45-A5DA-17E148C34619}.Debug|Any CPU.ActiveCfg = Debug|Any CPU
		{AF2E504E-67DB-4A45-A5DA-17E148C34619}.Debug|Any CPU.Build.0 = Debug|Any CPU
		{AF2E504E-67DB-4A45-A5DA-17E148C34619}.Release|Any CPU.ActiveCfg = Release|Any CPU
		{AF2E504E-67DB-4A45-A5DA-17E148C34619}.Release|Any CPU.Build.0 = Release|Any CPU
		{815C7075-3995-4D63-9EAC-FBE694B44F80}.Debug|Any CPU.ActiveCfg = Debug|Any CPU
		{815C7075-3995-4D63-9EAC-FBE694B44F80}.Debug|Any CPU.Build.0 = Debug|Any CPU
		{815C7075-3995-4D63-9EAC-FBE694B44F80}.Release|Any CPU.ActiveCfg = Release|Any CPU
		{815C7075-3995-4D63-9EAC-FBE694B44F80}.Release|Any CPU.Build.0 = Release|Any CPU
		{C144672B-71F8-45AE-BF10-B74C104B0F92}.Debug|Any CPU.ActiveCfg = Debug|Any CPU
		{C144672B-71F8-45AE-BF10-B74C104B0F92}.Debug|Any CPU.Build.0 = Debug|Any CPU
		{C144672B-71F8-45AE-BF10-B74C104B0F92}.Release|Any CPU.ActiveCfg = Release|Any CPU
		{C144672B-71F8-45AE-BF10-B74C104B0F92}.Release|Any CPU.Build.0 = Release|Any CPU
		{E7A5D231-5708-45BE-AFAD-28DA4B1E58BD}.Debug|Any CPU.ActiveCfg = Debug|Any CPU
		{E7A5D231-5708-45BE-AFAD-28DA4B1E58BD}.Debug|Any CPU.Build.0 = Debug|Any CPU
		{E7A5D231-5708-45BE-AFAD-28DA4B1E58BD}.Release|Any CPU.ActiveCfg = Release|Any CPU
		{E7A5D231-5708-45BE-AFAD-28DA4B1E58BD}.Release|Any CPU.Build.0 = Release|Any CPU
		{43458FE2-C577-41ED-8C5E-BA9F949E9A4C}.Debug|Any CPU.ActiveCfg = Debug|Any CPU
		{43458FE2-C577-41ED-8C5E-BA9F949E9A4C}.Debug|Any CPU.Build.0 = Debug|Any CPU
		{43458FE2-C577-41ED-8C5E-BA9F949E9A4C}.Release|Any CPU.ActiveCfg = Release|Any CPU
		{43458FE2-C577-41ED-8C5E-BA9F949E9A4C}.Release|Any CPU.Build.0 = Release|Any CPU
		{33879AE9-E529-4055-8208-2F806053C7B3}.Debug|Any CPU.ActiveCfg = Debug|Any CPU
		{33879AE9-E529-4055-8208-2F806053C7B3}.Debug|Any CPU.Build.0 = Debug|Any CPU
		{33879AE9-E529-4055-8208-2F806053C7B3}.Release|Any CPU.ActiveCfg = Release|Any CPU
		{33879AE9-E529-4055-8208-2F806053C7B3}.Release|Any CPU.Build.0 = Release|Any CPU
		{E4018E3E-7675-4321-A7A1-6F5968913C0F}.Debug|Any CPU.ActiveCfg = Debug|Any CPU
		{E4018E3E-7675-4321-A7A1-6F5968913C0F}.Debug|Any CPU.Build.0 = Debug|Any CPU
		{E4018E3E-7675-4321-A7A1-6F5968913C0F}.Release|Any CPU.ActiveCfg = Release|Any CPU
		{E4018E3E-7675-4321-A7A1-6F5968913C0F}.Release|Any CPU.Build.0 = Release|Any CPU
		{FA8A8040-793F-4121-9972-A68EC0CD56B0}.Debug|Any CPU.ActiveCfg = Debug|Any CPU
		{FA8A8040-793F-4121-9972-A68EC0CD56B0}.Debug|Any CPU.Build.0 = Debug|Any CPU
		{FA8A8040-793F-4121-9972-A68EC0CD56B0}.Release|Any CPU.ActiveCfg = Release|Any CPU
		{FA8A8040-793F-4121-9972-A68EC0CD56B0}.Release|Any CPU.Build.0 = Release|Any CPU
		{21254BDC-8D39-45F6-ADDE-2F9DEAF1A484}.Debug|Any CPU.ActiveCfg = Debug|Any CPU
		{21254BDC-8D39-45F6-ADDE-2F9DEAF1A484}.Debug|Any CPU.Build.0 = Debug|Any CPU
		{21254BDC-8D39-45F6-ADDE-2F9DEAF1A484}.Release|Any CPU.ActiveCfg = Release|Any CPU
		{21254BDC-8D39-45F6-ADDE-2F9DEAF1A484}.Release|Any CPU.Build.0 = Release|Any CPU
		{28588836-A864-4FEE-95FF-23CEC239DEC2}.Debug|Any CPU.ActiveCfg = Debug|Any CPU
		{28588836-A864-4FEE-95FF-23CEC239DEC2}.Debug|Any CPU.Build.0 = Debug|Any CPU
		{28588836-A864-4FEE-95FF-23CEC239DEC2}.Release|Any CPU.ActiveCfg = Release|Any CPU
		{28588836-A864-4FEE-95FF-23CEC239DEC2}.Release|Any CPU.Build.0 = Release|Any CPU
		{02B57028-C769-4350-8A52-971B8473EBE5}.Debug|Any CPU.ActiveCfg = Debug|Any CPU
		{02B57028-C769-4350-8A52-971B8473EBE5}.Debug|Any CPU.Build.0 = Debug|Any CPU
		{02B57028-C769-4350-8A52-971B8473EBE5}.Release|Any CPU.ActiveCfg = Release|Any CPU
		{02B57028-C769-4350-8A52-971B8473EBE5}.Release|Any CPU.Build.0 = Release|Any CPU
		{CA1ECA88-7454-419B-941A-11EB931989E3}.Debug|Any CPU.ActiveCfg = Debug|Any CPU
		{CA1ECA88-7454-419B-941A-11EB931989E3}.Debug|Any CPU.Build.0 = Debug|Any CPU
		{CA1ECA88-7454-419B-941A-11EB931989E3}.Release|Any CPU.ActiveCfg = Release|Any CPU
		{CA1ECA88-7454-419B-941A-11EB931989E3}.Release|Any CPU.Build.0 = Release|Any CPU
		{09B8129F-7058-49C3-A476-45835178B761}.Debug|Any CPU.ActiveCfg = Debug|Any CPU
		{09B8129F-7058-49C3-A476-45835178B761}.Debug|Any CPU.Build.0 = Debug|Any CPU
		{09B8129F-7058-49C3-A476-45835178B761}.Release|Any CPU.ActiveCfg = Release|Any CPU
		{09B8129F-7058-49C3-A476-45835178B761}.Release|Any CPU.Build.0 = Release|Any CPU
		{DA90F0F3-EC44-47CE-B4B0-35EEA320019D}.Debug|Any CPU.ActiveCfg = Debug|Any CPU
		{DA90F0F3-EC44-47CE-B4B0-35EEA320019D}.Debug|Any CPU.Build.0 = Debug|Any CPU
		{DA90F0F3-EC44-47CE-B4B0-35EEA320019D}.Release|Any CPU.ActiveCfg = Release|Any CPU
		{DA90F0F3-EC44-47CE-B4B0-35EEA320019D}.Release|Any CPU.Build.0 = Release|Any CPU
		{C4003C2A-0365-4937-89F7-DEAA6D025A67}.Debug|Any CPU.ActiveCfg = Debug|Any CPU
		{C4003C2A-0365-4937-89F7-DEAA6D025A67}.Debug|Any CPU.Build.0 = Debug|Any CPU
		{C4003C2A-0365-4937-89F7-DEAA6D025A67}.Release|Any CPU.ActiveCfg = Release|Any CPU
		{C4003C2A-0365-4937-89F7-DEAA6D025A67}.Release|Any CPU.Build.0 = Release|Any CPU
		{D4CC969F-5293-4339-8ED3-3DC4FCF12AD7}.Debug|Any CPU.ActiveCfg = Debug|Any CPU
		{D4CC969F-5293-4339-8ED3-3DC4FCF12AD7}.Debug|Any CPU.Build.0 = Debug|Any CPU
		{D4CC969F-5293-4339-8ED3-3DC4FCF12AD7}.Release|Any CPU.ActiveCfg = Release|Any CPU
		{D4CC969F-5293-4339-8ED3-3DC4FCF12AD7}.Release|Any CPU.Build.0 = Release|Any CPU
		{CC0990EC-EA31-4C6B-9796-AE3E28616BF6}.Debug|Any CPU.ActiveCfg = Debug|Any CPU
		{CC0990EC-EA31-4C6B-9796-AE3E28616BF6}.Debug|Any CPU.Build.0 = Debug|Any CPU
		{CC0990EC-EA31-4C6B-9796-AE3E28616BF6}.Release|Any CPU.ActiveCfg = Release|Any CPU
		{CC0990EC-EA31-4C6B-9796-AE3E28616BF6}.Release|Any CPU.Build.0 = Release|Any CPU
		{078B6C83-4F65-4D20-8BE7-442B58C693A0}.Debug|Any CPU.ActiveCfg = Debug|Any CPU
		{078B6C83-4F65-4D20-8BE7-442B58C693A0}.Debug|Any CPU.Build.0 = Debug|Any CPU
		{078B6C83-4F65-4D20-8BE7-442B58C693A0}.Release|Any CPU.ActiveCfg = Release|Any CPU
		{078B6C83-4F65-4D20-8BE7-442B58C693A0}.Release|Any CPU.Build.0 = Release|Any CPU
		{908C7DBD-57B6-424A-BCB8-60448BADBC6E}.Debug|Any CPU.ActiveCfg = Debug|Any CPU
		{908C7DBD-57B6-424A-BCB8-60448BADBC6E}.Debug|Any CPU.Build.0 = Debug|Any CPU
		{908C7DBD-57B6-424A-BCB8-60448BADBC6E}.Release|Any CPU.ActiveCfg = Release|Any CPU
		{908C7DBD-57B6-424A-BCB8-60448BADBC6E}.Release|Any CPU.Build.0 = Release|Any CPU
		{9DBF450E-FD05-43CB-94B4-ABF0A57D711A}.Debug|Any CPU.ActiveCfg = Debug|Any CPU
		{9DBF450E-FD05-43CB-94B4-ABF0A57D711A}.Debug|Any CPU.Build.0 = Debug|Any CPU
		{9DBF450E-FD05-43CB-94B4-ABF0A57D711A}.Release|Any CPU.ActiveCfg = Release|Any CPU
		{9DBF450E-FD05-43CB-94B4-ABF0A57D711A}.Release|Any CPU.Build.0 = Release|Any CPU
		{6B52BA7C-BC00-4F87-8E1A-7701C89575E7}.Debug|Any CPU.ActiveCfg = Debug|Any CPU
		{6B52BA7C-BC00-4F87-8E1A-7701C89575E7}.Debug|Any CPU.Build.0 = Debug|Any CPU
		{6B52BA7C-BC00-4F87-8E1A-7701C89575E7}.Release|Any CPU.ActiveCfg = Release|Any CPU
		{6B52BA7C-BC00-4F87-8E1A-7701C89575E7}.Release|Any CPU.Build.0 = Release|Any CPU
		{828095B0-12A0-47CE-983A-B0A7653976B4}.Debug|Any CPU.ActiveCfg = Debug|Any CPU
		{828095B0-12A0-47CE-983A-B0A7653976B4}.Debug|Any CPU.Build.0 = Debug|Any CPU
		{828095B0-12A0-47CE-983A-B0A7653976B4}.Release|Any CPU.ActiveCfg = Release|Any CPU
		{828095B0-12A0-47CE-983A-B0A7653976B4}.Release|Any CPU.Build.0 = Release|Any CPU
		{04673A8F-AB49-46F8-90EA-0FD80608CC52}.Debug|Any CPU.ActiveCfg = Debug|Any CPU
		{04673A8F-AB49-46F8-90EA-0FD80608CC52}.Debug|Any CPU.Build.0 = Debug|Any CPU
		{04673A8F-AB49-46F8-90EA-0FD80608CC52}.Release|Any CPU.ActiveCfg = Release|Any CPU
		{04673A8F-AB49-46F8-90EA-0FD80608CC52}.Release|Any CPU.Build.0 = Release|Any CPU
		{9C4A7237-41CE-475D-A2EB-D846614FD143}.Debug|Any CPU.ActiveCfg = Debug|Any CPU
		{9C4A7237-41CE-475D-A2EB-D846614FD143}.Debug|Any CPU.Build.0 = Debug|Any CPU
		{9C4A7237-41CE-475D-A2EB-D846614FD143}.Release|Any CPU.ActiveCfg = Release|Any CPU
		{9C4A7237-41CE-475D-A2EB-D846614FD143}.Release|Any CPU.Build.0 = Release|Any CPU
		{AC292C4C-4C21-421A-93CD-F512F82EEE88}.Debug|Any CPU.ActiveCfg = Debug|Any CPU
		{AC292C4C-4C21-421A-93CD-F512F82EEE88}.Debug|Any CPU.Build.0 = Debug|Any CPU
		{AC292C4C-4C21-421A-93CD-F512F82EEE88}.Release|Any CPU.ActiveCfg = Release|Any CPU
		{AC292C4C-4C21-421A-93CD-F512F82EEE88}.Release|Any CPU.Build.0 = Release|Any CPU
		{4AA85A34-1DD6-4E50-BF56-A38ED02BF2C1}.Debug|Any CPU.ActiveCfg = Debug|Any CPU
		{4AA85A34-1DD6-4E50-BF56-A38ED02BF2C1}.Debug|Any CPU.Build.0 = Debug|Any CPU
		{4AA85A34-1DD6-4E50-BF56-A38ED02BF2C1}.Release|Any CPU.ActiveCfg = Release|Any CPU
		{4AA85A34-1DD6-4E50-BF56-A38ED02BF2C1}.Release|Any CPU.Build.0 = Release|Any CPU
		{08DE5712-C959-4163-B4FE-4C1C3A81BA36}.Debug|Any CPU.ActiveCfg = Debug|Any CPU
		{08DE5712-C959-4163-B4FE-4C1C3A81BA36}.Debug|Any CPU.Build.0 = Debug|Any CPU
		{08DE5712-C959-4163-B4FE-4C1C3A81BA36}.Release|Any CPU.ActiveCfg = Release|Any CPU
		{08DE5712-C959-4163-B4FE-4C1C3A81BA36}.Release|Any CPU.Build.0 = Release|Any CPU
		{AAF97FEA-0EB0-4488-A202-008243E15B40}.Debug|Any CPU.ActiveCfg = Debug|Any CPU
		{AAF97FEA-0EB0-4488-A202-008243E15B40}.Debug|Any CPU.Build.0 = Debug|Any CPU
		{AAF97FEA-0EB0-4488-A202-008243E15B40}.Release|Any CPU.ActiveCfg = Release|Any CPU
		{AAF97FEA-0EB0-4488-A202-008243E15B40}.Release|Any CPU.Build.0 = Release|Any CPU
		{0EC3DFB9-B60A-4ED9-B7B4-15648E631ABF}.Debug|Any CPU.ActiveCfg = Debug|Any CPU
		{0EC3DFB9-B60A-4ED9-B7B4-15648E631ABF}.Debug|Any CPU.Build.0 = Debug|Any CPU
		{0EC3DFB9-B60A-4ED9-B7B4-15648E631ABF}.Release|Any CPU.ActiveCfg = Release|Any CPU
		{0EC3DFB9-B60A-4ED9-B7B4-15648E631ABF}.Release|Any CPU.Build.0 = Release|Any CPU
		{814B3819-B394-4334-8768-2CADA57E0270}.Debug|Any CPU.ActiveCfg = Debug|Any CPU
		{814B3819-B394-4334-8768-2CADA57E0270}.Debug|Any CPU.Build.0 = Debug|Any CPU
		{814B3819-B394-4334-8768-2CADA57E0270}.Release|Any CPU.ActiveCfg = Release|Any CPU
		{814B3819-B394-4334-8768-2CADA57E0270}.Release|Any CPU.Build.0 = Release|Any CPU
		{97A480C8-E617-4743-A98B-EE8D514F070D}.Debug|Any CPU.ActiveCfg = Debug|Any CPU
		{97A480C8-E617-4743-A98B-EE8D514F070D}.Debug|Any CPU.Build.0 = Debug|Any CPU
		{97A480C8-E617-4743-A98B-EE8D514F070D}.Release|Any CPU.ActiveCfg = Release|Any CPU
		{97A480C8-E617-4743-A98B-EE8D514F070D}.Release|Any CPU.Build.0 = Release|Any CPU
		{B3895772-2AD2-48F4-BD0B-1AD7661E435F}.Debug|Any CPU.ActiveCfg = Debug|Any CPU
		{B3895772-2AD2-48F4-BD0B-1AD7661E435F}.Debug|Any CPU.Build.0 = Debug|Any CPU
		{B3895772-2AD2-48F4-BD0B-1AD7661E435F}.Release|Any CPU.ActiveCfg = Release|Any CPU
		{B3895772-2AD2-48F4-BD0B-1AD7661E435F}.Release|Any CPU.Build.0 = Release|Any CPU
		{322D5E58-0336-440F-B98B-8C58D715EB7D}.Debug|Any CPU.ActiveCfg = Debug|Any CPU
		{322D5E58-0336-440F-B98B-8C58D715EB7D}.Debug|Any CPU.Build.0 = Debug|Any CPU
		{322D5E58-0336-440F-B98B-8C58D715EB7D}.Release|Any CPU.ActiveCfg = Release|Any CPU
		{322D5E58-0336-440F-B98B-8C58D715EB7D}.Release|Any CPU.Build.0 = Release|Any CPU
		{69716420-FEF1-46C5-9458-269E204DC5FD}.Debug|Any CPU.ActiveCfg = Debug|Any CPU
		{69716420-FEF1-46C5-9458-269E204DC5FD}.Debug|Any CPU.Build.0 = Debug|Any CPU
		{69716420-FEF1-46C5-9458-269E204DC5FD}.Release|Any CPU.ActiveCfg = Release|Any CPU
		{69716420-FEF1-46C5-9458-269E204DC5FD}.Release|Any CPU.Build.0 = Release|Any CPU
		{B333C9AE-9A59-4E7E-9F05-BAACAC176986}.Debug|Any CPU.ActiveCfg = Debug|Any CPU
		{B333C9AE-9A59-4E7E-9F05-BAACAC176986}.Debug|Any CPU.Build.0 = Debug|Any CPU
		{B333C9AE-9A59-4E7E-9F05-BAACAC176986}.Release|Any CPU.ActiveCfg = Release|Any CPU
		{B333C9AE-9A59-4E7E-9F05-BAACAC176986}.Release|Any CPU.Build.0 = Release|Any CPU
		{4B08E7B6-4FC8-42E7-B0E6-84EEB53B376C}.Debug|Any CPU.ActiveCfg = Debug|Any CPU
		{4B08E7B6-4FC8-42E7-B0E6-84EEB53B376C}.Debug|Any CPU.Build.0 = Debug|Any CPU
		{4B08E7B6-4FC8-42E7-B0E6-84EEB53B376C}.Release|Any CPU.ActiveCfg = Release|Any CPU
		{4B08E7B6-4FC8-42E7-B0E6-84EEB53B376C}.Release|Any CPU.Build.0 = Release|Any CPU
		{DAEE270C-9F64-486B-B841-13BC56DBC590}.Debug|Any CPU.ActiveCfg = Debug|Any CPU
		{DAEE270C-9F64-486B-B841-13BC56DBC590}.Debug|Any CPU.Build.0 = Debug|Any CPU
		{DAEE270C-9F64-486B-B841-13BC56DBC590}.Release|Any CPU.ActiveCfg = Release|Any CPU
		{DAEE270C-9F64-486B-B841-13BC56DBC590}.Release|Any CPU.Build.0 = Release|Any CPU
		{7B10CB7E-2C17-4DC8-AD36-2A6B98B25D26}.Debug|Any CPU.ActiveCfg = Debug|Any CPU
		{7B10CB7E-2C17-4DC8-AD36-2A6B98B25D26}.Debug|Any CPU.Build.0 = Debug|Any CPU
		{7B10CB7E-2C17-4DC8-AD36-2A6B98B25D26}.Release|Any CPU.ActiveCfg = Release|Any CPU
		{7B10CB7E-2C17-4DC8-AD36-2A6B98B25D26}.Release|Any CPU.Build.0 = Release|Any CPU
		{476C41BB-5886-4297-B11A-8A2F47ADFBDA}.Debug|Any CPU.ActiveCfg = Debug|Any CPU
		{476C41BB-5886-4297-B11A-8A2F47ADFBDA}.Debug|Any CPU.Build.0 = Debug|Any CPU
		{476C41BB-5886-4297-B11A-8A2F47ADFBDA}.Release|Any CPU.ActiveCfg = Release|Any CPU
		{476C41BB-5886-4297-B11A-8A2F47ADFBDA}.Release|Any CPU.Build.0 = Release|Any CPU
		{6407C424-82E2-4737-920C-575C8A868F0D}.Debug|Any CPU.ActiveCfg = Debug|Any CPU
		{6407C424-82E2-4737-920C-575C8A868F0D}.Debug|Any CPU.Build.0 = Debug|Any CPU
		{6407C424-82E2-4737-920C-575C8A868F0D}.Release|Any CPU.ActiveCfg = Release|Any CPU
		{6407C424-82E2-4737-920C-575C8A868F0D}.Release|Any CPU.Build.0 = Release|Any CPU
		{25DF23C2-AB5B-46D7-9D63-B80CA3A13B47}.Debug|Any CPU.ActiveCfg = Debug|Any CPU
		{25DF23C2-AB5B-46D7-9D63-B80CA3A13B47}.Debug|Any CPU.Build.0 = Debug|Any CPU
		{25DF23C2-AB5B-46D7-9D63-B80CA3A13B47}.Release|Any CPU.ActiveCfg = Release|Any CPU
		{25DF23C2-AB5B-46D7-9D63-B80CA3A13B47}.Release|Any CPU.Build.0 = Release|Any CPU
		{F4B21231-D1E3-40EE-BEDE-37938F9D46C9}.Debug|Any CPU.ActiveCfg = Debug|Any CPU
		{F4B21231-D1E3-40EE-BEDE-37938F9D46C9}.Debug|Any CPU.Build.0 = Debug|Any CPU
		{F4B21231-D1E3-40EE-BEDE-37938F9D46C9}.Release|Any CPU.ActiveCfg = Release|Any CPU
		{F4B21231-D1E3-40EE-BEDE-37938F9D46C9}.Release|Any CPU.Build.0 = Release|Any CPU
		{D52504B7-D4DA-4982-81A0-E30082AE8744}.Debug|Any CPU.ActiveCfg = Debug|Any CPU
		{D52504B7-D4DA-4982-81A0-E30082AE8744}.Debug|Any CPU.Build.0 = Debug|Any CPU
		{D52504B7-D4DA-4982-81A0-E30082AE8744}.Release|Any CPU.ActiveCfg = Release|Any CPU
		{D52504B7-D4DA-4982-81A0-E30082AE8744}.Release|Any CPU.Build.0 = Release|Any CPU
		{B1634D19-7381-4EB5-BE11-73B77FE6DF0F}.Debug|Any CPU.ActiveCfg = Debug|Any CPU
		{B1634D19-7381-4EB5-BE11-73B77FE6DF0F}.Debug|Any CPU.Build.0 = Debug|Any CPU
		{B1634D19-7381-4EB5-BE11-73B77FE6DF0F}.Release|Any CPU.ActiveCfg = Release|Any CPU
		{B1634D19-7381-4EB5-BE11-73B77FE6DF0F}.Release|Any CPU.Build.0 = Release|Any CPU
		{AF364B4C-8DD8-49E7-AE74-D4F0B15C5811}.Debug|Any CPU.ActiveCfg = Debug|Any CPU
		{AF364B4C-8DD8-49E7-AE74-D4F0B15C5811}.Debug|Any CPU.Build.0 = Debug|Any CPU
		{AF364B4C-8DD8-49E7-AE74-D4F0B15C5811}.Release|Any CPU.ActiveCfg = Release|Any CPU
		{AF364B4C-8DD8-49E7-AE74-D4F0B15C5811}.Release|Any CPU.Build.0 = Release|Any CPU
		{EB15062B-64F9-4FE8-930A-ACDF6E22E216}.Debug|Any CPU.ActiveCfg = Debug|Any CPU
		{EB15062B-64F9-4FE8-930A-ACDF6E22E216}.Debug|Any CPU.Build.0 = Debug|Any CPU
		{EB15062B-64F9-4FE8-930A-ACDF6E22E216}.Release|Any CPU.ActiveCfg = Release|Any CPU
		{EB15062B-64F9-4FE8-930A-ACDF6E22E216}.Release|Any CPU.Build.0 = Release|Any CPU
		{B5E843D1-FBEF-4AB8-857C-E33F36CBAA59}.Debug|Any CPU.ActiveCfg = Debug|Any CPU
		{B5E843D1-FBEF-4AB8-857C-E33F36CBAA59}.Debug|Any CPU.Build.0 = Debug|Any CPU
		{B5E843D1-FBEF-4AB8-857C-E33F36CBAA59}.Release|Any CPU.ActiveCfg = Release|Any CPU
		{B5E843D1-FBEF-4AB8-857C-E33F36CBAA59}.Release|Any CPU.Build.0 = Release|Any CPU
		{1614BF8D-14CD-4CB0-9942-2DD63495F206}.Debug|Any CPU.ActiveCfg = Debug|Any CPU
		{1614BF8D-14CD-4CB0-9942-2DD63495F206}.Debug|Any CPU.Build.0 = Debug|Any CPU
		{1614BF8D-14CD-4CB0-9942-2DD63495F206}.Release|Any CPU.ActiveCfg = Release|Any CPU
		{1614BF8D-14CD-4CB0-9942-2DD63495F206}.Release|Any CPU.Build.0 = Release|Any CPU
		{6A6D110A-5DDC-4EE5-B6C1-49543EFEDEF3}.Debug|Any CPU.ActiveCfg = Debug|Any CPU
		{6A6D110A-5DDC-4EE5-B6C1-49543EFEDEF3}.Debug|Any CPU.Build.0 = Debug|Any CPU
		{6A6D110A-5DDC-4EE5-B6C1-49543EFEDEF3}.Release|Any CPU.ActiveCfg = Release|Any CPU
		{6A6D110A-5DDC-4EE5-B6C1-49543EFEDEF3}.Release|Any CPU.Build.0 = Release|Any CPU
	EndGlobalSection
	GlobalSection(SolutionProperties) = preSolution
		HideSolutionNode = FALSE
	EndGlobalSection
	GlobalSection(ExtensibilityGlobals) = postSolution
		SolutionGuid = {8CEA02FC-C3B8-40C1-9DA3-121812DD4176}
	EndGlobalSection
EndGlobal
