
Microsoft Visual Studio Solution File, Format Version 12.00
# Visual Studio Version 17
VisualStudioVersion = 17.2.32630.192
MinimumVisualStudioVersion = 10.0.40219.1
Project("{9A19103F-16F7-4668-BE54-9A1E7A4F7556}") = "R5T.S0103", "R5T.S0103\R5T.S0103.csproj", "{01BBED5D-C20B-41BA-8CED-7F35343BA635}"
EndProject
Project("{2150E333-8FDC-42A3-9474-1A3956D46DE8}") = "_Dependencies", "_Dependencies", "{A72257F0-4259-4817-B04F-0A1959AC17F0}"
EndProject
Project("{9A19103F-16F7-4668-BE54-9A1E7A4F7556}") = "R5T.F0000", "..\..\R5T.F0000\source\R5T.F0000\R5T.F0000.csproj", "{4197C0B1-EB01-42BE-B72C-C3FAE73DC332}"
EndProject
Project("{9A19103F-16F7-4668-BE54-9A1E7A4F7556}") = "R5T.F0002", "..\..\R5T.F0002\source\R5T.F0002\R5T.F0002.csproj", "{CAB61700-DC42-4F9E-A155-0A1A07B55699}"
EndProject
Project("{9A19103F-16F7-4668-BE54-9A1E7A4F7556}") = "R5T.F0018", "..\..\R5T.F0018\source\R5T.F0018\R5T.F0018.csproj", "{CAF71DD0-FF3F-4ADD-B8D8-9B9DB2EAF7BF}"
EndProject
Project("{9A19103F-16F7-4668-BE54-9A1E7A4F7556}") = "R5T.NG0010", "..\..\R5T.NG0010\source\R5T.NG0010\R5T.NG0010.csproj", "{07A901F6-109C-45A9-AC78-4524970EB055}"
EndProject
Project("{9A19103F-16F7-4668-BE54-9A1E7A4F7556}") = "R5T.T0131", "..\..\R5T.T0131\source\R5T.T0131\R5T.T0131.csproj", "{945AB1D7-B5C7-4481-8D55-5166783995DC}"
EndProject
Project("{9A19103F-16F7-4668-BE54-9A1E7A4F7556}") = "R5T.T0132", "..\..\R5T.T0132\source\R5T.T0132\R5T.T0132.csproj", "{4FC44B1E-586D-4947-AAC5-66F0D89D2D63}"
EndProject
Project("{9A19103F-16F7-4668-BE54-9A1E7A4F7556}") = "R5T.T0142", "..\..\R5T.T0142\source\R5T.T0142\R5T.T0142.csproj", "{4CCAA824-E3C2-4C1E-BAC4-7E8B10157F72}"
EndProject
Project("{9A19103F-16F7-4668-BE54-9A1E7A4F7556}") = "R5T.T0143", "..\..\R5T.T0143\source\R5T.T0143\R5T.T0143.csproj", "{E5343636-7873-4304-B651-4CA92D8AB80E}"
EndProject
Project("{9A19103F-16F7-4668-BE54-9A1E7A4F7556}") = "R5T.T0156", "..\..\R5T.T0156\source\R5T.T0156\R5T.T0156.csproj", "{E52B9E8B-90BD-4241-BDA3-C84B53CAAE3B}"
EndProject
Project("{9A19103F-16F7-4668-BE54-9A1E7A4F7556}") = "R5T.Y0000", "..\..\R5T.Y0000\source\R5T.Y0000\R5T.Y0000.csproj", "{DBC33FD9-0E13-4FA2-81F5-9F9D054E305F}"
EndProject
Project("{9A19103F-16F7-4668-BE54-9A1E7A4F7556}") = "R5T.Z0000", "..\..\R5T.Z0000\source\R5T.Z0000\R5T.Z0000.csproj", "{23017453-C162-4867-A27E-B6D5ADFDCB9A}"
EndProject
Project("{9A19103F-16F7-4668-BE54-9A1E7A4F7556}") = "R5T.T0141", "..\..\R5T.T0141\source\R5T.T0141\R5T.T0141.csproj", "{77F7DCD9-5815-4798-8C6C-1913FBEF9577}"
EndProject
Project("{9A19103F-16F7-4668-BE54-9A1E7A4F7556}") = "R5T.Z0015", "..\..\R5T.Z0015\source\R5T.Z0015\R5T.Z0015.csproj", "{2F251C70-0686-404D-8905-774C8CC3D08B}"
EndProject
Project("{9A19103F-16F7-4668-BE54-9A1E7A4F7556}") = "R5T.F0033", "..\..\R5T.F0033\source\R5T.F0033\R5T.F0033.csproj", "{CCF328BD-C0AE-44C4-89B6-65B20D17D9BC}"
EndProject
Global
	GlobalSection(NestedProjects) = preSolution
		{4197C0B1-EB01-42BE-B72C-C3FAE73DC332} = {A72257F0-4259-4817-B04F-0A1959AC17F0}
		{CAB61700-DC42-4F9E-A155-0A1A07B55699} = {A72257F0-4259-4817-B04F-0A1959AC17F0}
		{CAF71DD0-FF3F-4ADD-B8D8-9B9DB2EAF7BF} = {A72257F0-4259-4817-B04F-0A1959AC17F0}
		{07A901F6-109C-45A9-AC78-4524970EB055} = {A72257F0-4259-4817-B04F-0A1959AC17F0}
		{945AB1D7-B5C7-4481-8D55-5166783995DC} = {A72257F0-4259-4817-B04F-0A1959AC17F0}
		{4FC44B1E-586D-4947-AAC5-66F0D89D2D63} = {A72257F0-4259-4817-B04F-0A1959AC17F0}
		{4CCAA824-E3C2-4C1E-BAC4-7E8B10157F72} = {A72257F0-4259-4817-B04F-0A1959AC17F0}
		{E5343636-7873-4304-B651-4CA92D8AB80E} = {A72257F0-4259-4817-B04F-0A1959AC17F0}
		{E52B9E8B-90BD-4241-BDA3-C84B53CAAE3B} = {A72257F0-4259-4817-B04F-0A1959AC17F0}
		{DBC33FD9-0E13-4FA2-81F5-9F9D054E305F} = {A72257F0-4259-4817-B04F-0A1959AC17F0}
		{23017453-C162-4867-A27E-B6D5ADFDCB9A} = {A72257F0-4259-4817-B04F-0A1959AC17F0}
		{77F7DCD9-5815-4798-8C6C-1913FBEF9577} = {A72257F0-4259-4817-B04F-0A1959AC17F0}
		{2F251C70-0686-404D-8905-774C8CC3D08B} = {A72257F0-4259-4817-B04F-0A1959AC17F0}
		{CCF328BD-C0AE-44C4-89B6-65B20D17D9BC} = {A72257F0-4259-4817-B04F-0A1959AC17F0}
	EndGlobalSection
	GlobalSection(SolutionConfigurationPlatforms) = preSolution
		Debug|Any CPU = Debug|Any CPU
		Release|Any CPU = Release|Any CPU
	EndGlobalSection
	GlobalSection(ProjectConfigurationPlatforms) = postSolution
		{01BBED5D-C20B-41BA-8CED-7F35343BA635}.Debug|Any CPU.ActiveCfg = Debug|Any CPU
		{01BBED5D-C20B-41BA-8CED-7F35343BA635}.Debug|Any CPU.Build.0 = Debug|Any CPU
		{01BBED5D-C20B-41BA-8CED-7F35343BA635}.Release|Any CPU.ActiveCfg = Release|Any CPU
		{01BBED5D-C20B-41BA-8CED-7F35343BA635}.Release|Any CPU.Build.0 = Release|Any CPU
		{4197C0B1-EB01-42BE-B72C-C3FAE73DC332}.Debug|Any CPU.ActiveCfg = Debug|Any CPU
		{4197C0B1-EB01-42BE-B72C-C3FAE73DC332}.Debug|Any CPU.Build.0 = Debug|Any CPU
		{4197C0B1-EB01-42BE-B72C-C3FAE73DC332}.Release|Any CPU.ActiveCfg = Release|Any CPU
		{4197C0B1-EB01-42BE-B72C-C3FAE73DC332}.Release|Any CPU.Build.0 = Release|Any CPU
		{CAB61700-DC42-4F9E-A155-0A1A07B55699}.Debug|Any CPU.ActiveCfg = Debug|Any CPU
		{CAB61700-DC42-4F9E-A155-0A1A07B55699}.Debug|Any CPU.Build.0 = Debug|Any CPU
		{CAB61700-DC42-4F9E-A155-0A1A07B55699}.Release|Any CPU.ActiveCfg = Release|Any CPU
		{CAB61700-DC42-4F9E-A155-0A1A07B55699}.Release|Any CPU.Build.0 = Release|Any CPU
		{CAF71DD0-FF3F-4ADD-B8D8-9B9DB2EAF7BF}.Debug|Any CPU.ActiveCfg = Debug|Any CPU
		{CAF71DD0-FF3F-4ADD-B8D8-9B9DB2EAF7BF}.Debug|Any CPU.Build.0 = Debug|Any CPU
		{CAF71DD0-FF3F-4ADD-B8D8-9B9DB2EAF7BF}.Release|Any CPU.ActiveCfg = Release|Any CPU
		{CAF71DD0-FF3F-4ADD-B8D8-9B9DB2EAF7BF}.Release|Any CPU.Build.0 = Release|Any CPU
		{07A901F6-109C-45A9-AC78-4524970EB055}.Debug|Any CPU.ActiveCfg = Debug|Any CPU
		{07A901F6-109C-45A9-AC78-4524970EB055}.Debug|Any CPU.Build.0 = Debug|Any CPU
		{07A901F6-109C-45A9-AC78-4524970EB055}.Release|Any CPU.ActiveCfg = Release|Any CPU
		{07A901F6-109C-45A9-AC78-4524970EB055}.Release|Any CPU.Build.0 = Release|Any CPU
		{945AB1D7-B5C7-4481-8D55-5166783995DC}.Debug|Any CPU.ActiveCfg = Debug|Any CPU
		{945AB1D7-B5C7-4481-8D55-5166783995DC}.Debug|Any CPU.Build.0 = Debug|Any CPU
		{945AB1D7-B5C7-4481-8D55-5166783995DC}.Release|Any CPU.ActiveCfg = Release|Any CPU
		{945AB1D7-B5C7-4481-8D55-5166783995DC}.Release|Any CPU.Build.0 = Release|Any CPU
		{4FC44B1E-586D-4947-AAC5-66F0D89D2D63}.Debug|Any CPU.ActiveCfg = Debug|Any CPU
		{4FC44B1E-586D-4947-AAC5-66F0D89D2D63}.Debug|Any CPU.Build.0 = Debug|Any CPU
		{4FC44B1E-586D-4947-AAC5-66F0D89D2D63}.Release|Any CPU.ActiveCfg = Release|Any CPU
		{4FC44B1E-586D-4947-AAC5-66F0D89D2D63}.Release|Any CPU.Build.0 = Release|Any CPU
		{4CCAA824-E3C2-4C1E-BAC4-7E8B10157F72}.Debug|Any CPU.ActiveCfg = Debug|Any CPU
		{4CCAA824-E3C2-4C1E-BAC4-7E8B10157F72}.Debug|Any CPU.Build.0 = Debug|Any CPU
		{4CCAA824-E3C2-4C1E-BAC4-7E8B10157F72}.Release|Any CPU.ActiveCfg = Release|Any CPU
		{4CCAA824-E3C2-4C1E-BAC4-7E8B10157F72}.Release|Any CPU.Build.0 = Release|Any CPU
		{E5343636-7873-4304-B651-4CA92D8AB80E}.Debug|Any CPU.ActiveCfg = Debug|Any CPU
		{E5343636-7873-4304-B651-4CA92D8AB80E}.Debug|Any CPU.Build.0 = Debug|Any CPU
		{E5343636-7873-4304-B651-4CA92D8AB80E}.Release|Any CPU.ActiveCfg = Release|Any CPU
		{E5343636-7873-4304-B651-4CA92D8AB80E}.Release|Any CPU.Build.0 = Release|Any CPU
		{E52B9E8B-90BD-4241-BDA3-C84B53CAAE3B}.Debug|Any CPU.ActiveCfg = Debug|Any CPU
		{E52B9E8B-90BD-4241-BDA3-C84B53CAAE3B}.Debug|Any CPU.Build.0 = Debug|Any CPU
		{E52B9E8B-90BD-4241-BDA3-C84B53CAAE3B}.Release|Any CPU.ActiveCfg = Release|Any CPU
		{E52B9E8B-90BD-4241-BDA3-C84B53CAAE3B}.Release|Any CPU.Build.0 = Release|Any CPU
		{DBC33FD9-0E13-4FA2-81F5-9F9D054E305F}.Debug|Any CPU.ActiveCfg = Debug|Any CPU
		{DBC33FD9-0E13-4FA2-81F5-9F9D054E305F}.Debug|Any CPU.Build.0 = Debug|Any CPU
		{DBC33FD9-0E13-4FA2-81F5-9F9D054E305F}.Release|Any CPU.ActiveCfg = Release|Any CPU
		{DBC33FD9-0E13-4FA2-81F5-9F9D054E305F}.Release|Any CPU.Build.0 = Release|Any CPU
		{23017453-C162-4867-A27E-B6D5ADFDCB9A}.Debug|Any CPU.ActiveCfg = Debug|Any CPU
		{23017453-C162-4867-A27E-B6D5ADFDCB9A}.Debug|Any CPU.Build.0 = Debug|Any CPU
		{23017453-C162-4867-A27E-B6D5ADFDCB9A}.Release|Any CPU.ActiveCfg = Release|Any CPU
		{23017453-C162-4867-A27E-B6D5ADFDCB9A}.Release|Any CPU.Build.0 = Release|Any CPU
		{77F7DCD9-5815-4798-8C6C-1913FBEF9577}.Debug|Any CPU.ActiveCfg = Debug|Any CPU
		{77F7DCD9-5815-4798-8C6C-1913FBEF9577}.Debug|Any CPU.Build.0 = Debug|Any CPU
		{77F7DCD9-5815-4798-8C6C-1913FBEF9577}.Release|Any CPU.ActiveCfg = Release|Any CPU
		{77F7DCD9-5815-4798-8C6C-1913FBEF9577}.Release|Any CPU.Build.0 = Release|Any CPU
		{2F251C70-0686-404D-8905-774C8CC3D08B}.Debug|Any CPU.ActiveCfg = Debug|Any CPU
		{2F251C70-0686-404D-8905-774C8CC3D08B}.Debug|Any CPU.Build.0 = Debug|Any CPU
		{2F251C70-0686-404D-8905-774C8CC3D08B}.Release|Any CPU.ActiveCfg = Release|Any CPU
		{2F251C70-0686-404D-8905-774C8CC3D08B}.Release|Any CPU.Build.0 = Release|Any CPU
		{CCF328BD-C0AE-44C4-89B6-65B20D17D9BC}.Debug|Any CPU.ActiveCfg = Debug|Any CPU
		{CCF328BD-C0AE-44C4-89B6-65B20D17D9BC}.Debug|Any CPU.Build.0 = Debug|Any CPU
		{CCF328BD-C0AE-44C4-89B6-65B20D17D9BC}.Release|Any CPU.ActiveCfg = Release|Any CPU
		{CCF328BD-C0AE-44C4-89B6-65B20D17D9BC}.Release|Any CPU.Build.0 = Release|Any CPU
	EndGlobalSection
	GlobalSection(SolutionProperties) = preSolution
		HideSolutionNode = FALSE
	EndGlobalSection
	GlobalSection(ExtensibilityGlobals) = postSolution
		SolutionGuid = {8CEA02FC-C3B8-40C1-9DA3-121812DD4176}
	EndGlobalSection
EndGlobal
