
Microsoft Visual Studio Solution File, Format Version 12.00
# Visual Studio Version 17
VisualStudioVersion = 17.2.32630.192
MinimumVisualStudioVersion = 10.0.40219.1
Project("{9A19103F-16F7-4668-BE54-9A1E7A4F7556}") = "R5T.S0103", "R5T.S0103\R5T.S0103.csproj", "{01BBED5D-C20B-41BA-8CED-7F35343BA635}"
EndProject
Project("{2150E333-8FDC-42A3-9474-1A3956D46DE8}") = "_Dependencies", "_Dependencies", "{A72257F0-4259-4817-B04F-0A1959AC17F0}"
EndProject
Project("{9A19103F-16F7-4668-BE54-9A1E7A4F7556}") = "R5T.F0000", "..\..\R5T.F0000\source\R5T.F0000\R5T.F0000.csproj", "{4197C0B1-EB01-42BE-B72C-C3FAE73DC332}"
EndProject
Project("{9A19103F-16F7-4668-BE54-9A1E7A4F7556}") = "R5T.F0002", "..\..\R5T.F0002\source\R5T.F0002\R5T.F0002.csproj", "{CAB61700-DC42-4F9E-A155-0A1A07B55699}"
EndProject
Project("{9A19103F-16F7-4668-BE54-9A1E7A4F7556}") = "R5T.F0018", "..\..\R5T.F0018\source\R5T.F0018\R5T.F0018.csproj", "{CAF71DD0-FF3F-4ADD-B8D8-9B9DB2EAF7BF}"
EndProject
Project("{9A19103F-16F7-4668-BE54-9A1E7A4F7556}") = "R5T.NG0010", "..\..\R5T.NG0010\source\R5T.NG0010\R5T.NG0010.csproj", "{07A901F6-109C-45A9-AC78-4524970EB055}"
EndProject
Project("{9A19103F-16F7-4668-BE54-9A1E7A4F7556}") = "R5T.T0131", "..\..\R5T.T0131\source\R5T.T0131\R5T.T0131.csproj", "{945AB1D7-B5C7-4481-8D55-5166783995DC}"
EndProject
Project("{9A19103F-16F7-4668-BE54-9A1E7A4F7556}") = "R5T.T0132", "..\..\R5T.T0132\source\R5T.T0132\R5T.T0132.csproj", "{4FC44B1E-586D-4947-AAC5-66F0D89D2D63}"
EndProject
Project("{9A19103F-16F7-4668-BE54-9A1E7A4F7556}") = "R5T.T0142", "..\..\R5T.T0142\source\R5T.T0142\R5T.T0142.csproj", "{4CCAA824-E3C2-4C1E-BAC4-7E8B10157F72}"
EndProject
Project("{9A19103F-16F7-4668-BE54-9A1E7A4F7556}") = "R5T.T0143", "..\..\R5T.T0143\source\R5T.T0143\R5T.T0143.csproj", "{E5343636-7873-4304-B651-4CA92D8AB80E}"
EndProject
Project("{9A19103F-16F7-4668-BE54-9A1E7A4F7556}") = "R5T.T0156", "..\..\R5T.T0156\source\R5T.T0156\R5T.T0156.csproj", "{E52B9E8B-90BD-4241-BDA3-C84B53CAAE3B}"
EndProject
Project("{9A19103F-16F7-4668-BE54-9A1E7A4F7556}") = "R5T.Y0000", "..\..\R5T.Y0000\source\R5T.Y0000\R5T.Y0000.csproj", "{DBC33FD9-0E13-4FA2-81F5-9F9D054E305F}"
EndProject
Project("{9A19103F-16F7-4668-BE54-9A1E7A4F7556}") = "R5T.Z0000", "..\..\R5T.Z0000\source\R5T.Z0000\R5T.Z0000.csproj", "{23017453-C162-4867-A27E-B6D5ADFDCB9A}"
EndProject
Project("{9A19103F-16F7-4668-BE54-9A1E7A4F7556}") = "R5T.T0141", "..\..\R5T.T0141\source\R5T.T0141\R5T.T0141.csproj", "{77F7DCD9-5815-4798-8C6C-1913FBEF9577}"
EndProject
Project("{9A19103F-16F7-4668-BE54-9A1E7A4F7556}") = "R5T.Z0015", "..\..\R5T.Z0015\source\R5T.Z0015\R5T.Z0015.csproj", "{2F251C70-0686-404D-8905-774C8CC3D08B}"
EndProject
Project("{9A19103F-16F7-4668-BE54-9A1E7A4F7556}") = "R5T.F0033", "..\..\R5T.F0033\source\R5T.F0033\R5T.F0033.csproj", "{CCF328BD-C0AE-44C4-89B6-65B20D17D9BC}"
EndProject
Project("{9A19103F-16F7-4668-BE54-9A1E7A4F7556}") = "R5T.F0120", "..\..\R5T.F0120\source\R5T.F0120\R5T.F0120.csproj", "{2E57EAB7-DA15-46C9-A316-B1EFC662C9AE}"
EndProject
Project("{9A19103F-16F7-4668-BE54-9A1E7A4F7556}") = "R5T.F0124", "..\..\R5T.F0124\source\R5T.F0124\R5T.F0124.csproj", "{2F6B18C6-85CD-43E9-8F39-7B7B30296001}"
EndProject
Project("{9A19103F-16F7-4668-BE54-9A1E7A4F7556}") = "R5T.F0125", "..\..\R5T.F0125\source\R5T.F0125\R5T.F0125.csproj", "{7A4E4537-53AA-46B8-B11B-C88F744E8523}"
EndProject
Project("{9A19103F-16F7-4668-BE54-9A1E7A4F7556}") = "R5T.L0030.T000", "..\..\R5T.L0030\source\R5T.L0030.T000\R5T.L0030.T000.csproj", "{EFE74C86-35B9-4D86-894E-EBBB373BE264}"
EndProject
Project("{9A19103F-16F7-4668-BE54-9A1E7A4F7556}") = "R5T.L0030", "..\..\R5T.L0030\source\R5T.L0030\R5T.L0030.csproj", "{49BAB4A5-E82F-4ABC-A479-433D9285FB6B}"
EndProject
Project("{9A19103F-16F7-4668-BE54-9A1E7A4F7556}") = "R5T.L0034", "..\..\R5T.L0034\source\R5T.L0034\R5T.L0034.csproj", "{CEAA02AE-EB52-4E2D-A8F7-AC0424450740}"
EndProject
Project("{9A19103F-16F7-4668-BE54-9A1E7A4F7556}") = "R5T.L0035", "..\..\R5T.L0035\source\R5T.L0035\R5T.L0035.csproj", "{917DDA37-A0F1-4304-8DE4-7957D49125C6}"
EndProject
Project("{9A19103F-16F7-4668-BE54-9A1E7A4F7556}") = "R5T.NG0022", "..\..\R5T.NG0022\source\R5T.NG0022\R5T.NG0022.csproj", "{661C5DAB-B800-4AF8-9149-4F50D446E9B3}"
EndProject
Project("{9A19103F-16F7-4668-BE54-9A1E7A4F7556}") = "R5T.T0174", "..\..\R5T.T0174\source\R5T.T0174\R5T.T0174.csproj", "{A8E3D420-EAAA-4D05-8D49-AC1FEE33D9BD}"
EndProject
Project("{9A19103F-16F7-4668-BE54-9A1E7A4F7556}") = "R5T.T0176", "..\..\R5T.T0176\source\R5T.T0176\R5T.T0176.csproj", "{330A1434-5B28-46FC-9E6F-09C243B574F1}"
EndProject
Project("{9A19103F-16F7-4668-BE54-9A1E7A4F7556}") = "R5T.T0177", "..\..\R5T.T0177\source\R5T.T0177\R5T.T0177.csproj", "{DAC49EF3-8FFE-49CC-807B-909322EE0D18}"
EndProject
Project("{9A19103F-16F7-4668-BE54-9A1E7A4F7556}") = "R5T.T0178", "..\..\R5T.T0178\source\R5T.T0178\R5T.T0178.csproj", "{DC747A2D-2729-4D54-BB46-FDD7410180E4}"
EndProject
Project("{9A19103F-16F7-4668-BE54-9A1E7A4F7556}") = "R5T.T0179", "..\..\R5T.T0179\source\R5T.T0179\R5T.T0179.csproj", "{18E04762-B62E-46C1-8B20-336CD928C990}"
EndProject
Project("{9A19103F-16F7-4668-BE54-9A1E7A4F7556}") = "R5T.T0180", "..\..\R5T.T0180\source\R5T.T0180\R5T.T0180.csproj", "{B301735F-954F-4F53-9393-955279E36E27}"
EndProject
Project("{9A19103F-16F7-4668-BE54-9A1E7A4F7556}") = "R5T.T0181", "..\..\R5T.T0181\source\R5T.T0181\R5T.T0181.csproj", "{AB03CB1B-0B2C-4023-812D-57353FA3417E}"
EndProject
Project("{9A19103F-16F7-4668-BE54-9A1E7A4F7556}") = "R5T.T0185", "..\..\R5T.T0185\source\R5T.T0185\R5T.T0185.csproj", "{6C0FD25D-3F5B-4421-A5F1-AB4DEED87D68}"
EndProject
Project("{9A19103F-16F7-4668-BE54-9A1E7A4F7556}") = "R5T.T0199", "..\..\R5T.T0199\source\R5T.T0199\R5T.T0199.csproj", "{349FBBB8-5BF6-4D96-A708-8DBF96796B9A}"
EndProject
Project("{9A19103F-16F7-4668-BE54-9A1E7A4F7556}") = "R5T.T0203", "..\..\R5T.T0203\source\R5T.T0203\R5T.T0203.csproj", "{85E66FF8-C3D8-4E6E-8B40-CFB73699D6ED}"
EndProject
Project("{9A19103F-16F7-4668-BE54-9A1E7A4F7556}") = "R5T.T0220", "..\..\R5T.T0220\source\R5T.T0220\R5T.T0220.csproj", "{DDDBE6F0-3C3B-4FCC-95A5-90C1DACFCD47}"
EndProject
Project("{9A19103F-16F7-4668-BE54-9A1E7A4F7556}") = "R5T.T0221", "..\..\R5T.T0221\source\R5T.T0221\R5T.T0221.csproj", "{EB5C1C2D-EF8E-4906-8F19-CEFF39820729}"
EndProject
Project("{9A19103F-16F7-4668-BE54-9A1E7A4F7556}") = "R5T.F0033.Platform", "..\..\R5T.F0033\source\R5T.F0033.Platform\R5T.F0033.Platform.csproj", "{48966C8B-07B2-4715-8553-9D56F70DEC8F}"
EndProject
Project("{9A19103F-16F7-4668-BE54-9A1E7A4F7556}") = "R5T.F0059", "..\..\R5T.F0059\source\R5T.F0059\R5T.F0059.csproj", "{F72D5B05-CFD2-4940-BA54-4FC95A77C4F8}"
EndProject
Project("{9A19103F-16F7-4668-BE54-9A1E7A4F7556}") = "R5T.F0138", "..\..\R5T.F0138\source\R5T.F0138\R5T.F0138.csproj", "{E159960D-E0BD-4E17-9F5C-71951EB7537E}"
EndProject
Project("{9A19103F-16F7-4668-BE54-9A1E7A4F7556}") = "R5T.F0139", "..\..\R5T.F0139\source\R5T.F0139\R5T.F0139.csproj", "{B3885291-D383-4F18-8211-4FCF2EEB45AE}"
EndProject
Project("{9A19103F-16F7-4668-BE54-9A1E7A4F7556}") = "R5T.F0140", "..\..\R5T.F0140\source\R5T.F0140\R5T.F0140.csproj", "{C7B147C4-07EB-4B63-AB53-5A950EA40F38}"
EndProject
Project("{9A19103F-16F7-4668-BE54-9A1E7A4F7556}") = "R5T.L0053", "..\..\R5T.L0053\source\R5T.L0053\R5T.L0053.csproj", "{35092A75-0C9E-4856-BB31-3ADD46C49FCA}"
EndProject
Project("{9A19103F-16F7-4668-BE54-9A1E7A4F7556}") = "R5T.NG0006", "..\..\R5T.NG0006\source\R5T.NG0006\R5T.NG0006.csproj", "{80051441-0DC9-450C-B568-911BCE0C0FD3}"
EndProject
Project("{9A19103F-16F7-4668-BE54-9A1E7A4F7556}") = "R5T.T0150", "..\..\R5T.T0150\source\R5T.T0150\R5T.T0150.csproj", "{37A5B0B7-30C8-4D27-9C7E-9577AF8EB57E}"
EndProject
Project("{9A19103F-16F7-4668-BE54-9A1E7A4F7556}") = "R5T.T0151", "..\..\R5T.T0151\source\R5T.T0151\R5T.T0151.csproj", "{3F3C1DD4-07F1-410F-82F8-B72B206F4E38}"
EndProject
Project("{9A19103F-16F7-4668-BE54-9A1E7A4F7556}") = "R5T.T0158", "..\..\R5T.T0158\source\R5T.T0158\R5T.T0158.csproj", "{C0B2E13B-D884-4DD0-A9FE-1871E4BEC4FB}"
EndProject
Project("{9A19103F-16F7-4668-BE54-9A1E7A4F7556}") = "R5T.T0159", "..\..\R5T.T0159\source\R5T.T0159\R5T.T0159.csproj", "{5F0F241C-4A46-4700-958E-69B081C1D7F7}"
EndProject
Project("{9A19103F-16F7-4668-BE54-9A1E7A4F7556}") = "R5T.T0172", "..\..\R5T.T0172\source\R5T.T0172\R5T.T0172.csproj", "{33663B89-A73E-4746-804C-8FE1A47E4CEE}"
EndProject
Project("{9A19103F-16F7-4668-BE54-9A1E7A4F7556}") = "R5T.T0214.Z001", "..\..\R5T.T0214\source\R5T.T0214.Z001\R5T.T0214.Z001.csproj", "{D2E8938C-0619-4DF1-8623-D2E46F43CC99}"
EndProject
Project("{9A19103F-16F7-4668-BE54-9A1E7A4F7556}") = "R5T.T0214", "..\..\R5T.T0214\source\R5T.T0214\R5T.T0214.csproj", "{770C3422-2A1F-4F34-964A-205CCAF6D133}"
EndProject
Project("{9A19103F-16F7-4668-BE54-9A1E7A4F7556}") = "R5T.T0215.Z000", "..\..\R5T.T0215\source\R5T.T0215.Z000\R5T.T0215.Z000.csproj", "{20A0069D-06D8-40F2-91F4-8856EB4A20DD}"
EndProject
Project("{9A19103F-16F7-4668-BE54-9A1E7A4F7556}") = "R5T.T0215", "..\..\R5T.T0215\source\R5T.T0215\R5T.T0215.csproj", "{AC006CD7-DCBA-44A2-ADCF-124AB7C4402E}"
EndProject
Project("{9A19103F-16F7-4668-BE54-9A1E7A4F7556}") = "R5T.T0216.F001", "..\..\R5T.T0216\source\R5T.T0216.F001\R5T.T0216.F001.csproj", "{207AB274-A296-43B4-A5EA-A28643914797}"
EndProject
Project("{9A19103F-16F7-4668-BE54-9A1E7A4F7556}") = "R5T.T0216", "..\..\R5T.T0216\source\R5T.T0216\R5T.T0216.csproj", "{34936480-EAF8-42DC-BBCB-CAA488125D45}"
EndProject
Project("{9A19103F-16F7-4668-BE54-9A1E7A4F7556}") = "R5T.T0217.F001", "..\..\R5T.T0217\source\R5T.T0217.F001\R5T.T0217.F001.csproj", "{05940BC1-E3A2-4C14-B16E-947C8EAD0613}"
EndProject
Project("{9A19103F-16F7-4668-BE54-9A1E7A4F7556}") = "R5T.T0217", "..\..\R5T.T0217\source\R5T.T0217\R5T.T0217.csproj", "{CF30F1EB-A27D-49F2-833F-032C86689065}"
EndProject
Project("{9A19103F-16F7-4668-BE54-9A1E7A4F7556}") = "R5T.T0218", "..\..\R5T.T0218\source\R5T.T0218\R5T.T0218.csproj", "{DD95CBF9-F46B-44B9-B441-CCD9B6F0B6F8}"
EndProject
Project("{9A19103F-16F7-4668-BE54-9A1E7A4F7556}") = "R5T.T0219", "..\..\R5T.T0219\source\R5T.T0219\R5T.T0219.csproj", "{8BBA45D7-DC30-462D-A084-90466ED972ED}"
EndProject
Project("{9A19103F-16F7-4668-BE54-9A1E7A4F7556}") = "R5T.Z0010.Platform", "..\..\R5T.Z0010\source\R5T.Z0010.Platform\R5T.Z0010.Platform.csproj", "{2AB4B1F8-9371-4B61-A4B0-6CBCF577804C}"
EndProject
Project("{9A19103F-16F7-4668-BE54-9A1E7A4F7556}") = "R5T.Z0044.Z000", "..\..\R5T.Z0044\source\R5T.Z0044.Z000\R5T.Z0044.Z000.csproj", "{DD6B9AA2-7869-458E-B158-216411E72BA4}"
EndProject
Project("{9A19103F-16F7-4668-BE54-9A1E7A4F7556}") = "R5T.Z0057", "..\..\R5T.Z0057\source\R5T.Z0057\R5T.Z0057.csproj", "{B50D9709-0408-42F6-AD35-81E8B985EC9C}"
EndProject
Project("{9A19103F-16F7-4668-BE54-9A1E7A4F7556}") = "R5T.Z0058", "..\..\R5T.Z0058\source\R5T.Z0058\R5T.Z0058.csproj", "{D14B7133-8C8F-48A6-8591-2139FB740707}"
EndProject
Project("{9A19103F-16F7-4668-BE54-9A1E7A4F7556}") = "R5T.F0034", "..\..\R5T.F0034\source\R5T.F0034\R5T.F0034.csproj", "{59BA9135-1E75-4479-8BE8-4BD4614CBED2}"
EndProject
Project("{9A19103F-16F7-4668-BE54-9A1E7A4F7556}") = "R5T.L0055", "..\..\R5T.L0055\source\R5T.L0055\R5T.L0055.csproj", "{8B255120-8FE8-4369-9C5E-C4940FF25821}"
EndProject
Project("{9A19103F-16F7-4668-BE54-9A1E7A4F7556}") = "R5T.L0056", "..\..\R5T.L0056\source\R5T.L0056\R5T.L0056.csproj", "{394DF62F-444B-4240-B60B-C2AED772A751}"
EndProject
Project("{9A19103F-16F7-4668-BE54-9A1E7A4F7556}") = "R5T.L0057", "..\..\R5T.L0057\source\R5T.L0057\R5T.L0057.csproj", "{B6D82BAA-74BF-4CE8-9B6B-871C9C19BA0D}"
EndProject
Project("{9A19103F-16F7-4668-BE54-9A1E7A4F7556}") = "R5T.Z0010", "..\..\R5T.Z0010\source\R5T.Z0010\R5T.Z0010.csproj", "{5B6103AC-66FF-4043-8F2E-EDB5555EC292}"
EndProject
Project("{9A19103F-16F7-4668-BE54-9A1E7A4F7556}") = "R5T.Z0063.Platform", "..\..\R5T.Z0063\source\R5T.Z0063.Platform\R5T.Z0063.Platform.csproj", "{532845D0-91BA-4784-BF48-FB3428381EC3}"
EndProject
Project("{9A19103F-16F7-4668-BE54-9A1E7A4F7556}") = "R5T.Z0063", "..\..\R5T.Z0063\source\R5T.Z0063\R5T.Z0063.csproj", "{73C942A1-A4D7-4474-82E5-9AB787A44526}"
EndProject
Project("{9A19103F-16F7-4668-BE54-9A1E7A4F7556}") = "R5T.F0020", "..\..\R5T.F0020\source\R5T.F0020\R5T.F0020.csproj", "{7B6D67F9-CCD6-46FD-8B59-CA7D62F6A228}"
EndProject
Project("{9A19103F-16F7-4668-BE54-9A1E7A4F7556}") = "R5T.F0040.F000", "..\..\R5T.F0040\source\R5T.F0040.F000\R5T.F0040.F000.csproj", "{0F78CBC5-77DA-428D-82DC-D63CCB6DB6EA}"
EndProject
Project("{9A19103F-16F7-4668-BE54-9A1E7A4F7556}") = "R5T.F0040", "..\..\R5T.F0040\source\R5T.F0040\R5T.F0040.csproj", "{9F86DDC0-8C42-49FC-8D48-B68A2503CA9F}"
EndProject
Project("{9A19103F-16F7-4668-BE54-9A1E7A4F7556}") = "R5T.T0152", "..\..\R5T.T0152\source\R5T.T0152\R5T.T0152.csproj", "{1490F79C-8D64-4C3E-A224-B5F0CDA94313}"
EndProject
Project("{9A19103F-16F7-4668-BE54-9A1E7A4F7556}") = "R5T.Z0012", "..\..\R5T.Z0012\source\R5T.Z0012\R5T.Z0012.csproj", "{D44678B5-CC33-41B3-B446-8D2AB5A667D2}"
EndProject
Project("{9A19103F-16F7-4668-BE54-9A1E7A4F7556}") = "R5T.F0035.F001", "..\..\R5T.F0035\source\R5T.F0035.F001\R5T.F0035.F001.csproj", "{465E733C-FCE9-4566-9326-2CE3B0EE3D44}"
EndProject
Project("{9A19103F-16F7-4668-BE54-9A1E7A4F7556}") = "R5T.NG0002", "..\..\R5T.NG0002\source\R5T.NG0002\R5T.NG0002.csproj", "{AC64EF94-F7FF-45CB-A275-C490B6A4D56F}"
EndProject
Project("{9A19103F-16F7-4668-BE54-9A1E7A4F7556}") = "R5T.NG0007", "..\..\R5T.NG0007\source\R5T.NG0007\R5T.NG0007.csproj", "{9A9DA179-67FD-4CFE-BAA6-9308F4978E74}"
EndProject
Project("{9A19103F-16F7-4668-BE54-9A1E7A4F7556}") = "R5T.T0148", "..\..\R5T.T0148\source\R5T.T0148\R5T.T0148.csproj", "{A4438094-D731-4A53-AD69-1EE7CE6FDECB}"
EndProject
Project("{9A19103F-16F7-4668-BE54-9A1E7A4F7556}") = "R5T.T0158.F000", "..\..\R5T.T0158\source\R5T.T0158.F000\R5T.T0158.F000.csproj", "{BB027514-FB68-447E-83C0-74106A0984F9}"
EndProject
Project("{9A19103F-16F7-4668-BE54-9A1E7A4F7556}") = "R5T.T0158.T000", "..\..\R5T.T0158\source\R5T.T0158.T000\R5T.T0158.T000.csproj", "{ED092A8E-8091-4EA9-97A5-1B05F4323EDF}"
EndProject
Project("{9A19103F-16F7-4668-BE54-9A1E7A4F7556}") = "R5T.T0159.F000", "..\..\R5T.T0159\source\R5T.T0159.F000\R5T.T0159.F000.csproj", "{F0650CE1-92FC-471A-B5E1-388DA8290115}"
EndProject
Project("{9A19103F-16F7-4668-BE54-9A1E7A4F7556}") = "R5T.L0058", "..\..\R5T.L0058\source\R5T.L0058\R5T.L0058.csproj", "{89C3D58F-5CA4-4663-B6F7-551F061DF1E6}"
EndProject
Project("{9A19103F-16F7-4668-BE54-9A1E7A4F7556}") = "R5T.F0034.Platform", "..\..\R5T.F0034\source\R5T.F0034.Platform\R5T.F0034.Platform.csproj", "{F213E1C5-305A-4A61-A818-C9152C2EE1A5}"
EndProject
Project("{9A19103F-16F7-4668-BE54-9A1E7A4F7556}") = "R5T.L0032.T000", "..\..\R5T.L0032\source\R5T.L0032.T000\R5T.L0032.T000.csproj", "{E7E07901-32A2-4EDF-B158-760CFDB5D68B}"
EndProject
Project("{9A19103F-16F7-4668-BE54-9A1E7A4F7556}") = "R5T.L0032.Y000", "..\..\R5T.L0032\source\R5T.L0032.Y000\R5T.L0032.Y000.csproj", "{1DBCEDC4-2007-4A2C-A784-25534A53D569}"
EndProject
Project("{9A19103F-16F7-4668-BE54-9A1E7A4F7556}") = "R5T.L0061", "..\..\R5T.L0061\source\R5T.L0061\R5T.L0061.csproj", "{A1A9D68D-767F-4AED-81C8-931F4FF7C0F2}"
EndProject
Project("{9A19103F-16F7-4668-BE54-9A1E7A4F7556}") = "R5T.L0064.F001", "..\..\R5T.L0064\source\R5T.L0064.F001\R5T.L0064.F001.csproj", "{AA3E9AAE-CFAC-4A37-AE7B-69F75BB45572}"
EndProject
Project("{9A19103F-16F7-4668-BE54-9A1E7A4F7556}") = "R5T.L0066", "..\..\R5T.L0066\source\R5T.L0066\R5T.L0066.csproj", "{55ABEA14-9E5F-4713-ACBE-F40E7087199F}"
EndProject
Project("{9A19103F-16F7-4668-BE54-9A1E7A4F7556}") = "R5T.L0071", "..\..\R5T.L0071\source\R5T.L0071\R5T.L0071.csproj", "{531AB7FD-C58D-41CA-B1FE-9025A7AB4661}"
EndProject
Project("{9A19103F-16F7-4668-BE54-9A1E7A4F7556}") = "R5T.L0074", "..\..\R5T.L0074\source\R5T.L0074\R5T.L0074.csproj", "{281A96D1-57F3-4B18-8917-43DA312C43FE}"
EndProject
Project("{9A19103F-16F7-4668-BE54-9A1E7A4F7556}") = "R5T.L0089.F000", "..\..\R5T.L0089\source\R5T.L0089.F000\R5T.L0089.F000.csproj", "{23E06334-A074-4B6F-82FE-2E0CFF6CE6FA}"
EndProject
Project("{9A19103F-16F7-4668-BE54-9A1E7A4F7556}") = "R5T.L0089.T000", "..\..\R5T.L0089\source\R5T.L0089.T000\R5T.L0089.T000.csproj", "{9F6625ED-C6D3-48F2-8E3C-6B115E816F26}"
EndProject
Project("{9A19103F-16F7-4668-BE54-9A1E7A4F7556}") = "R5T.L0089", "..\..\R5T.L0089\source\R5T.L0089\R5T.L0089.csproj", "{0B9597FA-C316-4289-95DE-A7F533986B7D}"
EndProject
Project("{9A19103F-16F7-4668-BE54-9A1E7A4F7556}") = "R5T.T0161", "..\..\R5T.T0161\source\R5T.T0161\R5T.T0161.csproj", "{81ADBD20-BE7D-4412-AB78-A638CF0E5AE5}"
EndProject
Project("{9A19103F-16F7-4668-BE54-9A1E7A4F7556}") = "R5T.T0184", "..\..\R5T.T0184\source\R5T.T0184\R5T.T0184.csproj", "{4CFD6728-1B7C-421D-AFFC-CD1E82445AE5}"
EndProject
Project("{9A19103F-16F7-4668-BE54-9A1E7A4F7556}") = "R5T.T0186", "..\..\R5T.T0186\source\R5T.T0186\R5T.T0186.csproj", "{26EBB0F8-A0B4-4A79-89CA-A548A21813AE}"
EndProject
Project("{9A19103F-16F7-4668-BE54-9A1E7A4F7556}") = "R5T.T0187", "..\..\R5T.T0187\source\R5T.T0187\R5T.T0187.csproj", "{DD01A265-D10D-4CEA-9DD3-33DB971DFDF8}"
EndProject
Project("{9A19103F-16F7-4668-BE54-9A1E7A4F7556}") = "R5T.T0196", "..\..\R5T.T0196\source\R5T.T0196\R5T.T0196.csproj", "{CAB5D1C9-805E-463F-8A03-B370D5FCF857}"
EndProject
Project("{9A19103F-16F7-4668-BE54-9A1E7A4F7556}") = "R5T.T0197", "..\..\R5T.T0197\source\R5T.T0197\R5T.T0197.csproj", "{F1662F81-78B6-4DB1-A56B-F730D7A9132F}"
EndProject
Project("{9A19103F-16F7-4668-BE54-9A1E7A4F7556}") = "R5T.T0198", "..\..\R5T.T0198\source\R5T.T0198\R5T.T0198.csproj", "{7CBFAA5D-64B3-4012-AB9A-CA304C9EF6B4}"
EndProject
Project("{9A19103F-16F7-4668-BE54-9A1E7A4F7556}") = "R5T.T0199.T000", "..\..\R5T.T0199\source\R5T.T0199.T000\R5T.T0199.T000.csproj", "{99D06497-15CE-42A3-91C6-25E5A517B0BE}"
EndProject
Project("{9A19103F-16F7-4668-BE54-9A1E7A4F7556}") = "R5T.T0199.T001", "..\..\R5T.T0199\source\R5T.T0199.T001\R5T.T0199.T001.csproj", "{A0739A66-267A-4A78-9225-42E1C50D0DDB}"
EndProject
Project("{9A19103F-16F7-4668-BE54-9A1E7A4F7556}") = "R5T.T0200", "..\..\R5T.T0200\source\R5T.T0200\R5T.T0200.csproj", "{FDDB5C00-F4FE-4A57-A5C1-96E7EA8FAAB5}"
EndProject
Project("{9A19103F-16F7-4668-BE54-9A1E7A4F7556}") = "R5T.T0213", "..\..\R5T.T0213\source\R5T.T0213\R5T.T0213.csproj", "{D80B4A36-84BD-4ECD-B172-8072A5C656AE}"
EndProject
Project("{9A19103F-16F7-4668-BE54-9A1E7A4F7556}") = "R5T.T0224", "..\..\R5T.T0224\source\R5T.T0224\R5T.T0224.csproj", "{A9B47591-9532-4FF4-ADD9-81EBE2DE94F4}"
EndProject
Project("{9A19103F-16F7-4668-BE54-9A1E7A4F7556}") = "R5T.T0227", "..\..\R5T.T0227\source\R5T.T0227\R5T.T0227.csproj", "{A198C1E7-A8BC-42B4-940A-773A1FAD7995}"
EndProject
Project("{9A19103F-16F7-4668-BE54-9A1E7A4F7556}") = "R5T.Y0006", "..\..\R5T.Y0006\source\R5T.Y0006\R5T.Y0006.csproj", "{4C24B9B4-8827-4111-9A2A-6C5C67D33F48}"
EndProject
Project("{9A19103F-16F7-4668-BE54-9A1E7A4F7556}") = "R5T.Z0046.Platform", "..\..\R5T.Z0046\source\R5T.Z0046.Platform\R5T.Z0046.Platform.csproj", "{CD5E78B5-05B1-4150-8C1B-85DD1F16552A}"
EndProject
Project("{9A19103F-16F7-4668-BE54-9A1E7A4F7556}") = "R5T.Z0046", "..\..\R5T.Z0046\source\R5T.Z0046\R5T.Z0046.csproj", "{5726F130-7998-42F2-8035-B85F95FEE8D8}"
EndProject
Project("{9A19103F-16F7-4668-BE54-9A1E7A4F7556}") = "R5T.Z0057.Platform", "..\..\R5T.Z0057\source\R5T.Z0057.Platform\R5T.Z0057.Platform.csproj", "{0C873081-58AC-40F2-A900-37EA978F1D15}"
EndProject
Project("{9A19103F-16F7-4668-BE54-9A1E7A4F7556}") = "R5T.F0016.F001", "..\..\R5T.F0016\source\R5T.F0016.F001\R5T.F0016.F001.csproj", "{515CD805-8394-43C8-9136-F58AB3DD2109}"
EndProject
Project("{9A19103F-16F7-4668-BE54-9A1E7A4F7556}") = "R5T.F0016", "..\..\R5T.F0016\source\R5T.F0016\R5T.F0016.csproj", "{55020D7B-3F43-4B57-973E-C884CC308EE1}"
EndProject
Project("{9A19103F-16F7-4668-BE54-9A1E7A4F7556}") = "R5T.F0026", "..\..\R5T.F0026\source\R5T.F0026\R5T.F0026.csproj", "{AA8152CE-0E13-47FE-9B3D-1F7196F57DD7}"
EndProject
Project("{9A19103F-16F7-4668-BE54-9A1E7A4F7556}") = "R5T.F0027", "..\..\R5T.F0027\source\R5T.F0027\R5T.F0027.csproj", "{32C16A49-57BB-45EB-BFEF-5E048E565265}"
EndProject
Project("{9A19103F-16F7-4668-BE54-9A1E7A4F7556}") = "R5T.F0032", "..\..\R5T.F0032\source\R5T.F0032\R5T.F0032.csproj", "{67BF93E4-8877-4689-AA7D-416839D9285A}"
EndProject
Project("{9A19103F-16F7-4668-BE54-9A1E7A4F7556}") = "R5T.F0050", "..\..\R5T.F0050\source\R5T.F0050\R5T.F0050.csproj", "{432297AC-C624-435C-8659-06C3CD63D931}"
EndProject
Project("{9A19103F-16F7-4668-BE54-9A1E7A4F7556}") = "R5T.F0052", "..\..\R5T.F0052\source\R5T.F0052\R5T.F0052.csproj", "{2A11CD3B-22F9-45F8-AA87-E6430635C96B}"
EndProject
Project("{9A19103F-16F7-4668-BE54-9A1E7A4F7556}") = "R5T.F0053", "..\..\R5T.F0053\source\R5T.F0053\R5T.F0053.csproj", "{4FAFA039-21D0-4DF1-8C9B-E0D4C9900694}"
EndProject
Project("{9A19103F-16F7-4668-BE54-9A1E7A4F7556}") = "R5T.F0054", "..\..\R5T.F0054\source\R5T.F0054\R5T.F0054.csproj", "{2B13E6F2-3F64-4C0C-AD01-DFE8DB3597F8}"
EndProject
Project("{9A19103F-16F7-4668-BE54-9A1E7A4F7556}") = "R5T.F0076", "..\..\R5T.F0076\source\R5T.F0076\R5T.F0076.csproj", "{C47AF43D-5976-4107-828E-EEBA718B9939}"
EndProject
Project("{9A19103F-16F7-4668-BE54-9A1E7A4F7556}") = "R5T.F0077", "..\..\R5T.F0077\source\R5T.F0077\R5T.F0077.csproj", "{10389597-BB9D-4F05-804E-E5DA8B59AE9F}"
EndProject
Project("{9A19103F-16F7-4668-BE54-9A1E7A4F7556}") = "R5T.F0082", "..\..\R5T.F0082\source\R5T.F0082\R5T.F0082.csproj", "{36EC3E2C-E4B2-40C1-B0FF-5126749AADD8}"
EndProject
Project("{9A19103F-16F7-4668-BE54-9A1E7A4F7556}") = "R5T.F0111", "..\..\R5T.F0111\source\R5T.F0111\R5T.F0111.csproj", "{E90E9C59-D583-4373-87B9-1038A4D1AAA4}"
EndProject
Project("{9A19103F-16F7-4668-BE54-9A1E7A4F7556}") = "R5T.F0112", "..\..\R5T.F0112\source\R5T.F0112\R5T.F0112.csproj", "{E0068BFB-B391-4CF1-B0F0-8F3531421379}"
EndProject
Project("{9A19103F-16F7-4668-BE54-9A1E7A4F7556}") = "R5T.F0115", "..\..\R5T.F0115\source\R5T.F0115\R5T.F0115.csproj", "{878DCD92-EE31-49A8-907D-C35AFCA6976E}"
EndProject
Project("{9A19103F-16F7-4668-BE54-9A1E7A4F7556}") = "R5T.L0032.Z000", "..\..\R5T.L0032\source\R5T.L0032.Z000\R5T.L0032.Z000.csproj", "{60E8938C-ECDA-48BC-A763-EDBB4AC8CD9A}"
EndProject
Project("{9A19103F-16F7-4668-BE54-9A1E7A4F7556}") = "R5T.L0032.Z001", "..\..\R5T.L0032\source\R5T.L0032.Z001\R5T.L0032.Z001.csproj", "{06EA2B79-25B2-4438-A9E5-2C1090E0F3DE}"
EndProject
Project("{9A19103F-16F7-4668-BE54-9A1E7A4F7556}") = "R5T.L0054", "..\..\R5T.L0054\source\R5T.L0054\R5T.L0054.csproj", "{3B370A7D-E359-4A8D-BEED-92078C8AAA92}"
EndProject
Project("{9A19103F-16F7-4668-BE54-9A1E7A4F7556}") = "R5T.L0059", "..\..\R5T.L0059\source\R5T.L0059\R5T.L0059.csproj", "{EEE393AD-6311-48EC-8103-420159D624A6}"
EndProject
Project("{9A19103F-16F7-4668-BE54-9A1E7A4F7556}") = "R5T.L0060", "..\..\R5T.L0060\source\R5T.L0060\R5T.L0060.csproj", "{81C097E1-2208-429D-99F8-BDB7D1A7CF83}"
EndProject
Project("{9A19103F-16F7-4668-BE54-9A1E7A4F7556}") = "R5T.L0062.F000", "..\..\R5T.L0062\source\R5T.L0062.F000\R5T.L0062.F000.csproj", "{CE396BF0-D8B9-4F8B-9E40-6754CF906489}"
EndProject
Project("{9A19103F-16F7-4668-BE54-9A1E7A4F7556}") = "R5T.L0062.F001", "..\..\R5T.L0062\source\R5T.L0062.F001\R5T.L0062.F001.csproj", "{A824890F-44B4-4710-B1E2-9D083BED8786}"
EndProject
Project("{9A19103F-16F7-4668-BE54-9A1E7A4F7556}") = "R5T.L0062.L001", "..\..\R5T.L0062\source\R5T.L0062.L001\R5T.L0062.L001.csproj", "{23AE61C7-D742-405E-BCAB-9B96D92C2FB3}"
EndProject
Project("{9A19103F-16F7-4668-BE54-9A1E7A4F7556}") = "R5T.L0062.T000", "..\..\R5T.L0062\source\R5T.L0062.T000\R5T.L0062.T000.csproj", "{1047F13F-C3EA-4A9F-AB09-765AFF43E023}"
EndProject
Project("{9A19103F-16F7-4668-BE54-9A1E7A4F7556}") = "R5T.L0062.Z000", "..\..\R5T.L0062\source\R5T.L0062.Z000\R5T.L0062.Z000.csproj", "{84F8E2C9-697E-427C-A5A0-96650C4B0BA0}"
EndProject
Project("{9A19103F-16F7-4668-BE54-9A1E7A4F7556}") = "R5T.L0063.F000", "..\..\R5T.L0063\source\R5T.L0063.F000\R5T.L0063.F000.csproj", "{8A3E1038-0209-473F-845A-F0047E4DAA31}"
EndProject
Project("{9A19103F-16F7-4668-BE54-9A1E7A4F7556}") = "R5T.L0063.T000", "..\..\R5T.L0063\source\R5T.L0063.T000\R5T.L0063.T000.csproj", "{44F83D3C-BA3F-4403-A23F-C2BA457016EB}"
EndProject
Project("{9A19103F-16F7-4668-BE54-9A1E7A4F7556}") = "R5T.L0063.Z000", "..\..\R5T.L0063\source\R5T.L0063.Z000\R5T.L0063.Z000.csproj", "{1159B5A6-E68E-4C88-B5BB-A592EC85D4DD}"
EndProject
Project("{9A19103F-16F7-4668-BE54-9A1E7A4F7556}") = "R5T.L0065.F000", "..\..\R5T.L0065\source\R5T.L0065.F000\R5T.L0065.F000.csproj", "{4FD3A10C-CEC2-4965-89E8-1DA9ADC193C9}"
EndProject
Project("{9A19103F-16F7-4668-BE54-9A1E7A4F7556}") = "R5T.L0065.F001", "..\..\R5T.L0065\source\R5T.L0065.F001\R5T.L0065.F001.csproj", "{9B3C0CBE-9B1B-4EFE-81D0-265ECE90ABFF}"
EndProject
Project("{9A19103F-16F7-4668-BE54-9A1E7A4F7556}") = "R5T.L0065.F002", "..\..\R5T.L0065\source\R5T.L0065.F002\R5T.L0065.F002.csproj", "{EBCE1031-866E-415D-B5E4-DF4466A40A23}"
EndProject
Project("{9A19103F-16F7-4668-BE54-9A1E7A4F7556}") = "R5T.L0065.F003", "..\..\R5T.L0065\source\R5T.L0065.F003\R5T.L0065.F003.csproj", "{91726A6D-D543-4FC8-B4AC-C5E601F597D7}"
EndProject
Project("{9A19103F-16F7-4668-BE54-9A1E7A4F7556}") = "R5T.L0065.F004", "..\..\R5T.L0065\source\R5T.L0065.F004\R5T.L0065.F004.csproj", "{8C9CB758-1057-40FF-B111-0B06BB4F3775}"
EndProject
Project("{9A19103F-16F7-4668-BE54-9A1E7A4F7556}") = "R5T.L0065.T000", "..\..\R5T.L0065\source\R5T.L0065.T000\R5T.L0065.T000.csproj", "{5DE36141-A39D-4979-B5AB-686317BB53F3}"
EndProject
Project("{9A19103F-16F7-4668-BE54-9A1E7A4F7556}") = "R5T.L0065", "..\..\R5T.L0065\source\R5T.L0065\R5T.L0065.csproj", "{57CE81D5-1C0C-4CB6-86BE-21DF4E72A4F4}"
EndProject
Project("{9A19103F-16F7-4668-BE54-9A1E7A4F7556}") = "R5T.L0067", "..\..\R5T.L0067\source\R5T.L0067\R5T.L0067.csproj", "{D2DA8B6D-AAC7-475B-ACE3-C630BEF2AC93}"
EndProject
Project("{9A19103F-16F7-4668-BE54-9A1E7A4F7556}") = "R5T.L0068", "..\..\R5T.L0068\source\R5T.L0068\R5T.L0068.csproj", "{A4EC14DB-A305-4D31-92FB-3CC3378272FD}"
EndProject
Project("{9A19103F-16F7-4668-BE54-9A1E7A4F7556}") = "R5T.L0072", "..\..\R5T.L0072\source\R5T.L0072\R5T.L0072.csproj", "{71BBEA06-354B-48C2-A58E-5101C7823FCF}"
EndProject
Project("{9A19103F-16F7-4668-BE54-9A1E7A4F7556}") = "R5T.NG0008", "..\..\R5T.NG0008\source\R5T.NG0008\R5T.NG0008.csproj", "{328E59F1-E619-46D2-9EFB-CB19A201D7F3}"
EndProject
Project("{9A19103F-16F7-4668-BE54-9A1E7A4F7556}") = "R5T.T0146.F001", "..\..\R5T.T0146\source\R5T.T0146.F001\R5T.T0146.F001.csproj", "{6B8E4A61-E4E5-4080-8FB6-51C53FFF7A64}"
EndProject
Project("{9A19103F-16F7-4668-BE54-9A1E7A4F7556}") = "R5T.T0146", "..\..\R5T.T0146\source\R5T.T0146\R5T.T0146.csproj", "{C77687D1-52F0-4FC6-9F6B-9BA922078969}"
EndProject
Project("{9A19103F-16F7-4668-BE54-9A1E7A4F7556}") = "R5T.T0225.T000", "..\..\R5T.T0225\source\R5T.T0225.T000\R5T.T0225.T000.csproj", "{D8D31F36-5F3E-4B75-9B1F-54E64B0E971B}"
EndProject
Project("{9A19103F-16F7-4668-BE54-9A1E7A4F7556}") = "R5T.T0225", "..\..\R5T.T0225\source\R5T.T0225\R5T.T0225.csproj", "{246787B2-C717-4664-81B9-DCA8397306D7}"
EndProject
Project("{9A19103F-16F7-4668-BE54-9A1E7A4F7556}") = "R5T.T0226.L000", "..\..\R5T.T0226\source\R5T.T0226.L000\R5T.T0226.L000.csproj", "{18E1F082-F26F-431D-B237-950F9295DDB3}"
EndProject
Project("{9A19103F-16F7-4668-BE54-9A1E7A4F7556}") = "R5T.T0226.T000", "..\..\R5T.T0226\source\R5T.T0226.T000\R5T.T0226.T000.csproj", "{8D96252F-207B-4759-B451-643D97F44D9E}"
EndProject
Project("{9A19103F-16F7-4668-BE54-9A1E7A4F7556}") = "R5T.T0226", "..\..\R5T.T0226\source\R5T.T0226\R5T.T0226.csproj", "{7087F16C-B650-423B-A801-CEFD0B4537CE}"
EndProject
Project("{9A19103F-16F7-4668-BE54-9A1E7A4F7556}") = "R5T.T0241", "..\..\R5T.T0241\source\R5T.T0241\R5T.T0241.csproj", "{15AB9B46-5CCE-43D9-8401-058214B50603}"
EndProject
Project("{9A19103F-16F7-4668-BE54-9A1E7A4F7556}") = "R5T.Z0011", "..\..\R5T.Z0011\source\R5T.Z0011\R5T.Z0011.csproj", "{66D3AAF7-BD6D-4C87-B1AE-A50C34E7A66D}"
EndProject
Project("{9A19103F-16F7-4668-BE54-9A1E7A4F7556}") = "R5T.Z0022", "..\..\R5T.Z0022.Private\source\R5T.Z0022\R5T.Z0022.csproj", "{493D7271-4881-4240-8147-7C6CD92A167D}"
EndProject
Global
	GlobalSection(NestedProjects) = preSolution
		{4197C0B1-EB01-42BE-B72C-C3FAE73DC332} = {A72257F0-4259-4817-B04F-0A1959AC17F0}
		{CAB61700-DC42-4F9E-A155-0A1A07B55699} = {A72257F0-4259-4817-B04F-0A1959AC17F0}
		{CAF71DD0-FF3F-4ADD-B8D8-9B9DB2EAF7BF} = {A72257F0-4259-4817-B04F-0A1959AC17F0}
		{07A901F6-109C-45A9-AC78-4524970EB055} = {A72257F0-4259-4817-B04F-0A1959AC17F0}
		{945AB1D7-B5C7-4481-8D55-5166783995DC} = {A72257F0-4259-4817-B04F-0A1959AC17F0}
		{4FC44B1E-586D-4947-AAC5-66F0D89D2D63} = {A72257F0-4259-4817-B04F-0A1959AC17F0}
		{4CCAA824-E3C2-4C1E-BAC4-7E8B10157F72} = {A72257F0-4259-4817-B04F-0A1959AC17F0}
		{E5343636-7873-4304-B651-4CA92D8AB80E} = {A72257F0-4259-4817-B04F-0A1959AC17F0}
		{E52B9E8B-90BD-4241-BDA3-C84B53CAAE3B} = {A72257F0-4259-4817-B04F-0A1959AC17F0}
		{DBC33FD9-0E13-4FA2-81F5-9F9D054E305F} = {A72257F0-4259-4817-B04F-0A1959AC17F0}
		{23017453-C162-4867-A27E-B6D5ADFDCB9A} = {A72257F0-4259-4817-B04F-0A1959AC17F0}
		{77F7DCD9-5815-4798-8C6C-1913FBEF9577} = {A72257F0-4259-4817-B04F-0A1959AC17F0}
		{2F251C70-0686-404D-8905-774C8CC3D08B} = {A72257F0-4259-4817-B04F-0A1959AC17F0}
		{CCF328BD-C0AE-44C4-89B6-65B20D17D9BC} = {A72257F0-4259-4817-B04F-0A1959AC17F0}
		{2E57EAB7-DA15-46C9-A316-B1EFC662C9AE} = {A72257F0-4259-4817-B04F-0A1959AC17F0}
		{2F6B18C6-85CD-43E9-8F39-7B7B30296001} = {A72257F0-4259-4817-B04F-0A1959AC17F0}
		{7A4E4537-53AA-46B8-B11B-C88F744E8523} = {A72257F0-4259-4817-B04F-0A1959AC17F0}
		{EFE74C86-35B9-4D86-894E-EBBB373BE264} = {A72257F0-4259-4817-B04F-0A1959AC17F0}
		{49BAB4A5-E82F-4ABC-A479-433D9285FB6B} = {A72257F0-4259-4817-B04F-0A1959AC17F0}
		{CEAA02AE-EB52-4E2D-A8F7-AC0424450740} = {A72257F0-4259-4817-B04F-0A1959AC17F0}
		{917DDA37-A0F1-4304-8DE4-7957D49125C6} = {A72257F0-4259-4817-B04F-0A1959AC17F0}
		{661C5DAB-B800-4AF8-9149-4F50D446E9B3} = {A72257F0-4259-4817-B04F-0A1959AC17F0}
		{A8E3D420-EAAA-4D05-8D49-AC1FEE33D9BD} = {A72257F0-4259-4817-B04F-0A1959AC17F0}
		{330A1434-5B28-46FC-9E6F-09C243B574F1} = {A72257F0-4259-4817-B04F-0A1959AC17F0}
		{DAC49EF3-8FFE-49CC-807B-909322EE0D18} = {A72257F0-4259-4817-B04F-0A1959AC17F0}
		{DC747A2D-2729-4D54-BB46-FDD7410180E4} = {A72257F0-4259-4817-B04F-0A1959AC17F0}
		{18E04762-B62E-46C1-8B20-336CD928C990} = {A72257F0-4259-4817-B04F-0A1959AC17F0}
		{B301735F-954F-4F53-9393-955279E36E27} = {A72257F0-4259-4817-B04F-0A1959AC17F0}
		{AB03CB1B-0B2C-4023-812D-57353FA3417E} = {A72257F0-4259-4817-B04F-0A1959AC17F0}
		{6C0FD25D-3F5B-4421-A5F1-AB4DEED87D68} = {A72257F0-4259-4817-B04F-0A1959AC17F0}
		{349FBBB8-5BF6-4D96-A708-8DBF96796B9A} = {A72257F0-4259-4817-B04F-0A1959AC17F0}
		{85E66FF8-C3D8-4E6E-8B40-CFB73699D6ED} = {A72257F0-4259-4817-B04F-0A1959AC17F0}
		{DDDBE6F0-3C3B-4FCC-95A5-90C1DACFCD47} = {A72257F0-4259-4817-B04F-0A1959AC17F0}
		{EB5C1C2D-EF8E-4906-8F19-CEFF39820729} = {A72257F0-4259-4817-B04F-0A1959AC17F0}
		{48966C8B-07B2-4715-8553-9D56F70DEC8F} = {A72257F0-4259-4817-B04F-0A1959AC17F0}
		{F72D5B05-CFD2-4940-BA54-4FC95A77C4F8} = {A72257F0-4259-4817-B04F-0A1959AC17F0}
		{E159960D-E0BD-4E17-9F5C-71951EB7537E} = {A72257F0-4259-4817-B04F-0A1959AC17F0}
		{B3885291-D383-4F18-8211-4FCF2EEB45AE} = {A72257F0-4259-4817-B04F-0A1959AC17F0}
		{C7B147C4-07EB-4B63-AB53-5A950EA40F38} = {A72257F0-4259-4817-B04F-0A1959AC17F0}
		{35092A75-0C9E-4856-BB31-3ADD46C49FCA} = {A72257F0-4259-4817-B04F-0A1959AC17F0}
		{80051441-0DC9-450C-B568-911BCE0C0FD3} = {A72257F0-4259-4817-B04F-0A1959AC17F0}
		{37A5B0B7-30C8-4D27-9C7E-9577AF8EB57E} = {A72257F0-4259-4817-B04F-0A1959AC17F0}
		{3F3C1DD4-07F1-410F-82F8-B72B206F4E38} = {A72257F0-4259-4817-B04F-0A1959AC17F0}
		{C0B2E13B-D884-4DD0-A9FE-1871E4BEC4FB} = {A72257F0-4259-4817-B04F-0A1959AC17F0}
		{5F0F241C-4A46-4700-958E-69B081C1D7F7} = {A72257F0-4259-4817-B04F-0A1959AC17F0}
		{33663B89-A73E-4746-804C-8FE1A47E4CEE} = {A72257F0-4259-4817-B04F-0A1959AC17F0}
		{D2E8938C-0619-4DF1-8623-D2E46F43CC99} = {A72257F0-4259-4817-B04F-0A1959AC17F0}
		{770C3422-2A1F-4F34-964A-205CCAF6D133} = {A72257F0-4259-4817-B04F-0A1959AC17F0}
		{20A0069D-06D8-40F2-91F4-8856EB4A20DD} = {A72257F0-4259-4817-B04F-0A1959AC17F0}
		{AC006CD7-DCBA-44A2-ADCF-124AB7C4402E} = {A72257F0-4259-4817-B04F-0A1959AC17F0}
		{207AB274-A296-43B4-A5EA-A28643914797} = {A72257F0-4259-4817-B04F-0A1959AC17F0}
		{34936480-EAF8-42DC-BBCB-CAA488125D45} = {A72257F0-4259-4817-B04F-0A1959AC17F0}
		{05940BC1-E3A2-4C14-B16E-947C8EAD0613} = {A72257F0-4259-4817-B04F-0A1959AC17F0}
		{CF30F1EB-A27D-49F2-833F-032C86689065} = {A72257F0-4259-4817-B04F-0A1959AC17F0}
		{DD95CBF9-F46B-44B9-B441-CCD9B6F0B6F8} = {A72257F0-4259-4817-B04F-0A1959AC17F0}
		{8BBA45D7-DC30-462D-A084-90466ED972ED} = {A72257F0-4259-4817-B04F-0A1959AC17F0}
		{2AB4B1F8-9371-4B61-A4B0-6CBCF577804C} = {A72257F0-4259-4817-B04F-0A1959AC17F0}
		{DD6B9AA2-7869-458E-B158-216411E72BA4} = {A72257F0-4259-4817-B04F-0A1959AC17F0}
		{B50D9709-0408-42F6-AD35-81E8B985EC9C} = {A72257F0-4259-4817-B04F-0A1959AC17F0}
		{D14B7133-8C8F-48A6-8591-2139FB740707} = {A72257F0-4259-4817-B04F-0A1959AC17F0}
		{59BA9135-1E75-4479-8BE8-4BD4614CBED2} = {A72257F0-4259-4817-B04F-0A1959AC17F0}
		{8B255120-8FE8-4369-9C5E-C4940FF25821} = {A72257F0-4259-4817-B04F-0A1959AC17F0}
		{394DF62F-444B-4240-B60B-C2AED772A751} = {A72257F0-4259-4817-B04F-0A1959AC17F0}
		{B6D82BAA-74BF-4CE8-9B6B-871C9C19BA0D} = {A72257F0-4259-4817-B04F-0A1959AC17F0}
		{5B6103AC-66FF-4043-8F2E-EDB5555EC292} = {A72257F0-4259-4817-B04F-0A1959AC17F0}
		{532845D0-91BA-4784-BF48-FB3428381EC3} = {A72257F0-4259-4817-B04F-0A1959AC17F0}
		{73C942A1-A4D7-4474-82E5-9AB787A44526} = {A72257F0-4259-4817-B04F-0A1959AC17F0}
		{7B6D67F9-CCD6-46FD-8B59-CA7D62F6A228} = {A72257F0-4259-4817-B04F-0A1959AC17F0}
		{0F78CBC5-77DA-428D-82DC-D63CCB6DB6EA} = {A72257F0-4259-4817-B04F-0A1959AC17F0}
		{9F86DDC0-8C42-49FC-8D48-B68A2503CA9F} = {A72257F0-4259-4817-B04F-0A1959AC17F0}
		{1490F79C-8D64-4C3E-A224-B5F0CDA94313} = {A72257F0-4259-4817-B04F-0A1959AC17F0}
		{D44678B5-CC33-41B3-B446-8D2AB5A667D2} = {A72257F0-4259-4817-B04F-0A1959AC17F0}
		{465E733C-FCE9-4566-9326-2CE3B0EE3D44} = {A72257F0-4259-4817-B04F-0A1959AC17F0}
		{AC64EF94-F7FF-45CB-A275-C490B6A4D56F} = {A72257F0-4259-4817-B04F-0A1959AC17F0}
		{9A9DA179-67FD-4CFE-BAA6-9308F4978E74} = {A72257F0-4259-4817-B04F-0A1959AC17F0}
		{A4438094-D731-4A53-AD69-1EE7CE6FDECB} = {A72257F0-4259-4817-B04F-0A1959AC17F0}
		{BB027514-FB68-447E-83C0-74106A0984F9} = {A72257F0-4259-4817-B04F-0A1959AC17F0}
		{ED092A8E-8091-4EA9-97A5-1B05F4323EDF} = {A72257F0-4259-4817-B04F-0A1959AC17F0}
		{F0650CE1-92FC-471A-B5E1-388DA8290115} = {A72257F0-4259-4817-B04F-0A1959AC17F0}
		{89C3D58F-5CA4-4663-B6F7-551F061DF1E6} = {A72257F0-4259-4817-B04F-0A1959AC17F0}
		{F213E1C5-305A-4A61-A818-C9152C2EE1A5} = {A72257F0-4259-4817-B04F-0A1959AC17F0}
		{E7E07901-32A2-4EDF-B158-760CFDB5D68B} = {A72257F0-4259-4817-B04F-0A1959AC17F0}
		{1DBCEDC4-2007-4A2C-A784-25534A53D569} = {A72257F0-4259-4817-B04F-0A1959AC17F0}
		{A1A9D68D-767F-4AED-81C8-931F4FF7C0F2} = {A72257F0-4259-4817-B04F-0A1959AC17F0}
		{AA3E9AAE-CFAC-4A37-AE7B-69F75BB45572} = {A72257F0-4259-4817-B04F-0A1959AC17F0}
		{55ABEA14-9E5F-4713-ACBE-F40E7087199F} = {A72257F0-4259-4817-B04F-0A1959AC17F0}
		{531AB7FD-C58D-41CA-B1FE-9025A7AB4661} = {A72257F0-4259-4817-B04F-0A1959AC17F0}
		{281A96D1-57F3-4B18-8917-43DA312C43FE} = {A72257F0-4259-4817-B04F-0A1959AC17F0}
		{23E06334-A074-4B6F-82FE-2E0CFF6CE6FA} = {A72257F0-4259-4817-B04F-0A1959AC17F0}
		{9F6625ED-C6D3-48F2-8E3C-6B115E816F26} = {A72257F0-4259-4817-B04F-0A1959AC17F0}
		{0B9597FA-C316-4289-95DE-A7F533986B7D} = {A72257F0-4259-4817-B04F-0A1959AC17F0}
		{81ADBD20-BE7D-4412-AB78-A638CF0E5AE5} = {A72257F0-4259-4817-B04F-0A1959AC17F0}
		{4CFD6728-1B7C-421D-AFFC-CD1E82445AE5} = {A72257F0-4259-4817-B04F-0A1959AC17F0}
		{26EBB0F8-A0B4-4A79-89CA-A548A21813AE} = {A72257F0-4259-4817-B04F-0A1959AC17F0}
		{DD01A265-D10D-4CEA-9DD3-33DB971DFDF8} = {A72257F0-4259-4817-B04F-0A1959AC17F0}
		{CAB5D1C9-805E-463F-8A03-B370D5FCF857} = {A72257F0-4259-4817-B04F-0A1959AC17F0}
		{F1662F81-78B6-4DB1-A56B-F730D7A9132F} = {A72257F0-4259-4817-B04F-0A1959AC17F0}
		{7CBFAA5D-64B3-4012-AB9A-CA304C9EF6B4} = {A72257F0-4259-4817-B04F-0A1959AC17F0}
		{99D06497-15CE-42A3-91C6-25E5A517B0BE} = {A72257F0-4259-4817-B04F-0A1959AC17F0}
		{A0739A66-267A-4A78-9225-42E1C50D0DDB} = {A72257F0-4259-4817-B04F-0A1959AC17F0}
		{FDDB5C00-F4FE-4A57-A5C1-96E7EA8FAAB5} = {A72257F0-4259-4817-B04F-0A1959AC17F0}
		{D80B4A36-84BD-4ECD-B172-8072A5C656AE} = {A72257F0-4259-4817-B04F-0A1959AC17F0}
		{A9B47591-9532-4FF4-ADD9-81EBE2DE94F4} = {A72257F0-4259-4817-B04F-0A1959AC17F0}
		{A198C1E7-A8BC-42B4-940A-773A1FAD7995} = {A72257F0-4259-4817-B04F-0A1959AC17F0}
		{4C24B9B4-8827-4111-9A2A-6C5C67D33F48} = {A72257F0-4259-4817-B04F-0A1959AC17F0}
		{CD5E78B5-05B1-4150-8C1B-85DD1F16552A} = {A72257F0-4259-4817-B04F-0A1959AC17F0}
		{5726F130-7998-42F2-8035-B85F95FEE8D8} = {A72257F0-4259-4817-B04F-0A1959AC17F0}
		{0C873081-58AC-40F2-A900-37EA978F1D15} = {A72257F0-4259-4817-B04F-0A1959AC17F0}
		{515CD805-8394-43C8-9136-F58AB3DD2109} = {A72257F0-4259-4817-B04F-0A1959AC17F0}
		{55020D7B-3F43-4B57-973E-C884CC308EE1} = {A72257F0-4259-4817-B04F-0A1959AC17F0}
		{AA8152CE-0E13-47FE-9B3D-1F7196F57DD7} = {A72257F0-4259-4817-B04F-0A1959AC17F0}
		{32C16A49-57BB-45EB-BFEF-5E048E565265} = {A72257F0-4259-4817-B04F-0A1959AC17F0}
		{67BF93E4-8877-4689-AA7D-416839D9285A} = {A72257F0-4259-4817-B04F-0A1959AC17F0}
		{432297AC-C624-435C-8659-06C3CD63D931} = {A72257F0-4259-4817-B04F-0A1959AC17F0}
		{2A11CD3B-22F9-45F8-AA87-E6430635C96B} = {A72257F0-4259-4817-B04F-0A1959AC17F0}
		{4FAFA039-21D0-4DF1-8C9B-E0D4C9900694} = {A72257F0-4259-4817-B04F-0A1959AC17F0}
		{2B13E6F2-3F64-4C0C-AD01-DFE8DB3597F8} = {A72257F0-4259-4817-B04F-0A1959AC17F0}
		{C47AF43D-5976-4107-828E-EEBA718B9939} = {A72257F0-4259-4817-B04F-0A1959AC17F0}
		{10389597-BB9D-4F05-804E-E5DA8B59AE9F} = {A72257F0-4259-4817-B04F-0A1959AC17F0}
		{36EC3E2C-E4B2-40C1-B0FF-5126749AADD8} = {A72257F0-4259-4817-B04F-0A1959AC17F0}
		{E90E9C59-D583-4373-87B9-1038A4D1AAA4} = {A72257F0-4259-4817-B04F-0A1959AC17F0}
		{E0068BFB-B391-4CF1-B0F0-8F3531421379} = {A72257F0-4259-4817-B04F-0A1959AC17F0}
		{878DCD92-EE31-49A8-907D-C35AFCA6976E} = {A72257F0-4259-4817-B04F-0A1959AC17F0}
		{60E8938C-ECDA-48BC-A763-EDBB4AC8CD9A} = {A72257F0-4259-4817-B04F-0A1959AC17F0}
		{06EA2B79-25B2-4438-A9E5-2C1090E0F3DE} = {A72257F0-4259-4817-B04F-0A1959AC17F0}
		{3B370A7D-E359-4A8D-BEED-92078C8AAA92} = {A72257F0-4259-4817-B04F-0A1959AC17F0}
		{EEE393AD-6311-48EC-8103-420159D624A6} = {A72257F0-4259-4817-B04F-0A1959AC17F0}
		{81C097E1-2208-429D-99F8-BDB7D1A7CF83} = {A72257F0-4259-4817-B04F-0A1959AC17F0}
		{CE396BF0-D8B9-4F8B-9E40-6754CF906489} = {A72257F0-4259-4817-B04F-0A1959AC17F0}
		{A824890F-44B4-4710-B1E2-9D083BED8786} = {A72257F0-4259-4817-B04F-0A1959AC17F0}
		{23AE61C7-D742-405E-BCAB-9B96D92C2FB3} = {A72257F0-4259-4817-B04F-0A1959AC17F0}
		{1047F13F-C3EA-4A9F-AB09-765AFF43E023} = {A72257F0-4259-4817-B04F-0A1959AC17F0}
		{84F8E2C9-697E-427C-A5A0-96650C4B0BA0} = {A72257F0-4259-4817-B04F-0A1959AC17F0}
		{8A3E1038-0209-473F-845A-F0047E4DAA31} = {A72257F0-4259-4817-B04F-0A1959AC17F0}
		{44F83D3C-BA3F-4403-A23F-C2BA457016EB} = {A72257F0-4259-4817-B04F-0A1959AC17F0}
		{1159B5A6-E68E-4C88-B5BB-A592EC85D4DD} = {A72257F0-4259-4817-B04F-0A1959AC17F0}
		{4FD3A10C-CEC2-4965-89E8-1DA9ADC193C9} = {A72257F0-4259-4817-B04F-0A1959AC17F0}
		{9B3C0CBE-9B1B-4EFE-81D0-265ECE90ABFF} = {A72257F0-4259-4817-B04F-0A1959AC17F0}
		{EBCE1031-866E-415D-B5E4-DF4466A40A23} = {A72257F0-4259-4817-B04F-0A1959AC17F0}
		{91726A6D-D543-4FC8-B4AC-C5E601F597D7} = {A72257F0-4259-4817-B04F-0A1959AC17F0}
		{8C9CB758-1057-40FF-B111-0B06BB4F3775} = {A72257F0-4259-4817-B04F-0A1959AC17F0}
		{5DE36141-A39D-4979-B5AB-686317BB53F3} = {A72257F0-4259-4817-B04F-0A1959AC17F0}
		{57CE81D5-1C0C-4CB6-86BE-21DF4E72A4F4} = {A72257F0-4259-4817-B04F-0A1959AC17F0}
		{D2DA8B6D-AAC7-475B-ACE3-C630BEF2AC93} = {A72257F0-4259-4817-B04F-0A1959AC17F0}
		{A4EC14DB-A305-4D31-92FB-3CC3378272FD} = {A72257F0-4259-4817-B04F-0A1959AC17F0}
		{71BBEA06-354B-48C2-A58E-5101C7823FCF} = {A72257F0-4259-4817-B04F-0A1959AC17F0}
		{328E59F1-E619-46D2-9EFB-CB19A201D7F3} = {A72257F0-4259-4817-B04F-0A1959AC17F0}
		{6B8E4A61-E4E5-4080-8FB6-51C53FFF7A64} = {A72257F0-4259-4817-B04F-0A1959AC17F0}
		{C77687D1-52F0-4FC6-9F6B-9BA922078969} = {A72257F0-4259-4817-B04F-0A1959AC17F0}
		{D8D31F36-5F3E-4B75-9B1F-54E64B0E971B} = {A72257F0-4259-4817-B04F-0A1959AC17F0}
		{246787B2-C717-4664-81B9-DCA8397306D7} = {A72257F0-4259-4817-B04F-0A1959AC17F0}
		{18E1F082-F26F-431D-B237-950F9295DDB3} = {A72257F0-4259-4817-B04F-0A1959AC17F0}
		{8D96252F-207B-4759-B451-643D97F44D9E} = {A72257F0-4259-4817-B04F-0A1959AC17F0}
		{7087F16C-B650-423B-A801-CEFD0B4537CE} = {A72257F0-4259-4817-B04F-0A1959AC17F0}
		{15AB9B46-5CCE-43D9-8401-058214B50603} = {A72257F0-4259-4817-B04F-0A1959AC17F0}
		{66D3AAF7-BD6D-4C87-B1AE-A50C34E7A66D} = {A72257F0-4259-4817-B04F-0A1959AC17F0}
		{493D7271-4881-4240-8147-7C6CD92A167D} = {A72257F0-4259-4817-B04F-0A1959AC17F0}
	EndGlobalSection
	GlobalSection(SolutionConfigurationPlatforms) = preSolution
		Debug|Any CPU = Debug|Any CPU
		Release|Any CPU = Release|Any CPU
	EndGlobalSection
	GlobalSection(ProjectConfigurationPlatforms) = postSolution
		{01BBED5D-C20B-41BA-8CED-7F35343BA635}.Debug|Any CPU.ActiveCfg = Debug|Any CPU
		{01BBED5D-C20B-41BA-8CED-7F35343BA635}.Debug|Any CPU.Build.0 = Debug|Any CPU
		{01BBED5D-C20B-41BA-8CED-7F35343BA635}.Release|Any CPU.ActiveCfg = Release|Any CPU
		{01BBED5D-C20B-41BA-8CED-7F35343BA635}.Release|Any CPU.Build.0 = Release|Any CPU
		{4197C0B1-EB01-42BE-B72C-C3FAE73DC332}.Debug|Any CPU.ActiveCfg = Debug|Any CPU
		{4197C0B1-EB01-42BE-B72C-C3FAE73DC332}.Debug|Any CPU.Build.0 = Debug|Any CPU
		{4197C0B1-EB01-42BE-B72C-C3FAE73DC332}.Release|Any CPU.ActiveCfg = Release|Any CPU
		{4197C0B1-EB01-42BE-B72C-C3FAE73DC332}.Release|Any CPU.Build.0 = Release|Any CPU
		{CAB61700-DC42-4F9E-A155-0A1A07B55699}.Debug|Any CPU.ActiveCfg = Debug|Any CPU
		{CAB61700-DC42-4F9E-A155-0A1A07B55699}.Debug|Any CPU.Build.0 = Debug|Any CPU
		{CAB61700-DC42-4F9E-A155-0A1A07B55699}.Release|Any CPU.ActiveCfg = Release|Any CPU
		{CAB61700-DC42-4F9E-A155-0A1A07B55699}.Release|Any CPU.Build.0 = Release|Any CPU
		{CAF71DD0-FF3F-4ADD-B8D8-9B9DB2EAF7BF}.Debug|Any CPU.ActiveCfg = Debug|Any CPU
		{CAF71DD0-FF3F-4ADD-B8D8-9B9DB2EAF7BF}.Debug|Any CPU.Build.0 = Debug|Any CPU
		{CAF71DD0-FF3F-4ADD-B8D8-9B9DB2EAF7BF}.Release|Any CPU.ActiveCfg = Release|Any CPU
		{CAF71DD0-FF3F-4ADD-B8D8-9B9DB2EAF7BF}.Release|Any CPU.Build.0 = Release|Any CPU
		{07A901F6-109C-45A9-AC78-4524970EB055}.Debug|Any CPU.ActiveCfg = Debug|Any CPU
		{07A901F6-109C-45A9-AC78-4524970EB055}.Debug|Any CPU.Build.0 = Debug|Any CPU
		{07A901F6-109C-45A9-AC78-4524970EB055}.Release|Any CPU.ActiveCfg = Release|Any CPU
		{07A901F6-109C-45A9-AC78-4524970EB055}.Release|Any CPU.Build.0 = Release|Any CPU
		{945AB1D7-B5C7-4481-8D55-5166783995DC}.Debug|Any CPU.ActiveCfg = Debug|Any CPU
		{945AB1D7-B5C7-4481-8D55-5166783995DC}.Debug|Any CPU.Build.0 = Debug|Any CPU
		{945AB1D7-B5C7-4481-8D55-5166783995DC}.Release|Any CPU.ActiveCfg = Release|Any CPU
		{945AB1D7-B5C7-4481-8D55-5166783995DC}.Release|Any CPU.Build.0 = Release|Any CPU
		{4FC44B1E-586D-4947-AAC5-66F0D89D2D63}.Debug|Any CPU.ActiveCfg = Debug|Any CPU
		{4FC44B1E-586D-4947-AAC5-66F0D89D2D63}.Debug|Any CPU.Build.0 = Debug|Any CPU
		{4FC44B1E-586D-4947-AAC5-66F0D89D2D63}.Release|Any CPU.ActiveCfg = Release|Any CPU
		{4FC44B1E-586D-4947-AAC5-66F0D89D2D63}.Release|Any CPU.Build.0 = Release|Any CPU
		{4CCAA824-E3C2-4C1E-BAC4-7E8B10157F72}.Debug|Any CPU.ActiveCfg = Debug|Any CPU
		{4CCAA824-E3C2-4C1E-BAC4-7E8B10157F72}.Debug|Any CPU.Build.0 = Debug|Any CPU
		{4CCAA824-E3C2-4C1E-BAC4-7E8B10157F72}.Release|Any CPU.ActiveCfg = Release|Any CPU
		{4CCAA824-E3C2-4C1E-BAC4-7E8B10157F72}.Release|Any CPU.Build.0 = Release|Any CPU
		{E5343636-7873-4304-B651-4CA92D8AB80E}.Debug|Any CPU.ActiveCfg = Debug|Any CPU
		{E5343636-7873-4304-B651-4CA92D8AB80E}.Debug|Any CPU.Build.0 = Debug|Any CPU
		{E5343636-7873-4304-B651-4CA92D8AB80E}.Release|Any CPU.ActiveCfg = Release|Any CPU
		{E5343636-7873-4304-B651-4CA92D8AB80E}.Release|Any CPU.Build.0 = Release|Any CPU
		{E52B9E8B-90BD-4241-BDA3-C84B53CAAE3B}.Debug|Any CPU.ActiveCfg = Debug|Any CPU
		{E52B9E8B-90BD-4241-BDA3-C84B53CAAE3B}.Debug|Any CPU.Build.0 = Debug|Any CPU
		{E52B9E8B-90BD-4241-BDA3-C84B53CAAE3B}.Release|Any CPU.ActiveCfg = Release|Any CPU
		{E52B9E8B-90BD-4241-BDA3-C84B53CAAE3B}.Release|Any CPU.Build.0 = Release|Any CPU
		{DBC33FD9-0E13-4FA2-81F5-9F9D054E305F}.Debug|Any CPU.ActiveCfg = Debug|Any CPU
		{DBC33FD9-0E13-4FA2-81F5-9F9D054E305F}.Debug|Any CPU.Build.0 = Debug|Any CPU
		{DBC33FD9-0E13-4FA2-81F5-9F9D054E305F}.Release|Any CPU.ActiveCfg = Release|Any CPU
		{DBC33FD9-0E13-4FA2-81F5-9F9D054E305F}.Release|Any CPU.Build.0 = Release|Any CPU
		{23017453-C162-4867-A27E-B6D5ADFDCB9A}.Debug|Any CPU.ActiveCfg = Debug|Any CPU
		{23017453-C162-4867-A27E-B6D5ADFDCB9A}.Debug|Any CPU.Build.0 = Debug|Any CPU
		{23017453-C162-4867-A27E-B6D5ADFDCB9A}.Release|Any CPU.ActiveCfg = Release|Any CPU
		{23017453-C162-4867-A27E-B6D5ADFDCB9A}.Release|Any CPU.Build.0 = Release|Any CPU
		{77F7DCD9-5815-4798-8C6C-1913FBEF9577}.Debug|Any CPU.ActiveCfg = Debug|Any CPU
		{77F7DCD9-5815-4798-8C6C-1913FBEF9577}.Debug|Any CPU.Build.0 = Debug|Any CPU
		{77F7DCD9-5815-4798-8C6C-1913FBEF9577}.Release|Any CPU.ActiveCfg = Release|Any CPU
		{77F7DCD9-5815-4798-8C6C-1913FBEF9577}.Release|Any CPU.Build.0 = Release|Any CPU
		{2F251C70-0686-404D-8905-774C8CC3D08B}.Debug|Any CPU.ActiveCfg = Debug|Any CPU
		{2F251C70-0686-404D-8905-774C8CC3D08B}.Debug|Any CPU.Build.0 = Debug|Any CPU
		{2F251C70-0686-404D-8905-774C8CC3D08B}.Release|Any CPU.ActiveCfg = Release|Any CPU
		{2F251C70-0686-404D-8905-774C8CC3D08B}.Release|Any CPU.Build.0 = Release|Any CPU
		{CCF328BD-C0AE-44C4-89B6-65B20D17D9BC}.Debug|Any CPU.ActiveCfg = Debug|Any CPU
		{CCF328BD-C0AE-44C4-89B6-65B20D17D9BC}.Debug|Any CPU.Build.0 = Debug|Any CPU
		{CCF328BD-C0AE-44C4-89B6-65B20D17D9BC}.Release|Any CPU.ActiveCfg = Release|Any CPU
		{CCF328BD-C0AE-44C4-89B6-65B20D17D9BC}.Release|Any CPU.Build.0 = Release|Any CPU
		{2E57EAB7-DA15-46C9-A316-B1EFC662C9AE}.Debug|Any CPU.ActiveCfg = Debug|Any CPU
		{2E57EAB7-DA15-46C9-A316-B1EFC662C9AE}.Debug|Any CPU.Build.0 = Debug|Any CPU
		{2E57EAB7-DA15-46C9-A316-B1EFC662C9AE}.Release|Any CPU.ActiveCfg = Release|Any CPU
		{2E57EAB7-DA15-46C9-A316-B1EFC662C9AE}.Release|Any CPU.Build.0 = Release|Any CPU
		{2F6B18C6-85CD-43E9-8F39-7B7B30296001}.Debug|Any CPU.ActiveCfg = Debug|Any CPU
		{2F6B18C6-85CD-43E9-8F39-7B7B30296001}.Debug|Any CPU.Build.0 = Debug|Any CPU
		{2F6B18C6-85CD-43E9-8F39-7B7B30296001}.Release|Any CPU.ActiveCfg = Release|Any CPU
		{2F6B18C6-85CD-43E9-8F39-7B7B30296001}.Release|Any CPU.Build.0 = Release|Any CPU
		{7A4E4537-53AA-46B8-B11B-C88F744E8523}.Debug|Any CPU.ActiveCfg = Debug|Any CPU
		{7A4E4537-53AA-46B8-B11B-C88F744E8523}.Debug|Any CPU.Build.0 = Debug|Any CPU
		{7A4E4537-53AA-46B8-B11B-C88F744E8523}.Release|Any CPU.ActiveCfg = Release|Any CPU
		{7A4E4537-53AA-46B8-B11B-C88F744E8523}.Release|Any CPU.Build.0 = Release|Any CPU
		{EFE74C86-35B9-4D86-894E-EBBB373BE264}.Debug|Any CPU.ActiveCfg = Debug|Any CPU
		{EFE74C86-35B9-4D86-894E-EBBB373BE264}.Debug|Any CPU.Build.0 = Debug|Any CPU
		{EFE74C86-35B9-4D86-894E-EBBB373BE264}.Release|Any CPU.ActiveCfg = Release|Any CPU
		{EFE74C86-35B9-4D86-894E-EBBB373BE264}.Release|Any CPU.Build.0 = Release|Any CPU
		{49BAB4A5-E82F-4ABC-A479-433D9285FB6B}.Debug|Any CPU.ActiveCfg = Debug|Any CPU
		{49BAB4A5-E82F-4ABC-A479-433D9285FB6B}.Debug|Any CPU.Build.0 = Debug|Any CPU
		{49BAB4A5-E82F-4ABC-A479-433D9285FB6B}.Release|Any CPU.ActiveCfg = Release|Any CPU
		{49BAB4A5-E82F-4ABC-A479-433D9285FB6B}.Release|Any CPU.Build.0 = Release|Any CPU
		{CEAA02AE-EB52-4E2D-A8F7-AC0424450740}.Debug|Any CPU.ActiveCfg = Debug|Any CPU
		{CEAA02AE-EB52-4E2D-A8F7-AC0424450740}.Debug|Any CPU.Build.0 = Debug|Any CPU
		{CEAA02AE-EB52-4E2D-A8F7-AC0424450740}.Release|Any CPU.ActiveCfg = Release|Any CPU
		{CEAA02AE-EB52-4E2D-A8F7-AC0424450740}.Release|Any CPU.Build.0 = Release|Any CPU
		{917DDA37-A0F1-4304-8DE4-7957D49125C6}.Debug|Any CPU.ActiveCfg = Debug|Any CPU
		{917DDA37-A0F1-4304-8DE4-7957D49125C6}.Debug|Any CPU.Build.0 = Debug|Any CPU
		{917DDA37-A0F1-4304-8DE4-7957D49125C6}.Release|Any CPU.ActiveCfg = Release|Any CPU
		{917DDA37-A0F1-4304-8DE4-7957D49125C6}.Release|Any CPU.Build.0 = Release|Any CPU
		{661C5DAB-B800-4AF8-9149-4F50D446E9B3}.Debug|Any CPU.ActiveCfg = Debug|Any CPU
		{661C5DAB-B800-4AF8-9149-4F50D446E9B3}.Debug|Any CPU.Build.0 = Debug|Any CPU
		{661C5DAB-B800-4AF8-9149-4F50D446E9B3}.Release|Any CPU.ActiveCfg = Release|Any CPU
		{661C5DAB-B800-4AF8-9149-4F50D446E9B3}.Release|Any CPU.Build.0 = Release|Any CPU
		{A8E3D420-EAAA-4D05-8D49-AC1FEE33D9BD}.Debug|Any CPU.ActiveCfg = Debug|Any CPU
		{A8E3D420-EAAA-4D05-8D49-AC1FEE33D9BD}.Debug|Any CPU.Build.0 = Debug|Any CPU
		{A8E3D420-EAAA-4D05-8D49-AC1FEE33D9BD}.Release|Any CPU.ActiveCfg = Release|Any CPU
		{A8E3D420-EAAA-4D05-8D49-AC1FEE33D9BD}.Release|Any CPU.Build.0 = Release|Any CPU
		{330A1434-5B28-46FC-9E6F-09C243B574F1}.Debug|Any CPU.ActiveCfg = Debug|Any CPU
		{330A1434-5B28-46FC-9E6F-09C243B574F1}.Debug|Any CPU.Build.0 = Debug|Any CPU
		{330A1434-5B28-46FC-9E6F-09C243B574F1}.Release|Any CPU.ActiveCfg = Release|Any CPU
		{330A1434-5B28-46FC-9E6F-09C243B574F1}.Release|Any CPU.Build.0 = Release|Any CPU
		{DAC49EF3-8FFE-49CC-807B-909322EE0D18}.Debug|Any CPU.ActiveCfg = Debug|Any CPU
		{DAC49EF3-8FFE-49CC-807B-909322EE0D18}.Debug|Any CPU.Build.0 = Debug|Any CPU
		{DAC49EF3-8FFE-49CC-807B-909322EE0D18}.Release|Any CPU.ActiveCfg = Release|Any CPU
		{DAC49EF3-8FFE-49CC-807B-909322EE0D18}.Release|Any CPU.Build.0 = Release|Any CPU
		{DC747A2D-2729-4D54-BB46-FDD7410180E4}.Debug|Any CPU.ActiveCfg = Debug|Any CPU
		{DC747A2D-2729-4D54-BB46-FDD7410180E4}.Debug|Any CPU.Build.0 = Debug|Any CPU
		{DC747A2D-2729-4D54-BB46-FDD7410180E4}.Release|Any CPU.ActiveCfg = Release|Any CPU
		{DC747A2D-2729-4D54-BB46-FDD7410180E4}.Release|Any CPU.Build.0 = Release|Any CPU
		{18E04762-B62E-46C1-8B20-336CD928C990}.Debug|Any CPU.ActiveCfg = Debug|Any CPU
		{18E04762-B62E-46C1-8B20-336CD928C990}.Debug|Any CPU.Build.0 = Debug|Any CPU
		{18E04762-B62E-46C1-8B20-336CD928C990}.Release|Any CPU.ActiveCfg = Release|Any CPU
		{18E04762-B62E-46C1-8B20-336CD928C990}.Release|Any CPU.Build.0 = Release|Any CPU
		{B301735F-954F-4F53-9393-955279E36E27}.Debug|Any CPU.ActiveCfg = Debug|Any CPU
		{B301735F-954F-4F53-9393-955279E36E27}.Debug|Any CPU.Build.0 = Debug|Any CPU
		{B301735F-954F-4F53-9393-955279E36E27}.Release|Any CPU.ActiveCfg = Release|Any CPU
		{B301735F-954F-4F53-9393-955279E36E27}.Release|Any CPU.Build.0 = Release|Any CPU
		{AB03CB1B-0B2C-4023-812D-57353FA3417E}.Debug|Any CPU.ActiveCfg = Debug|Any CPU
		{AB03CB1B-0B2C-4023-812D-57353FA3417E}.Debug|Any CPU.Build.0 = Debug|Any CPU
		{AB03CB1B-0B2C-4023-812D-57353FA3417E}.Release|Any CPU.ActiveCfg = Release|Any CPU
		{AB03CB1B-0B2C-4023-812D-57353FA3417E}.Release|Any CPU.Build.0 = Release|Any CPU
		{6C0FD25D-3F5B-4421-A5F1-AB4DEED87D68}.Debug|Any CPU.ActiveCfg = Debug|Any CPU
		{6C0FD25D-3F5B-4421-A5F1-AB4DEED87D68}.Debug|Any CPU.Build.0 = Debug|Any CPU
		{6C0FD25D-3F5B-4421-A5F1-AB4DEED87D68}.Release|Any CPU.ActiveCfg = Release|Any CPU
		{6C0FD25D-3F5B-4421-A5F1-AB4DEED87D68}.Release|Any CPU.Build.0 = Release|Any CPU
		{349FBBB8-5BF6-4D96-A708-8DBF96796B9A}.Debug|Any CPU.ActiveCfg = Debug|Any CPU
		{349FBBB8-5BF6-4D96-A708-8DBF96796B9A}.Debug|Any CPU.Build.0 = Debug|Any CPU
		{349FBBB8-5BF6-4D96-A708-8DBF96796B9A}.Release|Any CPU.ActiveCfg = Release|Any CPU
		{349FBBB8-5BF6-4D96-A708-8DBF96796B9A}.Release|Any CPU.Build.0 = Release|Any CPU
		{85E66FF8-C3D8-4E6E-8B40-CFB73699D6ED}.Debug|Any CPU.ActiveCfg = Debug|Any CPU
		{85E66FF8-C3D8-4E6E-8B40-CFB73699D6ED}.Debug|Any CPU.Build.0 = Debug|Any CPU
		{85E66FF8-C3D8-4E6E-8B40-CFB73699D6ED}.Release|Any CPU.ActiveCfg = Release|Any CPU
		{85E66FF8-C3D8-4E6E-8B40-CFB73699D6ED}.Release|Any CPU.Build.0 = Release|Any CPU
		{DDDBE6F0-3C3B-4FCC-95A5-90C1DACFCD47}.Debug|Any CPU.ActiveCfg = Debug|Any CPU
		{DDDBE6F0-3C3B-4FCC-95A5-90C1DACFCD47}.Debug|Any CPU.Build.0 = Debug|Any CPU
		{DDDBE6F0-3C3B-4FCC-95A5-90C1DACFCD47}.Release|Any CPU.ActiveCfg = Release|Any CPU
		{DDDBE6F0-3C3B-4FCC-95A5-90C1DACFCD47}.Release|Any CPU.Build.0 = Release|Any CPU
		{EB5C1C2D-EF8E-4906-8F19-CEFF39820729}.Debug|Any CPU.ActiveCfg = Debug|Any CPU
		{EB5C1C2D-EF8E-4906-8F19-CEFF39820729}.Debug|Any CPU.Build.0 = Debug|Any CPU
		{EB5C1C2D-EF8E-4906-8F19-CEFF39820729}.Release|Any CPU.ActiveCfg = Release|Any CPU
		{EB5C1C2D-EF8E-4906-8F19-CEFF39820729}.Release|Any CPU.Build.0 = Release|Any CPU
		{48966C8B-07B2-4715-8553-9D56F70DEC8F}.Debug|Any CPU.ActiveCfg = Debug|Any CPU
		{48966C8B-07B2-4715-8553-9D56F70DEC8F}.Debug|Any CPU.Build.0 = Debug|Any CPU
		{48966C8B-07B2-4715-8553-9D56F70DEC8F}.Release|Any CPU.ActiveCfg = Release|Any CPU
		{48966C8B-07B2-4715-8553-9D56F70DEC8F}.Release|Any CPU.Build.0 = Release|Any CPU
		{F72D5B05-CFD2-4940-BA54-4FC95A77C4F8}.Debug|Any CPU.ActiveCfg = Debug|Any CPU
		{F72D5B05-CFD2-4940-BA54-4FC95A77C4F8}.Debug|Any CPU.Build.0 = Debug|Any CPU
		{F72D5B05-CFD2-4940-BA54-4FC95A77C4F8}.Release|Any CPU.ActiveCfg = Release|Any CPU
		{F72D5B05-CFD2-4940-BA54-4FC95A77C4F8}.Release|Any CPU.Build.0 = Release|Any CPU
		{E159960D-E0BD-4E17-9F5C-71951EB7537E}.Debug|Any CPU.ActiveCfg = Debug|Any CPU
		{E159960D-E0BD-4E17-9F5C-71951EB7537E}.Debug|Any CPU.Build.0 = Debug|Any CPU
		{E159960D-E0BD-4E17-9F5C-71951EB7537E}.Release|Any CPU.ActiveCfg = Release|Any CPU
		{E159960D-E0BD-4E17-9F5C-71951EB7537E}.Release|Any CPU.Build.0 = Release|Any CPU
		{B3885291-D383-4F18-8211-4FCF2EEB45AE}.Debug|Any CPU.ActiveCfg = Debug|Any CPU
		{B3885291-D383-4F18-8211-4FCF2EEB45AE}.Debug|Any CPU.Build.0 = Debug|Any CPU
		{B3885291-D383-4F18-8211-4FCF2EEB45AE}.Release|Any CPU.ActiveCfg = Release|Any CPU
		{B3885291-D383-4F18-8211-4FCF2EEB45AE}.Release|Any CPU.Build.0 = Release|Any CPU
		{C7B147C4-07EB-4B63-AB53-5A950EA40F38}.Debug|Any CPU.ActiveCfg = Debug|Any CPU
		{C7B147C4-07EB-4B63-AB53-5A950EA40F38}.Debug|Any CPU.Build.0 = Debug|Any CPU
		{C7B147C4-07EB-4B63-AB53-5A950EA40F38}.Release|Any CPU.ActiveCfg = Release|Any CPU
		{C7B147C4-07EB-4B63-AB53-5A950EA40F38}.Release|Any CPU.Build.0 = Release|Any CPU
		{35092A75-0C9E-4856-BB31-3ADD46C49FCA}.Debug|Any CPU.ActiveCfg = Debug|Any CPU
		{35092A75-0C9E-4856-BB31-3ADD46C49FCA}.Debug|Any CPU.Build.0 = Debug|Any CPU
		{35092A75-0C9E-4856-BB31-3ADD46C49FCA}.Release|Any CPU.ActiveCfg = Release|Any CPU
		{35092A75-0C9E-4856-BB31-3ADD46C49FCA}.Release|Any CPU.Build.0 = Release|Any CPU
		{80051441-0DC9-450C-B568-911BCE0C0FD3}.Debug|Any CPU.ActiveCfg = Debug|Any CPU
		{80051441-0DC9-450C-B568-911BCE0C0FD3}.Debug|Any CPU.Build.0 = Debug|Any CPU
		{80051441-0DC9-450C-B568-911BCE0C0FD3}.Release|Any CPU.ActiveCfg = Release|Any CPU
		{80051441-0DC9-450C-B568-911BCE0C0FD3}.Release|Any CPU.Build.0 = Release|Any CPU
		{37A5B0B7-30C8-4D27-9C7E-9577AF8EB57E}.Debug|Any CPU.ActiveCfg = Debug|Any CPU
		{37A5B0B7-30C8-4D27-9C7E-9577AF8EB57E}.Debug|Any CPU.Build.0 = Debug|Any CPU
		{37A5B0B7-30C8-4D27-9C7E-9577AF8EB57E}.Release|Any CPU.ActiveCfg = Release|Any CPU
		{37A5B0B7-30C8-4D27-9C7E-9577AF8EB57E}.Release|Any CPU.Build.0 = Release|Any CPU
		{3F3C1DD4-07F1-410F-82F8-B72B206F4E38}.Debug|Any CPU.ActiveCfg = Debug|Any CPU
		{3F3C1DD4-07F1-410F-82F8-B72B206F4E38}.Debug|Any CPU.Build.0 = Debug|Any CPU
		{3F3C1DD4-07F1-410F-82F8-B72B206F4E38}.Release|Any CPU.ActiveCfg = Release|Any CPU
		{3F3C1DD4-07F1-410F-82F8-B72B206F4E38}.Release|Any CPU.Build.0 = Release|Any CPU
		{C0B2E13B-D884-4DD0-A9FE-1871E4BEC4FB}.Debug|Any CPU.ActiveCfg = Debug|Any CPU
		{C0B2E13B-D884-4DD0-A9FE-1871E4BEC4FB}.Debug|Any CPU.Build.0 = Debug|Any CPU
		{C0B2E13B-D884-4DD0-A9FE-1871E4BEC4FB}.Release|Any CPU.ActiveCfg = Release|Any CPU
		{C0B2E13B-D884-4DD0-A9FE-1871E4BEC4FB}.Release|Any CPU.Build.0 = Release|Any CPU
		{5F0F241C-4A46-4700-958E-69B081C1D7F7}.Debug|Any CPU.ActiveCfg = Debug|Any CPU
		{5F0F241C-4A46-4700-958E-69B081C1D7F7}.Debug|Any CPU.Build.0 = Debug|Any CPU
		{5F0F241C-4A46-4700-958E-69B081C1D7F7}.Release|Any CPU.ActiveCfg = Release|Any CPU
		{5F0F241C-4A46-4700-958E-69B081C1D7F7}.Release|Any CPU.Build.0 = Release|Any CPU
		{33663B89-A73E-4746-804C-8FE1A47E4CEE}.Debug|Any CPU.ActiveCfg = Debug|Any CPU
		{33663B89-A73E-4746-804C-8FE1A47E4CEE}.Debug|Any CPU.Build.0 = Debug|Any CPU
		{33663B89-A73E-4746-804C-8FE1A47E4CEE}.Release|Any CPU.ActiveCfg = Release|Any CPU
		{33663B89-A73E-4746-804C-8FE1A47E4CEE}.Release|Any CPU.Build.0 = Release|Any CPU
		{D2E8938C-0619-4DF1-8623-D2E46F43CC99}.Debug|Any CPU.ActiveCfg = Debug|Any CPU
		{D2E8938C-0619-4DF1-8623-D2E46F43CC99}.Debug|Any CPU.Build.0 = Debug|Any CPU
		{D2E8938C-0619-4DF1-8623-D2E46F43CC99}.Release|Any CPU.ActiveCfg = Release|Any CPU
		{D2E8938C-0619-4DF1-8623-D2E46F43CC99}.Release|Any CPU.Build.0 = Release|Any CPU
		{770C3422-2A1F-4F34-964A-205CCAF6D133}.Debug|Any CPU.ActiveCfg = Debug|Any CPU
		{770C3422-2A1F-4F34-964A-205CCAF6D133}.Debug|Any CPU.Build.0 = Debug|Any CPU
		{770C3422-2A1F-4F34-964A-205CCAF6D133}.Release|Any CPU.ActiveCfg = Release|Any CPU
		{770C3422-2A1F-4F34-964A-205CCAF6D133}.Release|Any CPU.Build.0 = Release|Any CPU
		{20A0069D-06D8-40F2-91F4-8856EB4A20DD}.Debug|Any CPU.ActiveCfg = Debug|Any CPU
		{20A0069D-06D8-40F2-91F4-8856EB4A20DD}.Debug|Any CPU.Build.0 = Debug|Any CPU
		{20A0069D-06D8-40F2-91F4-8856EB4A20DD}.Release|Any CPU.ActiveCfg = Release|Any CPU
		{20A0069D-06D8-40F2-91F4-8856EB4A20DD}.Release|Any CPU.Build.0 = Release|Any CPU
		{AC006CD7-DCBA-44A2-ADCF-124AB7C4402E}.Debug|Any CPU.ActiveCfg = Debug|Any CPU
		{AC006CD7-DCBA-44A2-ADCF-124AB7C4402E}.Debug|Any CPU.Build.0 = Debug|Any CPU
		{AC006CD7-DCBA-44A2-ADCF-124AB7C4402E}.Release|Any CPU.ActiveCfg = Release|Any CPU
		{AC006CD7-DCBA-44A2-ADCF-124AB7C4402E}.Release|Any CPU.Build.0 = Release|Any CPU
		{207AB274-A296-43B4-A5EA-A28643914797}.Debug|Any CPU.ActiveCfg = Debug|Any CPU
		{207AB274-A296-43B4-A5EA-A28643914797}.Debug|Any CPU.Build.0 = Debug|Any CPU
		{207AB274-A296-43B4-A5EA-A28643914797}.Release|Any CPU.ActiveCfg = Release|Any CPU
		{207AB274-A296-43B4-A5EA-A28643914797}.Release|Any CPU.Build.0 = Release|Any CPU
		{34936480-EAF8-42DC-BBCB-CAA488125D45}.Debug|Any CPU.ActiveCfg = Debug|Any CPU
		{34936480-EAF8-42DC-BBCB-CAA488125D45}.Debug|Any CPU.Build.0 = Debug|Any CPU
		{34936480-EAF8-42DC-BBCB-CAA488125D45}.Release|Any CPU.ActiveCfg = Release|Any CPU
		{34936480-EAF8-42DC-BBCB-CAA488125D45}.Release|Any CPU.Build.0 = Release|Any CPU
		{05940BC1-E3A2-4C14-B16E-947C8EAD0613}.Debug|Any CPU.ActiveCfg = Debug|Any CPU
		{05940BC1-E3A2-4C14-B16E-947C8EAD0613}.Debug|Any CPU.Build.0 = Debug|Any CPU
		{05940BC1-E3A2-4C14-B16E-947C8EAD0613}.Release|Any CPU.ActiveCfg = Release|Any CPU
		{05940BC1-E3A2-4C14-B16E-947C8EAD0613}.Release|Any CPU.Build.0 = Release|Any CPU
		{CF30F1EB-A27D-49F2-833F-032C86689065}.Debug|Any CPU.ActiveCfg = Debug|Any CPU
		{CF30F1EB-A27D-49F2-833F-032C86689065}.Debug|Any CPU.Build.0 = Debug|Any CPU
		{CF30F1EB-A27D-49F2-833F-032C86689065}.Release|Any CPU.ActiveCfg = Release|Any CPU
		{CF30F1EB-A27D-49F2-833F-032C86689065}.Release|Any CPU.Build.0 = Release|Any CPU
		{DD95CBF9-F46B-44B9-B441-CCD9B6F0B6F8}.Debug|Any CPU.ActiveCfg = Debug|Any CPU
		{DD95CBF9-F46B-44B9-B441-CCD9B6F0B6F8}.Debug|Any CPU.Build.0 = Debug|Any CPU
		{DD95CBF9-F46B-44B9-B441-CCD9B6F0B6F8}.Release|Any CPU.ActiveCfg = Release|Any CPU
		{DD95CBF9-F46B-44B9-B441-CCD9B6F0B6F8}.Release|Any CPU.Build.0 = Release|Any CPU
		{8BBA45D7-DC30-462D-A084-90466ED972ED}.Debug|Any CPU.ActiveCfg = Debug|Any CPU
		{8BBA45D7-DC30-462D-A084-90466ED972ED}.Debug|Any CPU.Build.0 = Debug|Any CPU
		{8BBA45D7-DC30-462D-A084-90466ED972ED}.Release|Any CPU.ActiveCfg = Release|Any CPU
		{8BBA45D7-DC30-462D-A084-90466ED972ED}.Release|Any CPU.Build.0 = Release|Any CPU
		{2AB4B1F8-9371-4B61-A4B0-6CBCF577804C}.Debug|Any CPU.ActiveCfg = Debug|Any CPU
		{2AB4B1F8-9371-4B61-A4B0-6CBCF577804C}.Debug|Any CPU.Build.0 = Debug|Any CPU
		{2AB4B1F8-9371-4B61-A4B0-6CBCF577804C}.Release|Any CPU.ActiveCfg = Release|Any CPU
		{2AB4B1F8-9371-4B61-A4B0-6CBCF577804C}.Release|Any CPU.Build.0 = Release|Any CPU
		{DD6B9AA2-7869-458E-B158-216411E72BA4}.Debug|Any CPU.ActiveCfg = Debug|Any CPU
		{DD6B9AA2-7869-458E-B158-216411E72BA4}.Debug|Any CPU.Build.0 = Debug|Any CPU
		{DD6B9AA2-7869-458E-B158-216411E72BA4}.Release|Any CPU.ActiveCfg = Release|Any CPU
		{DD6B9AA2-7869-458E-B158-216411E72BA4}.Release|Any CPU.Build.0 = Release|Any CPU
		{B50D9709-0408-42F6-AD35-81E8B985EC9C}.Debug|Any CPU.ActiveCfg = Debug|Any CPU
		{B50D9709-0408-42F6-AD35-81E8B985EC9C}.Debug|Any CPU.Build.0 = Debug|Any CPU
		{B50D9709-0408-42F6-AD35-81E8B985EC9C}.Release|Any CPU.ActiveCfg = Release|Any CPU
		{B50D9709-0408-42F6-AD35-81E8B985EC9C}.Release|Any CPU.Build.0 = Release|Any CPU
		{D14B7133-8C8F-48A6-8591-2139FB740707}.Debug|Any CPU.ActiveCfg = Debug|Any CPU
		{D14B7133-8C8F-48A6-8591-2139FB740707}.Debug|Any CPU.Build.0 = Debug|Any CPU
		{D14B7133-8C8F-48A6-8591-2139FB740707}.Release|Any CPU.ActiveCfg = Release|Any CPU
		{D14B7133-8C8F-48A6-8591-2139FB740707}.Release|Any CPU.Build.0 = Release|Any CPU
		{59BA9135-1E75-4479-8BE8-4BD4614CBED2}.Debug|Any CPU.ActiveCfg = Debug|Any CPU
		{59BA9135-1E75-4479-8BE8-4BD4614CBED2}.Debug|Any CPU.Build.0 = Debug|Any CPU
		{59BA9135-1E75-4479-8BE8-4BD4614CBED2}.Release|Any CPU.ActiveCfg = Release|Any CPU
		{59BA9135-1E75-4479-8BE8-4BD4614CBED2}.Release|Any CPU.Build.0 = Release|Any CPU
		{8B255120-8FE8-4369-9C5E-C4940FF25821}.Debug|Any CPU.ActiveCfg = Debug|Any CPU
		{8B255120-8FE8-4369-9C5E-C4940FF25821}.Debug|Any CPU.Build.0 = Debug|Any CPU
		{8B255120-8FE8-4369-9C5E-C4940FF25821}.Release|Any CPU.ActiveCfg = Release|Any CPU
		{8B255120-8FE8-4369-9C5E-C4940FF25821}.Release|Any CPU.Build.0 = Release|Any CPU
		{394DF62F-444B-4240-B60B-C2AED772A751}.Debug|Any CPU.ActiveCfg = Debug|Any CPU
		{394DF62F-444B-4240-B60B-C2AED772A751}.Debug|Any CPU.Build.0 = Debug|Any CPU
		{394DF62F-444B-4240-B60B-C2AED772A751}.Release|Any CPU.ActiveCfg = Release|Any CPU
		{394DF62F-444B-4240-B60B-C2AED772A751}.Release|Any CPU.Build.0 = Release|Any CPU
		{B6D82BAA-74BF-4CE8-9B6B-871C9C19BA0D}.Debug|Any CPU.ActiveCfg = Debug|Any CPU
		{B6D82BAA-74BF-4CE8-9B6B-871C9C19BA0D}.Debug|Any CPU.Build.0 = Debug|Any CPU
		{B6D82BAA-74BF-4CE8-9B6B-871C9C19BA0D}.Release|Any CPU.ActiveCfg = Release|Any CPU
		{B6D82BAA-74BF-4CE8-9B6B-871C9C19BA0D}.Release|Any CPU.Build.0 = Release|Any CPU
		{5B6103AC-66FF-4043-8F2E-EDB5555EC292}.Debug|Any CPU.ActiveCfg = Debug|Any CPU
		{5B6103AC-66FF-4043-8F2E-EDB5555EC292}.Debug|Any CPU.Build.0 = Debug|Any CPU
		{5B6103AC-66FF-4043-8F2E-EDB5555EC292}.Release|Any CPU.ActiveCfg = Release|Any CPU
		{5B6103AC-66FF-4043-8F2E-EDB5555EC292}.Release|Any CPU.Build.0 = Release|Any CPU
		{532845D0-91BA-4784-BF48-FB3428381EC3}.Debug|Any CPU.ActiveCfg = Debug|Any CPU
		{532845D0-91BA-4784-BF48-FB3428381EC3}.Debug|Any CPU.Build.0 = Debug|Any CPU
		{532845D0-91BA-4784-BF48-FB3428381EC3}.Release|Any CPU.ActiveCfg = Release|Any CPU
		{532845D0-91BA-4784-BF48-FB3428381EC3}.Release|Any CPU.Build.0 = Release|Any CPU
		{73C942A1-A4D7-4474-82E5-9AB787A44526}.Debug|Any CPU.ActiveCfg = Debug|Any CPU
		{73C942A1-A4D7-4474-82E5-9AB787A44526}.Debug|Any CPU.Build.0 = Debug|Any CPU
		{73C942A1-A4D7-4474-82E5-9AB787A44526}.Release|Any CPU.ActiveCfg = Release|Any CPU
		{73C942A1-A4D7-4474-82E5-9AB787A44526}.Release|Any CPU.Build.0 = Release|Any CPU
		{7B6D67F9-CCD6-46FD-8B59-CA7D62F6A228}.Debug|Any CPU.ActiveCfg = Debug|Any CPU
		{7B6D67F9-CCD6-46FD-8B59-CA7D62F6A228}.Debug|Any CPU.Build.0 = Debug|Any CPU
		{7B6D67F9-CCD6-46FD-8B59-CA7D62F6A228}.Release|Any CPU.ActiveCfg = Release|Any CPU
		{7B6D67F9-CCD6-46FD-8B59-CA7D62F6A228}.Release|Any CPU.Build.0 = Release|Any CPU
		{0F78CBC5-77DA-428D-82DC-D63CCB6DB6EA}.Debug|Any CPU.ActiveCfg = Debug|Any CPU
		{0F78CBC5-77DA-428D-82DC-D63CCB6DB6EA}.Debug|Any CPU.Build.0 = Debug|Any CPU
		{0F78CBC5-77DA-428D-82DC-D63CCB6DB6EA}.Release|Any CPU.ActiveCfg = Release|Any CPU
		{0F78CBC5-77DA-428D-82DC-D63CCB6DB6EA}.Release|Any CPU.Build.0 = Release|Any CPU
		{9F86DDC0-8C42-49FC-8D48-B68A2503CA9F}.Debug|Any CPU.ActiveCfg = Debug|Any CPU
		{9F86DDC0-8C42-49FC-8D48-B68A2503CA9F}.Debug|Any CPU.Build.0 = Debug|Any CPU
		{9F86DDC0-8C42-49FC-8D48-B68A2503CA9F}.Release|Any CPU.ActiveCfg = Release|Any CPU
		{9F86DDC0-8C42-49FC-8D48-B68A2503CA9F}.Release|Any CPU.Build.0 = Release|Any CPU
		{1490F79C-8D64-4C3E-A224-B5F0CDA94313}.Debug|Any CPU.ActiveCfg = Debug|Any CPU
		{1490F79C-8D64-4C3E-A224-B5F0CDA94313}.Debug|Any CPU.Build.0 = Debug|Any CPU
		{1490F79C-8D64-4C3E-A224-B5F0CDA94313}.Release|Any CPU.ActiveCfg = Release|Any CPU
		{1490F79C-8D64-4C3E-A224-B5F0CDA94313}.Release|Any CPU.Build.0 = Release|Any CPU
		{D44678B5-CC33-41B3-B446-8D2AB5A667D2}.Debug|Any CPU.ActiveCfg = Debug|Any CPU
		{D44678B5-CC33-41B3-B446-8D2AB5A667D2}.Debug|Any CPU.Build.0 = Debug|Any CPU
		{D44678B5-CC33-41B3-B446-8D2AB5A667D2}.Release|Any CPU.ActiveCfg = Release|Any CPU
		{D44678B5-CC33-41B3-B446-8D2AB5A667D2}.Release|Any CPU.Build.0 = Release|Any CPU
		{465E733C-FCE9-4566-9326-2CE3B0EE3D44}.Debug|Any CPU.ActiveCfg = Debug|Any CPU
		{465E733C-FCE9-4566-9326-2CE3B0EE3D44}.Debug|Any CPU.Build.0 = Debug|Any CPU
		{465E733C-FCE9-4566-9326-2CE3B0EE3D44}.Release|Any CPU.ActiveCfg = Release|Any CPU
		{465E733C-FCE9-4566-9326-2CE3B0EE3D44}.Release|Any CPU.Build.0 = Release|Any CPU
		{AC64EF94-F7FF-45CB-A275-C490B6A4D56F}.Debug|Any CPU.ActiveCfg = Debug|Any CPU
		{AC64EF94-F7FF-45CB-A275-C490B6A4D56F}.Debug|Any CPU.Build.0 = Debug|Any CPU
		{AC64EF94-F7FF-45CB-A275-C490B6A4D56F}.Release|Any CPU.ActiveCfg = Release|Any CPU
		{AC64EF94-F7FF-45CB-A275-C490B6A4D56F}.Release|Any CPU.Build.0 = Release|Any CPU
		{9A9DA179-67FD-4CFE-BAA6-9308F4978E74}.Debug|Any CPU.ActiveCfg = Debug|Any CPU
		{9A9DA179-67FD-4CFE-BAA6-9308F4978E74}.Debug|Any CPU.Build.0 = Debug|Any CPU
		{9A9DA179-67FD-4CFE-BAA6-9308F4978E74}.Release|Any CPU.ActiveCfg = Release|Any CPU
		{9A9DA179-67FD-4CFE-BAA6-9308F4978E74}.Release|Any CPU.Build.0 = Release|Any CPU
		{A4438094-D731-4A53-AD69-1EE7CE6FDECB}.Debug|Any CPU.ActiveCfg = Debug|Any CPU
		{A4438094-D731-4A53-AD69-1EE7CE6FDECB}.Debug|Any CPU.Build.0 = Debug|Any CPU
		{A4438094-D731-4A53-AD69-1EE7CE6FDECB}.Release|Any CPU.ActiveCfg = Release|Any CPU
		{A4438094-D731-4A53-AD69-1EE7CE6FDECB}.Release|Any CPU.Build.0 = Release|Any CPU
		{BB027514-FB68-447E-83C0-74106A0984F9}.Debug|Any CPU.ActiveCfg = Debug|Any CPU
		{BB027514-FB68-447E-83C0-74106A0984F9}.Debug|Any CPU.Build.0 = Debug|Any CPU
		{BB027514-FB68-447E-83C0-74106A0984F9}.Release|Any CPU.ActiveCfg = Release|Any CPU
		{BB027514-FB68-447E-83C0-74106A0984F9}.Release|Any CPU.Build.0 = Release|Any CPU
		{ED092A8E-8091-4EA9-97A5-1B05F4323EDF}.Debug|Any CPU.ActiveCfg = Debug|Any CPU
		{ED092A8E-8091-4EA9-97A5-1B05F4323EDF}.Debug|Any CPU.Build.0 = Debug|Any CPU
		{ED092A8E-8091-4EA9-97A5-1B05F4323EDF}.Release|Any CPU.ActiveCfg = Release|Any CPU
		{ED092A8E-8091-4EA9-97A5-1B05F4323EDF}.Release|Any CPU.Build.0 = Release|Any CPU
		{F0650CE1-92FC-471A-B5E1-388DA8290115}.Debug|Any CPU.ActiveCfg = Debug|Any CPU
		{F0650CE1-92FC-471A-B5E1-388DA8290115}.Debug|Any CPU.Build.0 = Debug|Any CPU
		{F0650CE1-92FC-471A-B5E1-388DA8290115}.Release|Any CPU.ActiveCfg = Release|Any CPU
		{F0650CE1-92FC-471A-B5E1-388DA8290115}.Release|Any CPU.Build.0 = Release|Any CPU
		{89C3D58F-5CA4-4663-B6F7-551F061DF1E6}.Debug|Any CPU.ActiveCfg = Debug|Any CPU
		{89C3D58F-5CA4-4663-B6F7-551F061DF1E6}.Debug|Any CPU.Build.0 = Debug|Any CPU
		{89C3D58F-5CA4-4663-B6F7-551F061DF1E6}.Release|Any CPU.ActiveCfg = Release|Any CPU
		{89C3D58F-5CA4-4663-B6F7-551F061DF1E6}.Release|Any CPU.Build.0 = Release|Any CPU
		{F213E1C5-305A-4A61-A818-C9152C2EE1A5}.Debug|Any CPU.ActiveCfg = Debug|Any CPU
		{F213E1C5-305A-4A61-A818-C9152C2EE1A5}.Debug|Any CPU.Build.0 = Debug|Any CPU
		{F213E1C5-305A-4A61-A818-C9152C2EE1A5}.Release|Any CPU.ActiveCfg = Release|Any CPU
		{F213E1C5-305A-4A61-A818-C9152C2EE1A5}.Release|Any CPU.Build.0 = Release|Any CPU
		{E7E07901-32A2-4EDF-B158-760CFDB5D68B}.Debug|Any CPU.ActiveCfg = Debug|Any CPU
		{E7E07901-32A2-4EDF-B158-760CFDB5D68B}.Debug|Any CPU.Build.0 = Debug|Any CPU
		{E7E07901-32A2-4EDF-B158-760CFDB5D68B}.Release|Any CPU.ActiveCfg = Release|Any CPU
		{E7E07901-32A2-4EDF-B158-760CFDB5D68B}.Release|Any CPU.Build.0 = Release|Any CPU
		{1DBCEDC4-2007-4A2C-A784-25534A53D569}.Debug|Any CPU.ActiveCfg = Debug|Any CPU
		{1DBCEDC4-2007-4A2C-A784-25534A53D569}.Debug|Any CPU.Build.0 = Debug|Any CPU
		{1DBCEDC4-2007-4A2C-A784-25534A53D569}.Release|Any CPU.ActiveCfg = Release|Any CPU
		{1DBCEDC4-2007-4A2C-A784-25534A53D569}.Release|Any CPU.Build.0 = Release|Any CPU
		{A1A9D68D-767F-4AED-81C8-931F4FF7C0F2}.Debug|Any CPU.ActiveCfg = Debug|Any CPU
		{A1A9D68D-767F-4AED-81C8-931F4FF7C0F2}.Debug|Any CPU.Build.0 = Debug|Any CPU
		{A1A9D68D-767F-4AED-81C8-931F4FF7C0F2}.Release|Any CPU.ActiveCfg = Release|Any CPU
		{A1A9D68D-767F-4AED-81C8-931F4FF7C0F2}.Release|Any CPU.Build.0 = Release|Any CPU
		{AA3E9AAE-CFAC-4A37-AE7B-69F75BB45572}.Debug|Any CPU.ActiveCfg = Debug|Any CPU
		{AA3E9AAE-CFAC-4A37-AE7B-69F75BB45572}.Debug|Any CPU.Build.0 = Debug|Any CPU
		{AA3E9AAE-CFAC-4A37-AE7B-69F75BB45572}.Release|Any CPU.ActiveCfg = Release|Any CPU
		{AA3E9AAE-CFAC-4A37-AE7B-69F75BB45572}.Release|Any CPU.Build.0 = Release|Any CPU
		{55ABEA14-9E5F-4713-ACBE-F40E7087199F}.Debug|Any CPU.ActiveCfg = Debug|Any CPU
		{55ABEA14-9E5F-4713-ACBE-F40E7087199F}.Debug|Any CPU.Build.0 = Debug|Any CPU
		{55ABEA14-9E5F-4713-ACBE-F40E7087199F}.Release|Any CPU.ActiveCfg = Release|Any CPU
		{55ABEA14-9E5F-4713-ACBE-F40E7087199F}.Release|Any CPU.Build.0 = Release|Any CPU
		{531AB7FD-C58D-41CA-B1FE-9025A7AB4661}.Debug|Any CPU.ActiveCfg = Debug|Any CPU
		{531AB7FD-C58D-41CA-B1FE-9025A7AB4661}.Debug|Any CPU.Build.0 = Debug|Any CPU
		{531AB7FD-C58D-41CA-B1FE-9025A7AB4661}.Release|Any CPU.ActiveCfg = Release|Any CPU
		{531AB7FD-C58D-41CA-B1FE-9025A7AB4661}.Release|Any CPU.Build.0 = Release|Any CPU
		{281A96D1-57F3-4B18-8917-43DA312C43FE}.Debug|Any CPU.ActiveCfg = Debug|Any CPU
		{281A96D1-57F3-4B18-8917-43DA312C43FE}.Debug|Any CPU.Build.0 = Debug|Any CPU
		{281A96D1-57F3-4B18-8917-43DA312C43FE}.Release|Any CPU.ActiveCfg = Release|Any CPU
		{281A96D1-57F3-4B18-8917-43DA312C43FE}.Release|Any CPU.Build.0 = Release|Any CPU
		{23E06334-A074-4B6F-82FE-2E0CFF6CE6FA}.Debug|Any CPU.ActiveCfg = Debug|Any CPU
		{23E06334-A074-4B6F-82FE-2E0CFF6CE6FA}.Debug|Any CPU.Build.0 = Debug|Any CPU
		{23E06334-A074-4B6F-82FE-2E0CFF6CE6FA}.Release|Any CPU.ActiveCfg = Release|Any CPU
		{23E06334-A074-4B6F-82FE-2E0CFF6CE6FA}.Release|Any CPU.Build.0 = Release|Any CPU
		{9F6625ED-C6D3-48F2-8E3C-6B115E816F26}.Debug|Any CPU.ActiveCfg = Debug|Any CPU
		{9F6625ED-C6D3-48F2-8E3C-6B115E816F26}.Debug|Any CPU.Build.0 = Debug|Any CPU
		{9F6625ED-C6D3-48F2-8E3C-6B115E816F26}.Release|Any CPU.ActiveCfg = Release|Any CPU
		{9F6625ED-C6D3-48F2-8E3C-6B115E816F26}.Release|Any CPU.Build.0 = Release|Any CPU
		{0B9597FA-C316-4289-95DE-A7F533986B7D}.Debug|Any CPU.ActiveCfg = Debug|Any CPU
		{0B9597FA-C316-4289-95DE-A7F533986B7D}.Debug|Any CPU.Build.0 = Debug|Any CPU
		{0B9597FA-C316-4289-95DE-A7F533986B7D}.Release|Any CPU.ActiveCfg = Release|Any CPU
		{0B9597FA-C316-4289-95DE-A7F533986B7D}.Release|Any CPU.Build.0 = Release|Any CPU
		{81ADBD20-BE7D-4412-AB78-A638CF0E5AE5}.Debug|Any CPU.ActiveCfg = Debug|Any CPU
		{81ADBD20-BE7D-4412-AB78-A638CF0E5AE5}.Debug|Any CPU.Build.0 = Debug|Any CPU
		{81ADBD20-BE7D-4412-AB78-A638CF0E5AE5}.Release|Any CPU.ActiveCfg = Release|Any CPU
		{81ADBD20-BE7D-4412-AB78-A638CF0E5AE5}.Release|Any CPU.Build.0 = Release|Any CPU
		{4CFD6728-1B7C-421D-AFFC-CD1E82445AE5}.Debug|Any CPU.ActiveCfg = Debug|Any CPU
		{4CFD6728-1B7C-421D-AFFC-CD1E82445AE5}.Debug|Any CPU.Build.0 = Debug|Any CPU
		{4CFD6728-1B7C-421D-AFFC-CD1E82445AE5}.Release|Any CPU.ActiveCfg = Release|Any CPU
		{4CFD6728-1B7C-421D-AFFC-CD1E82445AE5}.Release|Any CPU.Build.0 = Release|Any CPU
		{26EBB0F8-A0B4-4A79-89CA-A548A21813AE}.Debug|Any CPU.ActiveCfg = Debug|Any CPU
		{26EBB0F8-A0B4-4A79-89CA-A548A21813AE}.Debug|Any CPU.Build.0 = Debug|Any CPU
		{26EBB0F8-A0B4-4A79-89CA-A548A21813AE}.Release|Any CPU.ActiveCfg = Release|Any CPU
		{26EBB0F8-A0B4-4A79-89CA-A548A21813AE}.Release|Any CPU.Build.0 = Release|Any CPU
		{DD01A265-D10D-4CEA-9DD3-33DB971DFDF8}.Debug|Any CPU.ActiveCfg = Debug|Any CPU
		{DD01A265-D10D-4CEA-9DD3-33DB971DFDF8}.Debug|Any CPU.Build.0 = Debug|Any CPU
		{DD01A265-D10D-4CEA-9DD3-33DB971DFDF8}.Release|Any CPU.ActiveCfg = Release|Any CPU
		{DD01A265-D10D-4CEA-9DD3-33DB971DFDF8}.Release|Any CPU.Build.0 = Release|Any CPU
		{CAB5D1C9-805E-463F-8A03-B370D5FCF857}.Debug|Any CPU.ActiveCfg = Debug|Any CPU
		{CAB5D1C9-805E-463F-8A03-B370D5FCF857}.Debug|Any CPU.Build.0 = Debug|Any CPU
		{CAB5D1C9-805E-463F-8A03-B370D5FCF857}.Release|Any CPU.ActiveCfg = Release|Any CPU
		{CAB5D1C9-805E-463F-8A03-B370D5FCF857}.Release|Any CPU.Build.0 = Release|Any CPU
		{F1662F81-78B6-4DB1-A56B-F730D7A9132F}.Debug|Any CPU.ActiveCfg = Debug|Any CPU
		{F1662F81-78B6-4DB1-A56B-F730D7A9132F}.Debug|Any CPU.Build.0 = Debug|Any CPU
		{F1662F81-78B6-4DB1-A56B-F730D7A9132F}.Release|Any CPU.ActiveCfg = Release|Any CPU
		{F1662F81-78B6-4DB1-A56B-F730D7A9132F}.Release|Any CPU.Build.0 = Release|Any CPU
		{7CBFAA5D-64B3-4012-AB9A-CA304C9EF6B4}.Debug|Any CPU.ActiveCfg = Debug|Any CPU
		{7CBFAA5D-64B3-4012-AB9A-CA304C9EF6B4}.Debug|Any CPU.Build.0 = Debug|Any CPU
		{7CBFAA5D-64B3-4012-AB9A-CA304C9EF6B4}.Release|Any CPU.ActiveCfg = Release|Any CPU
		{7CBFAA5D-64B3-4012-AB9A-CA304C9EF6B4}.Release|Any CPU.Build.0 = Release|Any CPU
		{99D06497-15CE-42A3-91C6-25E5A517B0BE}.Debug|Any CPU.ActiveCfg = Debug|Any CPU
		{99D06497-15CE-42A3-91C6-25E5A517B0BE}.Debug|Any CPU.Build.0 = Debug|Any CPU
		{99D06497-15CE-42A3-91C6-25E5A517B0BE}.Release|Any CPU.ActiveCfg = Release|Any CPU
		{99D06497-15CE-42A3-91C6-25E5A517B0BE}.Release|Any CPU.Build.0 = Release|Any CPU
		{A0739A66-267A-4A78-9225-42E1C50D0DDB}.Debug|Any CPU.ActiveCfg = Debug|Any CPU
		{A0739A66-267A-4A78-9225-42E1C50D0DDB}.Debug|Any CPU.Build.0 = Debug|Any CPU
		{A0739A66-267A-4A78-9225-42E1C50D0DDB}.Release|Any CPU.ActiveCfg = Release|Any CPU
		{A0739A66-267A-4A78-9225-42E1C50D0DDB}.Release|Any CPU.Build.0 = Release|Any CPU
		{FDDB5C00-F4FE-4A57-A5C1-96E7EA8FAAB5}.Debug|Any CPU.ActiveCfg = Debug|Any CPU
		{FDDB5C00-F4FE-4A57-A5C1-96E7EA8FAAB5}.Debug|Any CPU.Build.0 = Debug|Any CPU
		{FDDB5C00-F4FE-4A57-A5C1-96E7EA8FAAB5}.Release|Any CPU.ActiveCfg = Release|Any CPU
		{FDDB5C00-F4FE-4A57-A5C1-96E7EA8FAAB5}.Release|Any CPU.Build.0 = Release|Any CPU
		{D80B4A36-84BD-4ECD-B172-8072A5C656AE}.Debug|Any CPU.ActiveCfg = Debug|Any CPU
		{D80B4A36-84BD-4ECD-B172-8072A5C656AE}.Debug|Any CPU.Build.0 = Debug|Any CPU
		{D80B4A36-84BD-4ECD-B172-8072A5C656AE}.Release|Any CPU.ActiveCfg = Release|Any CPU
		{D80B4A36-84BD-4ECD-B172-8072A5C656AE}.Release|Any CPU.Build.0 = Release|Any CPU
		{A9B47591-9532-4FF4-ADD9-81EBE2DE94F4}.Debug|Any CPU.ActiveCfg = Debug|Any CPU
		{A9B47591-9532-4FF4-ADD9-81EBE2DE94F4}.Debug|Any CPU.Build.0 = Debug|Any CPU
		{A9B47591-9532-4FF4-ADD9-81EBE2DE94F4}.Release|Any CPU.ActiveCfg = Release|Any CPU
		{A9B47591-9532-4FF4-ADD9-81EBE2DE94F4}.Release|Any CPU.Build.0 = Release|Any CPU
		{A198C1E7-A8BC-42B4-940A-773A1FAD7995}.Debug|Any CPU.ActiveCfg = Debug|Any CPU
		{A198C1E7-A8BC-42B4-940A-773A1FAD7995}.Debug|Any CPU.Build.0 = Debug|Any CPU
		{A198C1E7-A8BC-42B4-940A-773A1FAD7995}.Release|Any CPU.ActiveCfg = Release|Any CPU
		{A198C1E7-A8BC-42B4-940A-773A1FAD7995}.Release|Any CPU.Build.0 = Release|Any CPU
		{4C24B9B4-8827-4111-9A2A-6C5C67D33F48}.Debug|Any CPU.ActiveCfg = Debug|Any CPU
		{4C24B9B4-8827-4111-9A2A-6C5C67D33F48}.Debug|Any CPU.Build.0 = Debug|Any CPU
		{4C24B9B4-8827-4111-9A2A-6C5C67D33F48}.Release|Any CPU.ActiveCfg = Release|Any CPU
		{4C24B9B4-8827-4111-9A2A-6C5C67D33F48}.Release|Any CPU.Build.0 = Release|Any CPU
		{CD5E78B5-05B1-4150-8C1B-85DD1F16552A}.Debug|Any CPU.ActiveCfg = Debug|Any CPU
		{CD5E78B5-05B1-4150-8C1B-85DD1F16552A}.Debug|Any CPU.Build.0 = Debug|Any CPU
		{CD5E78B5-05B1-4150-8C1B-85DD1F16552A}.Release|Any CPU.ActiveCfg = Release|Any CPU
		{CD5E78B5-05B1-4150-8C1B-85DD1F16552A}.Release|Any CPU.Build.0 = Release|Any CPU
		{5726F130-7998-42F2-8035-B85F95FEE8D8}.Debug|Any CPU.ActiveCfg = Debug|Any CPU
		{5726F130-7998-42F2-8035-B85F95FEE8D8}.Debug|Any CPU.Build.0 = Debug|Any CPU
		{5726F130-7998-42F2-8035-B85F95FEE8D8}.Release|Any CPU.ActiveCfg = Release|Any CPU
		{5726F130-7998-42F2-8035-B85F95FEE8D8}.Release|Any CPU.Build.0 = Release|Any CPU
		{0C873081-58AC-40F2-A900-37EA978F1D15}.Debug|Any CPU.ActiveCfg = Debug|Any CPU
		{0C873081-58AC-40F2-A900-37EA978F1D15}.Debug|Any CPU.Build.0 = Debug|Any CPU
		{0C873081-58AC-40F2-A900-37EA978F1D15}.Release|Any CPU.ActiveCfg = Release|Any CPU
		{0C873081-58AC-40F2-A900-37EA978F1D15}.Release|Any CPU.Build.0 = Release|Any CPU
		{515CD805-8394-43C8-9136-F58AB3DD2109}.Debug|Any CPU.ActiveCfg = Debug|Any CPU
		{515CD805-8394-43C8-9136-F58AB3DD2109}.Debug|Any CPU.Build.0 = Debug|Any CPU
		{515CD805-8394-43C8-9136-F58AB3DD2109}.Release|Any CPU.ActiveCfg = Release|Any CPU
		{515CD805-8394-43C8-9136-F58AB3DD2109}.Release|Any CPU.Build.0 = Release|Any CPU
		{55020D7B-3F43-4B57-973E-C884CC308EE1}.Debug|Any CPU.ActiveCfg = Debug|Any CPU
		{55020D7B-3F43-4B57-973E-C884CC308EE1}.Debug|Any CPU.Build.0 = Debug|Any CPU
		{55020D7B-3F43-4B57-973E-C884CC308EE1}.Release|Any CPU.ActiveCfg = Release|Any CPU
		{55020D7B-3F43-4B57-973E-C884CC308EE1}.Release|Any CPU.Build.0 = Release|Any CPU
		{AA8152CE-0E13-47FE-9B3D-1F7196F57DD7}.Debug|Any CPU.ActiveCfg = Debug|Any CPU
		{AA8152CE-0E13-47FE-9B3D-1F7196F57DD7}.Debug|Any CPU.Build.0 = Debug|Any CPU
		{AA8152CE-0E13-47FE-9B3D-1F7196F57DD7}.Release|Any CPU.ActiveCfg = Release|Any CPU
		{AA8152CE-0E13-47FE-9B3D-1F7196F57DD7}.Release|Any CPU.Build.0 = Release|Any CPU
		{32C16A49-57BB-45EB-BFEF-5E048E565265}.Debug|Any CPU.ActiveCfg = Debug|Any CPU
		{32C16A49-57BB-45EB-BFEF-5E048E565265}.Debug|Any CPU.Build.0 = Debug|Any CPU
		{32C16A49-57BB-45EB-BFEF-5E048E565265}.Release|Any CPU.ActiveCfg = Release|Any CPU
		{32C16A49-57BB-45EB-BFEF-5E048E565265}.Release|Any CPU.Build.0 = Release|Any CPU
		{67BF93E4-8877-4689-AA7D-416839D9285A}.Debug|Any CPU.ActiveCfg = Debug|Any CPU
		{67BF93E4-8877-4689-AA7D-416839D9285A}.Debug|Any CPU.Build.0 = Debug|Any CPU
		{67BF93E4-8877-4689-AA7D-416839D9285A}.Release|Any CPU.ActiveCfg = Release|Any CPU
		{67BF93E4-8877-4689-AA7D-416839D9285A}.Release|Any CPU.Build.0 = Release|Any CPU
		{432297AC-C624-435C-8659-06C3CD63D931}.Debug|Any CPU.ActiveCfg = Debug|Any CPU
		{432297AC-C624-435C-8659-06C3CD63D931}.Debug|Any CPU.Build.0 = Debug|Any CPU
		{432297AC-C624-435C-8659-06C3CD63D931}.Release|Any CPU.ActiveCfg = Release|Any CPU
		{432297AC-C624-435C-8659-06C3CD63D931}.Release|Any CPU.Build.0 = Release|Any CPU
		{2A11CD3B-22F9-45F8-AA87-E6430635C96B}.Debug|Any CPU.ActiveCfg = Debug|Any CPU
		{2A11CD3B-22F9-45F8-AA87-E6430635C96B}.Debug|Any CPU.Build.0 = Debug|Any CPU
		{2A11CD3B-22F9-45F8-AA87-E6430635C96B}.Release|Any CPU.ActiveCfg = Release|Any CPU
		{2A11CD3B-22F9-45F8-AA87-E6430635C96B}.Release|Any CPU.Build.0 = Release|Any CPU
		{4FAFA039-21D0-4DF1-8C9B-E0D4C9900694}.Debug|Any CPU.ActiveCfg = Debug|Any CPU
		{4FAFA039-21D0-4DF1-8C9B-E0D4C9900694}.Debug|Any CPU.Build.0 = Debug|Any CPU
		{4FAFA039-21D0-4DF1-8C9B-E0D4C9900694}.Release|Any CPU.ActiveCfg = Release|Any CPU
		{4FAFA039-21D0-4DF1-8C9B-E0D4C9900694}.Release|Any CPU.Build.0 = Release|Any CPU
		{2B13E6F2-3F64-4C0C-AD01-DFE8DB3597F8}.Debug|Any CPU.ActiveCfg = Debug|Any CPU
		{2B13E6F2-3F64-4C0C-AD01-DFE8DB3597F8}.Debug|Any CPU.Build.0 = Debug|Any CPU
		{2B13E6F2-3F64-4C0C-AD01-DFE8DB3597F8}.Release|Any CPU.ActiveCfg = Release|Any CPU
		{2B13E6F2-3F64-4C0C-AD01-DFE8DB3597F8}.Release|Any CPU.Build.0 = Release|Any CPU
		{C47AF43D-5976-4107-828E-EEBA718B9939}.Debug|Any CPU.ActiveCfg = Debug|Any CPU
		{C47AF43D-5976-4107-828E-EEBA718B9939}.Debug|Any CPU.Build.0 = Debug|Any CPU
		{C47AF43D-5976-4107-828E-EEBA718B9939}.Release|Any CPU.ActiveCfg = Release|Any CPU
		{C47AF43D-5976-4107-828E-EEBA718B9939}.Release|Any CPU.Build.0 = Release|Any CPU
		{10389597-BB9D-4F05-804E-E5DA8B59AE9F}.Debug|Any CPU.ActiveCfg = Debug|Any CPU
		{10389597-BB9D-4F05-804E-E5DA8B59AE9F}.Debug|Any CPU.Build.0 = Debug|Any CPU
		{10389597-BB9D-4F05-804E-E5DA8B59AE9F}.Release|Any CPU.ActiveCfg = Release|Any CPU
		{10389597-BB9D-4F05-804E-E5DA8B59AE9F}.Release|Any CPU.Build.0 = Release|Any CPU
		{36EC3E2C-E4B2-40C1-B0FF-5126749AADD8}.Debug|Any CPU.ActiveCfg = Debug|Any CPU
		{36EC3E2C-E4B2-40C1-B0FF-5126749AADD8}.Debug|Any CPU.Build.0 = Debug|Any CPU
		{36EC3E2C-E4B2-40C1-B0FF-5126749AADD8}.Release|Any CPU.ActiveCfg = Release|Any CPU
		{36EC3E2C-E4B2-40C1-B0FF-5126749AADD8}.Release|Any CPU.Build.0 = Release|Any CPU
		{E90E9C59-D583-4373-87B9-1038A4D1AAA4}.Debug|Any CPU.ActiveCfg = Debug|Any CPU
		{E90E9C59-D583-4373-87B9-1038A4D1AAA4}.Debug|Any CPU.Build.0 = Debug|Any CPU
		{E90E9C59-D583-4373-87B9-1038A4D1AAA4}.Release|Any CPU.ActiveCfg = Release|Any CPU
		{E90E9C59-D583-4373-87B9-1038A4D1AAA4}.Release|Any CPU.Build.0 = Release|Any CPU
		{E0068BFB-B391-4CF1-B0F0-8F3531421379}.Debug|Any CPU.ActiveCfg = Debug|Any CPU
		{E0068BFB-B391-4CF1-B0F0-8F3531421379}.Debug|Any CPU.Build.0 = Debug|Any CPU
		{E0068BFB-B391-4CF1-B0F0-8F3531421379}.Release|Any CPU.ActiveCfg = Release|Any CPU
		{E0068BFB-B391-4CF1-B0F0-8F3531421379}.Release|Any CPU.Build.0 = Release|Any CPU
		{878DCD92-EE31-49A8-907D-C35AFCA6976E}.Debug|Any CPU.ActiveCfg = Debug|Any CPU
		{878DCD92-EE31-49A8-907D-C35AFCA6976E}.Debug|Any CPU.Build.0 = Debug|Any CPU
		{878DCD92-EE31-49A8-907D-C35AFCA6976E}.Release|Any CPU.ActiveCfg = Release|Any CPU
		{878DCD92-EE31-49A8-907D-C35AFCA6976E}.Release|Any CPU.Build.0 = Release|Any CPU
		{60E8938C-ECDA-48BC-A763-EDBB4AC8CD9A}.Debug|Any CPU.ActiveCfg = Debug|Any CPU
		{60E8938C-ECDA-48BC-A763-EDBB4AC8CD9A}.Debug|Any CPU.Build.0 = Debug|Any CPU
		{60E8938C-ECDA-48BC-A763-EDBB4AC8CD9A}.Release|Any CPU.ActiveCfg = Release|Any CPU
		{60E8938C-ECDA-48BC-A763-EDBB4AC8CD9A}.Release|Any CPU.Build.0 = Release|Any CPU
		{06EA2B79-25B2-4438-A9E5-2C1090E0F3DE}.Debug|Any CPU.ActiveCfg = Debug|Any CPU
		{06EA2B79-25B2-4438-A9E5-2C1090E0F3DE}.Debug|Any CPU.Build.0 = Debug|Any CPU
		{06EA2B79-25B2-4438-A9E5-2C1090E0F3DE}.Release|Any CPU.ActiveCfg = Release|Any CPU
		{06EA2B79-25B2-4438-A9E5-2C1090E0F3DE}.Release|Any CPU.Build.0 = Release|Any CPU
		{3B370A7D-E359-4A8D-BEED-92078C8AAA92}.Debug|Any CPU.ActiveCfg = Debug|Any CPU
		{3B370A7D-E359-4A8D-BEED-92078C8AAA92}.Debug|Any CPU.Build.0 = Debug|Any CPU
		{3B370A7D-E359-4A8D-BEED-92078C8AAA92}.Release|Any CPU.ActiveCfg = Release|Any CPU
		{3B370A7D-E359-4A8D-BEED-92078C8AAA92}.Release|Any CPU.Build.0 = Release|Any CPU
		{EEE393AD-6311-48EC-8103-420159D624A6}.Debug|Any CPU.ActiveCfg = Debug|Any CPU
		{EEE393AD-6311-48EC-8103-420159D624A6}.Debug|Any CPU.Build.0 = Debug|Any CPU
		{EEE393AD-6311-48EC-8103-420159D624A6}.Release|Any CPU.ActiveCfg = Release|Any CPU
		{EEE393AD-6311-48EC-8103-420159D624A6}.Release|Any CPU.Build.0 = Release|Any CPU
		{81C097E1-2208-429D-99F8-BDB7D1A7CF83}.Debug|Any CPU.ActiveCfg = Debug|Any CPU
		{81C097E1-2208-429D-99F8-BDB7D1A7CF83}.Debug|Any CPU.Build.0 = Debug|Any CPU
		{81C097E1-2208-429D-99F8-BDB7D1A7CF83}.Release|Any CPU.ActiveCfg = Release|Any CPU
		{81C097E1-2208-429D-99F8-BDB7D1A7CF83}.Release|Any CPU.Build.0 = Release|Any CPU
		{CE396BF0-D8B9-4F8B-9E40-6754CF906489}.Debug|Any CPU.ActiveCfg = Debug|Any CPU
		{CE396BF0-D8B9-4F8B-9E40-6754CF906489}.Debug|Any CPU.Build.0 = Debug|Any CPU
		{CE396BF0-D8B9-4F8B-9E40-6754CF906489}.Release|Any CPU.ActiveCfg = Release|Any CPU
		{CE396BF0-D8B9-4F8B-9E40-6754CF906489}.Release|Any CPU.Build.0 = Release|Any CPU
		{A824890F-44B4-4710-B1E2-9D083BED8786}.Debug|Any CPU.ActiveCfg = Debug|Any CPU
		{A824890F-44B4-4710-B1E2-9D083BED8786}.Debug|Any CPU.Build.0 = Debug|Any CPU
		{A824890F-44B4-4710-B1E2-9D083BED8786}.Release|Any CPU.ActiveCfg = Release|Any CPU
		{A824890F-44B4-4710-B1E2-9D083BED8786}.Release|Any CPU.Build.0 = Release|Any CPU
		{23AE61C7-D742-405E-BCAB-9B96D92C2FB3}.Debug|Any CPU.ActiveCfg = Debug|Any CPU
		{23AE61C7-D742-405E-BCAB-9B96D92C2FB3}.Debug|Any CPU.Build.0 = Debug|Any CPU
		{23AE61C7-D742-405E-BCAB-9B96D92C2FB3}.Release|Any CPU.ActiveCfg = Release|Any CPU
		{23AE61C7-D742-405E-BCAB-9B96D92C2FB3}.Release|Any CPU.Build.0 = Release|Any CPU
		{1047F13F-C3EA-4A9F-AB09-765AFF43E023}.Debug|Any CPU.ActiveCfg = Debug|Any CPU
		{1047F13F-C3EA-4A9F-AB09-765AFF43E023}.Debug|Any CPU.Build.0 = Debug|Any CPU
		{1047F13F-C3EA-4A9F-AB09-765AFF43E023}.Release|Any CPU.ActiveCfg = Release|Any CPU
		{1047F13F-C3EA-4A9F-AB09-765AFF43E023}.Release|Any CPU.Build.0 = Release|Any CPU
		{84F8E2C9-697E-427C-A5A0-96650C4B0BA0}.Debug|Any CPU.ActiveCfg = Debug|Any CPU
		{84F8E2C9-697E-427C-A5A0-96650C4B0BA0}.Debug|Any CPU.Build.0 = Debug|Any CPU
		{84F8E2C9-697E-427C-A5A0-96650C4B0BA0}.Release|Any CPU.ActiveCfg = Release|Any CPU
		{84F8E2C9-697E-427C-A5A0-96650C4B0BA0}.Release|Any CPU.Build.0 = Release|Any CPU
		{8A3E1038-0209-473F-845A-F0047E4DAA31}.Debug|Any CPU.ActiveCfg = Debug|Any CPU
		{8A3E1038-0209-473F-845A-F0047E4DAA31}.Debug|Any CPU.Build.0 = Debug|Any CPU
		{8A3E1038-0209-473F-845A-F0047E4DAA31}.Release|Any CPU.ActiveCfg = Release|Any CPU
		{8A3E1038-0209-473F-845A-F0047E4DAA31}.Release|Any CPU.Build.0 = Release|Any CPU
		{44F83D3C-BA3F-4403-A23F-C2BA457016EB}.Debug|Any CPU.ActiveCfg = Debug|Any CPU
		{44F83D3C-BA3F-4403-A23F-C2BA457016EB}.Debug|Any CPU.Build.0 = Debug|Any CPU
		{44F83D3C-BA3F-4403-A23F-C2BA457016EB}.Release|Any CPU.ActiveCfg = Release|Any CPU
		{44F83D3C-BA3F-4403-A23F-C2BA457016EB}.Release|Any CPU.Build.0 = Release|Any CPU
		{1159B5A6-E68E-4C88-B5BB-A592EC85D4DD}.Debug|Any CPU.ActiveCfg = Debug|Any CPU
		{1159B5A6-E68E-4C88-B5BB-A592EC85D4DD}.Debug|Any CPU.Build.0 = Debug|Any CPU
		{1159B5A6-E68E-4C88-B5BB-A592EC85D4DD}.Release|Any CPU.ActiveCfg = Release|Any CPU
		{1159B5A6-E68E-4C88-B5BB-A592EC85D4DD}.Release|Any CPU.Build.0 = Release|Any CPU
		{4FD3A10C-CEC2-4965-89E8-1DA9ADC193C9}.Debug|Any CPU.ActiveCfg = Debug|Any CPU
		{4FD3A10C-CEC2-4965-89E8-1DA9ADC193C9}.Debug|Any CPU.Build.0 = Debug|Any CPU
		{4FD3A10C-CEC2-4965-89E8-1DA9ADC193C9}.Release|Any CPU.ActiveCfg = Release|Any CPU
		{4FD3A10C-CEC2-4965-89E8-1DA9ADC193C9}.Release|Any CPU.Build.0 = Release|Any CPU
		{9B3C0CBE-9B1B-4EFE-81D0-265ECE90ABFF}.Debug|Any CPU.ActiveCfg = Debug|Any CPU
		{9B3C0CBE-9B1B-4EFE-81D0-265ECE90ABFF}.Debug|Any CPU.Build.0 = Debug|Any CPU
		{9B3C0CBE-9B1B-4EFE-81D0-265ECE90ABFF}.Release|Any CPU.ActiveCfg = Release|Any CPU
		{9B3C0CBE-9B1B-4EFE-81D0-265ECE90ABFF}.Release|Any CPU.Build.0 = Release|Any CPU
		{EBCE1031-866E-415D-B5E4-DF4466A40A23}.Debug|Any CPU.ActiveCfg = Debug|Any CPU
		{EBCE1031-866E-415D-B5E4-DF4466A40A23}.Debug|Any CPU.Build.0 = Debug|Any CPU
		{EBCE1031-866E-415D-B5E4-DF4466A40A23}.Release|Any CPU.ActiveCfg = Release|Any CPU
		{EBCE1031-866E-415D-B5E4-DF4466A40A23}.Release|Any CPU.Build.0 = Release|Any CPU
		{91726A6D-D543-4FC8-B4AC-C5E601F597D7}.Debug|Any CPU.ActiveCfg = Debug|Any CPU
		{91726A6D-D543-4FC8-B4AC-C5E601F597D7}.Debug|Any CPU.Build.0 = Debug|Any CPU
		{91726A6D-D543-4FC8-B4AC-C5E601F597D7}.Release|Any CPU.ActiveCfg = Release|Any CPU
		{91726A6D-D543-4FC8-B4AC-C5E601F597D7}.Release|Any CPU.Build.0 = Release|Any CPU
		{8C9CB758-1057-40FF-B111-0B06BB4F3775}.Debug|Any CPU.ActiveCfg = Debug|Any CPU
		{8C9CB758-1057-40FF-B111-0B06BB4F3775}.Debug|Any CPU.Build.0 = Debug|Any CPU
		{8C9CB758-1057-40FF-B111-0B06BB4F3775}.Release|Any CPU.ActiveCfg = Release|Any CPU
		{8C9CB758-1057-40FF-B111-0B06BB4F3775}.Release|Any CPU.Build.0 = Release|Any CPU
		{5DE36141-A39D-4979-B5AB-686317BB53F3}.Debug|Any CPU.ActiveCfg = Debug|Any CPU
		{5DE36141-A39D-4979-B5AB-686317BB53F3}.Debug|Any CPU.Build.0 = Debug|Any CPU
		{5DE36141-A39D-4979-B5AB-686317BB53F3}.Release|Any CPU.ActiveCfg = Release|Any CPU
		{5DE36141-A39D-4979-B5AB-686317BB53F3}.Release|Any CPU.Build.0 = Release|Any CPU
		{57CE81D5-1C0C-4CB6-86BE-21DF4E72A4F4}.Debug|Any CPU.ActiveCfg = Debug|Any CPU
		{57CE81D5-1C0C-4CB6-86BE-21DF4E72A4F4}.Debug|Any CPU.Build.0 = Debug|Any CPU
		{57CE81D5-1C0C-4CB6-86BE-21DF4E72A4F4}.Release|Any CPU.ActiveCfg = Release|Any CPU
		{57CE81D5-1C0C-4CB6-86BE-21DF4E72A4F4}.Release|Any CPU.Build.0 = Release|Any CPU
		{D2DA8B6D-AAC7-475B-ACE3-C630BEF2AC93}.Debug|Any CPU.ActiveCfg = Debug|Any CPU
		{D2DA8B6D-AAC7-475B-ACE3-C630BEF2AC93}.Debug|Any CPU.Build.0 = Debug|Any CPU
		{D2DA8B6D-AAC7-475B-ACE3-C630BEF2AC93}.Release|Any CPU.ActiveCfg = Release|Any CPU
		{D2DA8B6D-AAC7-475B-ACE3-C630BEF2AC93}.Release|Any CPU.Build.0 = Release|Any CPU
		{A4EC14DB-A305-4D31-92FB-3CC3378272FD}.Debug|Any CPU.ActiveCfg = Debug|Any CPU
		{A4EC14DB-A305-4D31-92FB-3CC3378272FD}.Debug|Any CPU.Build.0 = Debug|Any CPU
		{A4EC14DB-A305-4D31-92FB-3CC3378272FD}.Release|Any CPU.ActiveCfg = Release|Any CPU
		{A4EC14DB-A305-4D31-92FB-3CC3378272FD}.Release|Any CPU.Build.0 = Release|Any CPU
		{71BBEA06-354B-48C2-A58E-5101C7823FCF}.Debug|Any CPU.ActiveCfg = Debug|Any CPU
		{71BBEA06-354B-48C2-A58E-5101C7823FCF}.Debug|Any CPU.Build.0 = Debug|Any CPU
		{71BBEA06-354B-48C2-A58E-5101C7823FCF}.Release|Any CPU.ActiveCfg = Release|Any CPU
		{71BBEA06-354B-48C2-A58E-5101C7823FCF}.Release|Any CPU.Build.0 = Release|Any CPU
		{328E59F1-E619-46D2-9EFB-CB19A201D7F3}.Debug|Any CPU.ActiveCfg = Debug|Any CPU
		{328E59F1-E619-46D2-9EFB-CB19A201D7F3}.Debug|Any CPU.Build.0 = Debug|Any CPU
		{328E59F1-E619-46D2-9EFB-CB19A201D7F3}.Release|Any CPU.ActiveCfg = Release|Any CPU
		{328E59F1-E619-46D2-9EFB-CB19A201D7F3}.Release|Any CPU.Build.0 = Release|Any CPU
		{6B8E4A61-E4E5-4080-8FB6-51C53FFF7A64}.Debug|Any CPU.ActiveCfg = Debug|Any CPU
		{6B8E4A61-E4E5-4080-8FB6-51C53FFF7A64}.Debug|Any CPU.Build.0 = Debug|Any CPU
		{6B8E4A61-E4E5-4080-8FB6-51C53FFF7A64}.Release|Any CPU.ActiveCfg = Release|Any CPU
		{6B8E4A61-E4E5-4080-8FB6-51C53FFF7A64}.Release|Any CPU.Build.0 = Release|Any CPU
		{C77687D1-52F0-4FC6-9F6B-9BA922078969}.Debug|Any CPU.ActiveCfg = Debug|Any CPU
		{C77687D1-52F0-4FC6-9F6B-9BA922078969}.Debug|Any CPU.Build.0 = Debug|Any CPU
		{C77687D1-52F0-4FC6-9F6B-9BA922078969}.Release|Any CPU.ActiveCfg = Release|Any CPU
		{C77687D1-52F0-4FC6-9F6B-9BA922078969}.Release|Any CPU.Build.0 = Release|Any CPU
		{D8D31F36-5F3E-4B75-9B1F-54E64B0E971B}.Debug|Any CPU.ActiveCfg = Debug|Any CPU
		{D8D31F36-5F3E-4B75-9B1F-54E64B0E971B}.Debug|Any CPU.Build.0 = Debug|Any CPU
		{D8D31F36-5F3E-4B75-9B1F-54E64B0E971B}.Release|Any CPU.ActiveCfg = Release|Any CPU
		{D8D31F36-5F3E-4B75-9B1F-54E64B0E971B}.Release|Any CPU.Build.0 = Release|Any CPU
		{246787B2-C717-4664-81B9-DCA8397306D7}.Debug|Any CPU.ActiveCfg = Debug|Any CPU
		{246787B2-C717-4664-81B9-DCA8397306D7}.Debug|Any CPU.Build.0 = Debug|Any CPU
		{246787B2-C717-4664-81B9-DCA8397306D7}.Release|Any CPU.ActiveCfg = Release|Any CPU
		{246787B2-C717-4664-81B9-DCA8397306D7}.Release|Any CPU.Build.0 = Release|Any CPU
		{18E1F082-F26F-431D-B237-950F9295DDB3}.Debug|Any CPU.ActiveCfg = Debug|Any CPU
		{18E1F082-F26F-431D-B237-950F9295DDB3}.Debug|Any CPU.Build.0 = Debug|Any CPU
		{18E1F082-F26F-431D-B237-950F9295DDB3}.Release|Any CPU.ActiveCfg = Release|Any CPU
		{18E1F082-F26F-431D-B237-950F9295DDB3}.Release|Any CPU.Build.0 = Release|Any CPU
		{8D96252F-207B-4759-B451-643D97F44D9E}.Debug|Any CPU.ActiveCfg = Debug|Any CPU
		{8D96252F-207B-4759-B451-643D97F44D9E}.Debug|Any CPU.Build.0 = Debug|Any CPU
		{8D96252F-207B-4759-B451-643D97F44D9E}.Release|Any CPU.ActiveCfg = Release|Any CPU
		{8D96252F-207B-4759-B451-643D97F44D9E}.Release|Any CPU.Build.0 = Release|Any CPU
		{7087F16C-B650-423B-A801-CEFD0B4537CE}.Debug|Any CPU.ActiveCfg = Debug|Any CPU
		{7087F16C-B650-423B-A801-CEFD0B4537CE}.Debug|Any CPU.Build.0 = Debug|Any CPU
		{7087F16C-B650-423B-A801-CEFD0B4537CE}.Release|Any CPU.ActiveCfg = Release|Any CPU
		{7087F16C-B650-423B-A801-CEFD0B4537CE}.Release|Any CPU.Build.0 = Release|Any CPU
		{15AB9B46-5CCE-43D9-8401-058214B50603}.Debug|Any CPU.ActiveCfg = Debug|Any CPU
		{15AB9B46-5CCE-43D9-8401-058214B50603}.Debug|Any CPU.Build.0 = Debug|Any CPU
		{15AB9B46-5CCE-43D9-8401-058214B50603}.Release|Any CPU.ActiveCfg = Release|Any CPU
		{15AB9B46-5CCE-43D9-8401-058214B50603}.Release|Any CPU.Build.0 = Release|Any CPU
		{66D3AAF7-BD6D-4C87-B1AE-A50C34E7A66D}.Debug|Any CPU.ActiveCfg = Debug|Any CPU
		{66D3AAF7-BD6D-4C87-B1AE-A50C34E7A66D}.Debug|Any CPU.Build.0 = Debug|Any CPU
		{66D3AAF7-BD6D-4C87-B1AE-A50C34E7A66D}.Release|Any CPU.ActiveCfg = Release|Any CPU
		{66D3AAF7-BD6D-4C87-B1AE-A50C34E7A66D}.Release|Any CPU.Build.0 = Release|Any CPU
		{493D7271-4881-4240-8147-7C6CD92A167D}.Debug|Any CPU.ActiveCfg = Debug|Any CPU
		{493D7271-4881-4240-8147-7C6CD92A167D}.Debug|Any CPU.Build.0 = Debug|Any CPU
		{493D7271-4881-4240-8147-7C6CD92A167D}.Release|Any CPU.ActiveCfg = Release|Any CPU
		{493D7271-4881-4240-8147-7C6CD92A167D}.Release|Any CPU.Build.0 = Release|Any CPU
	EndGlobalSection
	GlobalSection(SolutionProperties) = preSolution
		HideSolutionNode = FALSE
	EndGlobalSection
	GlobalSection(ExtensibilityGlobals) = postSolution
		SolutionGuid = {8CEA02FC-C3B8-40C1-9DA3-121812DD4176}
	EndGlobalSection
EndGlobal
